// !$*UTF8*$!
{
	archiveVersion = 1;
	classes = {
	};
	objectVersion = 45;
	objects = {

/* Begin PBXBuildFile section */
		3522371E12DB219C007DDF2A /* NBCell.h in Headers */ = {isa = PBXBuildFile; fileRef = 3522370D12DB219C007DDF2A /* NBCell.h */; settings = {ATTRIBUTES = (Public, ); }; };
		3522371F12DB219C007DDF2A /* NBCell.m in Sources */ = {isa = PBXBuildFile; fileRef = 3522370E12DB219C007DDF2A /* NBCell.m */; };
		3522372012DB219C007DDF2A /* NBEngine.h in Headers */ = {isa = PBXBuildFile; fileRef = 3522370F12DB219C007DDF2A /* NBEngine.h */; settings = {ATTRIBUTES = (Public, ); }; };
		3522372112DB219C007DDF2A /* NBEngine.m in Sources */ = {isa = PBXBuildFile; fileRef = 3522371012DB219C007DDF2A /* NBEngine.m */; };
		3522372212DB219C007DDF2A /* NBEngineBackend.h in Headers */ = {isa = PBXBuildFile; fileRef = 3522371112DB219C007DDF2A /* NBEngineBackend.h */; settings = {ATTRIBUTES = (Public, ); }; };
		3522372312DB219C007DDF2A /* NBEngineBackend.m in Sources */ = {isa = PBXBuildFile; fileRef = 3522371212DB219C007DDF2A /* NBEngineBackend.m */; };
		3522372412DB219C007DDF2A /* NBEngineBackendProtocol.h in Headers */ = {isa = PBXBuildFile; fileRef = 3522371312DB219C007DDF2A /* NBEngineBackendProtocol.h */; settings = {ATTRIBUTES = (Public, ); }; };
		3522372512DB219C007DDF2A /* NBEngineEncoder.h in Headers */ = {isa = PBXBuildFile; fileRef = 3522371412DB219C007DDF2A /* NBEngineEncoder.h */; settings = {ATTRIBUTES = (Public, ); }; };
		3522372612DB219C007DDF2A /* NBEngineEncoder.m in Sources */ = {isa = PBXBuildFile; fileRef = 3522371512DB219C007DDF2A /* NBEngineEncoder.m */; };
		3522372712DB219C007DDF2A /* NBEngineHighlighter.h in Headers */ = {isa = PBXBuildFile; fileRef = 3522371612DB219C007DDF2A /* NBEngineHighlighter.h */; settings = {ATTRIBUTES = (Public, ); }; };
		3522372812DB219C007DDF2A /* NBEngineHighlighter.m in Sources */ = {isa = PBXBuildFile; fileRef = 3522371712DB219C007DDF2A /* NBEngineHighlighter.m */; };
		3522372912DB219C007DDF2A /* NBEngineLoader.h in Headers */ = {isa = PBXBuildFile; fileRef = 3522371812DB219C007DDF2A /* NBEngineLoader.h */; settings = {ATTRIBUTES = (Public, ); }; };
		3522372A12DB219C007DDF2A /* NBEngineLoader.m in Sources */ = {isa = PBXBuildFile; fileRef = 3522371912DB219C007DDF2A /* NBEngineLoader.m */; };
		3522372B12DB219C007DDF2A /* NBNotebook.h in Headers */ = {isa = PBXBuildFile; fileRef = 3522371A12DB219C007DDF2A /* NBNotebook.h */; settings = {ATTRIBUTES = (Public, ); }; };
		3522372C12DB219C007DDF2A /* NBNotebook.m in Sources */ = {isa = PBXBuildFile; fileRef = 3522371B12DB219C007DDF2A /* NBNotebook.m */; };
		3522372D12DB219C007DDF2A /* NBProcessWatchdog.h in Headers */ = {isa = PBXBuildFile; fileRef = 3522371C12DB219C007DDF2A /* NBProcessWatchdog.h */; settings = {ATTRIBUTES = (Public, ); }; };
		3522372E12DB219C007DDF2A /* NBProcessWatchdog.m in Sources */ = {isa = PBXBuildFile; fileRef = 3522371D12DB219C007DDF2A /* NBProcessWatchdog.m */; };
		3522373B12DB21F4007DDF2A /* RegexKit.framework in Frameworks */ = {isa = PBXBuildFile; fileRef = 3522373A12DB21F4007DDF2A /* RegexKit.framework */; };
		3522375612DB222C007DDF2A /* NBNotebookDelegate.h in Headers */ = {isa = PBXBuildFile; fileRef = 3522375512DB222C007DDF2A /* NBNotebookDelegate.h */; settings = {ATTRIBUTES = (Public, ); }; };
		3522379B12DB228D007DDF2A /* Quartz.framework in Frameworks */ = {isa = PBXBuildFile; fileRef = 3522379A12DB228D007DDF2A /* Quartz.framework */; };
		356CBB3012DB25FA00E07E46 /* NBCore.h in Headers */ = {isa = PBXBuildFile; fileRef = 356CBB2F12DB25FA00E07E46 /* NBCore.h */; settings = {ATTRIBUTES = (Public, ); }; };
		8DC2EF570486A6940098B216 /* Cocoa.framework in Frameworks */ = {isa = PBXBuildFile; fileRef = 1058C7B1FEA5585E11CA2CBB /* Cocoa.framework */; };
/* End PBXBuildFile section */

/* Begin PBXFileReference section */
		0867D69BFE84028FC02AAC07 /* Foundation.framework */ = {isa = PBXFileReference; lastKnownFileType = wrapper.framework; name = Foundation.framework; path = /System/Library/Frameworks/Foundation.framework; sourceTree = "<absolute>"; };
		0867D6A5FE840307C02AAC07 /* AppKit.framework */ = {isa = PBXFileReference; lastKnownFileType = wrapper.framework; name = AppKit.framework; path = /System/Library/Frameworks/AppKit.framework; sourceTree = "<absolute>"; };
		1058C7B1FEA5585E11CA2CBB /* Cocoa.framework */ = {isa = PBXFileReference; lastKnownFileType = wrapper.framework; name = Cocoa.framework; path = /System/Library/Frameworks/Cocoa.framework; sourceTree = "<absolute>"; };
		3522370B12DB2196007DDF2A /* Info.plist */ = {isa = PBXFileReference; fileEncoding = 4; lastKnownFileType = text.plist.xml; name = Info.plist; path = Core/Info.plist; sourceTree = "<group>"; };
		3522370D12DB219C007DDF2A /* NBCell.h */ = {isa = PBXFileReference; fileEncoding = 4; lastKnownFileType = sourcecode.c.h; name = NBCell.h; path = Core/NBCell.h; sourceTree = "<group>"; };
		3522370E12DB219C007DDF2A /* NBCell.m */ = {isa = PBXFileReference; fileEncoding = 4; lastKnownFileType = sourcecode.c.objc; name = NBCell.m; path = Core/NBCell.m; sourceTree = "<group>"; };
		3522370F12DB219C007DDF2A /* NBEngine.h */ = {isa = PBXFileReference; fileEncoding = 4; lastKnownFileType = sourcecode.c.h; name = NBEngine.h; path = Core/NBEngine.h; sourceTree = "<group>"; };
		3522371012DB219C007DDF2A /* NBEngine.m */ = {isa = PBXFileReference; fileEncoding = 4; lastKnownFileType = sourcecode.c.objc; name = NBEngine.m; path = Core/NBEngine.m; sourceTree = "<group>"; };
		3522371112DB219C007DDF2A /* NBEngineBackend.h */ = {isa = PBXFileReference; fileEncoding = 4; lastKnownFileType = sourcecode.c.h; name = NBEngineBackend.h; path = Core/NBEngineBackend.h; sourceTree = "<group>"; };
		3522371212DB219C007DDF2A /* NBEngineBackend.m */ = {isa = PBXFileReference; fileEncoding = 4; lastKnownFileType = sourcecode.c.objc; name = NBEngineBackend.m; path = Core/NBEngineBackend.m; sourceTree = "<group>"; };
		3522371312DB219C007DDF2A /* NBEngineBackendProtocol.h */ = {isa = PBXFileReference; fileEncoding = 4; lastKnownFileType = sourcecode.c.h; name = NBEngineBackendProtocol.h; path = Core/NBEngineBackendProtocol.h; sourceTree = "<group>"; };
		3522371412DB219C007DDF2A /* NBEngineEncoder.h */ = {isa = PBXFileReference; fileEncoding = 4; lastKnownFileType = sourcecode.c.h; name = NBEngineEncoder.h; path = Core/NBEngineEncoder.h; sourceTree = "<group>"; };
		3522371512DB219C007DDF2A /* NBEngineEncoder.m */ = {isa = PBXFileReference; fileEncoding = 4; lastKnownFileType = sourcecode.c.objc; name = NBEngineEncoder.m; path = Core/NBEngineEncoder.m; sourceTree = "<group>"; };
		3522371612DB219C007DDF2A /* NBEngineHighlighter.h */ = {isa = PBXFileReference; fileEncoding = 4; lastKnownFileType = sourcecode.c.h; name = NBEngineHighlighter.h; path = Core/NBEngineHighlighter.h; sourceTree = "<group>"; };
		3522371712DB219C007DDF2A /* NBEngineHighlighter.m */ = {isa = PBXFileReference; fileEncoding = 4; lastKnownFileType = sourcecode.c.objc; name = NBEngineHighlighter.m; path = Core/NBEngineHighlighter.m; sourceTree = "<group>"; };
		3522371812DB219C007DDF2A /* NBEngineLoader.h */ = {isa = PBXFileReference; fileEncoding = 4; lastKnownFileType = sourcecode.c.h; name = NBEngineLoader.h; path = Core/NBEngineLoader.h; sourceTree = "<group>"; };
		3522371912DB219C007DDF2A /* NBEngineLoader.m */ = {isa = PBXFileReference; fileEncoding = 4; lastKnownFileType = sourcecode.c.objc; name = NBEngineLoader.m; path = Core/NBEngineLoader.m; sourceTree = "<group>"; };
		3522371A12DB219C007DDF2A /* NBNotebook.h */ = {isa = PBXFileReference; fileEncoding = 4; lastKnownFileType = sourcecode.c.h; name = NBNotebook.h; path = Core/NBNotebook.h; sourceTree = "<group>"; };
		3522371B12DB219C007DDF2A /* NBNotebook.m */ = {isa = PBXFileReference; fileEncoding = 4; lastKnownFileType = sourcecode.c.objc; name = NBNotebook.m; path = Core/NBNotebook.m; sourceTree = "<group>"; };
		3522371C12DB219C007DDF2A /* NBProcessWatchdog.h */ = {isa = PBXFileReference; fileEncoding = 4; lastKnownFileType = sourcecode.c.h; name = NBProcessWatchdog.h; path = Core/NBProcessWatchdog.h; sourceTree = "<group>"; };
		3522371D12DB219C007DDF2A /* NBProcessWatchdog.m */ = {isa = PBXFileReference; fileEncoding = 4; lastKnownFileType = sourcecode.c.objc; name = NBProcessWatchdog.m; path = Core/NBProcessWatchdog.m; sourceTree = "<group>"; };
		3522373A12DB21F4007DDF2A /* RegexKit.framework */ = {isa = PBXFileReference; lastKnownFileType = wrapper.framework; name = RegexKit.framework; path = ../External/RegexKit.framework; sourceTree = SOURCE_ROOT; };
		3522375512DB222C007DDF2A /* NBNotebookDelegate.h */ = {isa = PBXFileReference; fileEncoding = 4; lastKnownFileType = sourcecode.c.h; name = NBNotebookDelegate.h; path = Core/NBNotebookDelegate.h; sourceTree = "<group>"; };
		3522379A12DB228D007DDF2A /* Quartz.framework */ = {isa = PBXFileReference; lastKnownFileType = wrapper.framework; name = Quartz.framework; path = System/Library/Frameworks/Quartz.framework; sourceTree = SDKROOT; };
		356CBB2F12DB25FA00E07E46 /* NBCore.h */ = {isa = PBXFileReference; fileEncoding = 4; lastKnownFileType = sourcecode.c.h; name = NBCore.h; path = Core/NBCore.h; sourceTree = "<group>"; };
		8DC2EF5B0486A6940098B216 /* NBCore.framework */ = {isa = PBXFileReference; explicitFileType = wrapper.framework; includeInIndex = 0; path = NBCore.framework; sourceTree = BUILT_PRODUCTS_DIR; };
		D2F7E79907B2D74100F64583 /* CoreData.framework */ = {isa = PBXFileReference; lastKnownFileType = wrapper.framework; name = CoreData.framework; path = /System/Library/Frameworks/CoreData.framework; sourceTree = "<absolute>"; };
/* End PBXFileReference section */

/* Begin PBXFrameworksBuildPhase section */
		8DC2EF560486A6940098B216 /* Frameworks */ = {
			isa = PBXFrameworksBuildPhase;
			buildActionMask = 2147483647;
			files = (
				8DC2EF570486A6940098B216 /* Cocoa.framework in Frameworks */,
				3522373B12DB21F4007DDF2A /* RegexKit.framework in Frameworks */,
				3522379B12DB228D007DDF2A /* Quartz.framework in Frameworks */,
			);
			runOnlyForDeploymentPostprocessing = 0;
		};
/* End PBXFrameworksBuildPhase section */

/* Begin PBXGroup section */
		034768DFFF38A50411DB9C8B /* Products */ = {
			isa = PBXGroup;
			children = (
				8DC2EF5B0486A6940098B216 /* NBCore.framework */,
			);
			name = Products;
			sourceTree = "<group>";
		};
		0867D691FE84028FC02AAC07 /* NBCore */ = {
			isa = PBXGroup;
			children = (
				356CBB2F12DB25FA00E07E46 /* NBCore.h */,
				08FB77AEFE84172EC02AAC07 /* Classes */,
				089C1665FE841158C02AAC07 /* Resources */,
				0867D69AFE84028FC02AAC07 /* External Frameworks and Libraries */,
				034768DFFF38A50411DB9C8B /* Products */,
			);
			name = NBCore;
			sourceTree = "<group>";
		};
		0867D69AFE84028FC02AAC07 /* External Frameworks and Libraries */ = {
			isa = PBXGroup;
			children = (
				1058C7B0FEA5585E11CA2CBB /* Linked Frameworks */,
				1058C7B2FEA5585E11CA2CBB /* Other Frameworks */,
			);
			name = "External Frameworks and Libraries";
			sourceTree = "<group>";
		};
		089C1665FE841158C02AAC07 /* Resources */ = {
			isa = PBXGroup;
			children = (
				3522370B12DB2196007DDF2A /* Info.plist */,
			);
			name = Resources;
			sourceTree = "<group>";
		};
		08FB77AEFE84172EC02AAC07 /* Classes */ = {
			isa = PBXGroup;
			children = (
				3522370D12DB219C007DDF2A /* NBCell.h */,
				3522370E12DB219C007DDF2A /* NBCell.m */,
				3522370F12DB219C007DDF2A /* NBEngine.h */,
				3522371012DB219C007DDF2A /* NBEngine.m */,
				3522371112DB219C007DDF2A /* NBEngineBackend.h */,
				3522371212DB219C007DDF2A /* NBEngineBackend.m */,
				3522371312DB219C007DDF2A /* NBEngineBackendProtocol.h */,
				3522371412DB219C007DDF2A /* NBEngineEncoder.h */,
				3522371512DB219C007DDF2A /* NBEngineEncoder.m */,
				3522371612DB219C007DDF2A /* NBEngineHighlighter.h */,
				3522371712DB219C007DDF2A /* NBEngineHighlighter.m */,
				3522371812DB219C007DDF2A /* NBEngineLoader.h */,
				3522371912DB219C007DDF2A /* NBEngineLoader.m */,
				3522371A12DB219C007DDF2A /* NBNotebook.h */,
				3522371B12DB219C007DDF2A /* NBNotebook.m */,
				3522375512DB222C007DDF2A /* NBNotebookDelegate.h */,
				3522371C12DB219C007DDF2A /* NBProcessWatchdog.h */,
				3522371D12DB219C007DDF2A /* NBProcessWatchdog.m */,
			);
			name = Classes;
			sourceTree = "<group>";
		};
		1058C7B0FEA5585E11CA2CBB /* Linked Frameworks */ = {
			isa = PBXGroup;
			children = (
				1058C7B1FEA5585E11CA2CBB /* Cocoa.framework */,
			);
			name = "Linked Frameworks";
			sourceTree = "<group>";
		};
		1058C7B2FEA5585E11CA2CBB /* Other Frameworks */ = {
			isa = PBXGroup;
			children = (
				3522379A12DB228D007DDF2A /* Quartz.framework */,
				3522373A12DB21F4007DDF2A /* RegexKit.framework */,
				0867D6A5FE840307C02AAC07 /* AppKit.framework */,
				D2F7E79907B2D74100F64583 /* CoreData.framework */,
				0867D69BFE84028FC02AAC07 /* Foundation.framework */,
			);
			name = "Other Frameworks";
			sourceTree = "<group>";
		};
/* End PBXGroup section */

/* Begin PBXHeadersBuildPhase section */
		8DC2EF500486A6940098B216 /* Headers */ = {
			isa = PBXHeadersBuildPhase;
			buildActionMask = 2147483647;
			files = (
				3522371E12DB219C007DDF2A /* NBCell.h in Headers */,
				3522372012DB219C007DDF2A /* NBEngine.h in Headers */,
				3522372212DB219C007DDF2A /* NBEngineBackend.h in Headers */,
				3522372412DB219C007DDF2A /* NBEngineBackendProtocol.h in Headers */,
				3522372512DB219C007DDF2A /* NBEngineEncoder.h in Headers */,
				3522372712DB219C007DDF2A /* NBEngineHighlighter.h in Headers */,
				3522372912DB219C007DDF2A /* NBEngineLoader.h in Headers */,
				3522372B12DB219C007DDF2A /* NBNotebook.h in Headers */,
				3522372D12DB219C007DDF2A /* NBProcessWatchdog.h in Headers */,
				3522375612DB222C007DDF2A /* NBNotebookDelegate.h in Headers */,
				356CBB3012DB25FA00E07E46 /* NBCore.h in Headers */,
			);
			runOnlyForDeploymentPostprocessing = 0;
		};
/* End PBXHeadersBuildPhase section */

/* Begin PBXNativeTarget section */
		8DC2EF4F0486A6940098B216 /* NBCore */ = {
			isa = PBXNativeTarget;
			buildConfigurationList = 1DEB91AD08733DA50010E9CD /* Build configuration list for PBXNativeTarget "NBCore" */;
			buildPhases = (
				8DC2EF500486A6940098B216 /* Headers */,
				8DC2EF520486A6940098B216 /* Resources */,
				8DC2EF540486A6940098B216 /* Sources */,
				8DC2EF560486A6940098B216 /* Frameworks */,
			);
			buildRules = (
			);
			dependencies = (
			);
			name = NBCore;
			productInstallPath = "$(HOME)/Library/Frameworks";
			productName = NBCore;
			productReference = 8DC2EF5B0486A6940098B216 /* NBCore.framework */;
			productType = "com.apple.product-type.framework";
		};
/* End PBXNativeTarget section */

/* Begin PBXProject section */
		0867D690FE84028FC02AAC07 /* Project object */ = {
			isa = PBXProject;
			buildConfigurationList = 1DEB91B108733DA50010E9CD /* Build configuration list for PBXProject "NBCore" */;
			compatibilityVersion = "Xcode 3.1";
			developmentRegion = English;
			hasScannedForEncodings = 1;
			knownRegions = (
				English,
				Japanese,
				French,
				German,
			);
			mainGroup = 0867D691FE84028FC02AAC07 /* NBCore */;
			productRefGroup = 034768DFFF38A50411DB9C8B /* Products */;
			projectDirPath = "";
			projectRoot = "";
			targets = (
				8DC2EF4F0486A6940098B216 /* NBCore */,
			);
		};
/* End PBXProject section */

/* Begin PBXResourcesBuildPhase section */
		8DC2EF520486A6940098B216 /* Resources */ = {
			isa = PBXResourcesBuildPhase;
			buildActionMask = 2147483647;
			files = (
			);
			runOnlyForDeploymentPostprocessing = 0;
		};
/* End PBXResourcesBuildPhase section */

/* Begin PBXSourcesBuildPhase section */
		8DC2EF540486A6940098B216 /* Sources */ = {
			isa = PBXSourcesBuildPhase;
			buildActionMask = 2147483647;
			files = (
				3522371F12DB219C007DDF2A /* NBCell.m in Sources */,
				3522372112DB219C007DDF2A /* NBEngine.m in Sources */,
				3522372312DB219C007DDF2A /* NBEngineBackend.m in Sources */,
				3522372612DB219C007DDF2A /* NBEngineEncoder.m in Sources */,
				3522372812DB219C007DDF2A /* NBEngineHighlighter.m in Sources */,
				3522372A12DB219C007DDF2A /* NBEngineLoader.m in Sources */,
				3522372C12DB219C007DDF2A /* NBNotebook.m in Sources */,
				3522372E12DB219C007DDF2A /* NBProcessWatchdog.m in Sources */,
			);
			runOnlyForDeploymentPostprocessing = 0;
		};
/* End PBXSourcesBuildPhase section */

/* Begin XCBuildConfiguration section */
		1DEB91AE08733DA50010E9CD /* Debug */ = {
			isa = XCBuildConfiguration;
			buildSettings = {
				ALWAYS_SEARCH_USER_PATHS = NO;
				COPY_PHASE_STRIP = NO;
				DYLIB_COMPATIBILITY_VERSION = 1;
				DYLIB_CURRENT_VERSION = 1;
				FRAMEWORK_SEARCH_PATHS = (
					"$(inherited)",
					"\"$(SRCROOT)/../External\"",
				);
				FRAMEWORK_VERSION = A;
				GCC_DYNAMIC_NO_PIC = NO;
				GCC_ENABLE_FIX_AND_CONTINUE = YES;
				GCC_MODEL_TUNING = G5;
				GCC_OPTIMIZATION_LEVEL = 0;
				GCC_PRECOMPILE_PREFIX_HEADER = YES;
				GCC_PREFIX_HEADER = "";
				INFOPLIST_FILE = Core/Info.plist;
				INSTALL_PATH = "@rpath";
				PRODUCT_NAME = NBCore;
				WRAPPER_EXTENSION = framework;
			};
			name = Debug;
		};
		1DEB91AF08733DA50010E9CD /* Release */ = {
			isa = XCBuildConfiguration;
			buildSettings = {
				ALWAYS_SEARCH_USER_PATHS = NO;
				DEBUG_INFORMATION_FORMAT = "dwarf-with-dsym";
				DYLIB_COMPATIBILITY_VERSION = 1;
				DYLIB_CURRENT_VERSION = 1;
				FRAMEWORK_SEARCH_PATHS = (
					"$(inherited)",
					"\"$(SRCROOT)/../External\"",
				);
				FRAMEWORK_VERSION = A;
				GCC_MODEL_TUNING = G5;
				GCC_PRECOMPILE_PREFIX_HEADER = YES;
				GCC_PREFIX_HEADER = "";
				INFOPLIST_FILE = Core/Info.plist;
				INSTALL_PATH = "@rpath";
				PRODUCT_NAME = NBCore;
				WRAPPER_EXTENSION = framework;
			};
			name = Release;
		};
		1DEB91B208733DA50010E9CD /* Debug */ = {
			isa = XCBuildConfiguration;
			buildSettings = {
				ARCHS = "$(ARCHS_STANDARD_32_64_BIT)";
				GCC_C_LANGUAGE_STANDARD = gnu99;
				GCC_ENABLE_OBJC_GC = required;
				GCC_OPTIMIZATION_LEVEL = 0;
				GCC_WARN_ABOUT_RETURN_TYPE = YES;
				GCC_WARN_UNUSED_VARIABLE = YES;
				ONLY_ACTIVE_ARCH = YES;
				PREBINDING = NO;
				SDKROOT = macosx10.6;
			};
			name = Debug;
		};
		1DEB91B308733DA50010E9CD /* Release */ = {
			isa = XCBuildConfiguration;
			buildSettings = {
				ARCHS = "$(ARCHS_STANDARD_32_64_BIT)";
				GCC_C_LANGUAGE_STANDARD = gnu99;
				GCC_ENABLE_OBJC_GC = required;
				GCC_WARN_ABOUT_RETURN_TYPE = YES;
				GCC_WARN_UNUSED_VARIABLE = YES;
				PREBINDING = NO;
				SDKROOT = macosx10.6;
			};
			name = Release;
		};
/* End XCBuildConfiguration section */

/* Begin XCConfigurationList section */
		1DEB91AD08733DA50010E9CD /* Build configuration list for PBXNativeTarget "NBCore" */ = {
			isa = XCConfigurationList;
			buildConfigurations = (
				1DEB91AE08733DA50010E9CD /* Debug */,
				1DEB91AF08733DA50010E9CD /* Release */,
			);
			defaultConfigurationIsVisible = 0;
			defaultConfigurationName = Release;
		};
		1DEB91B108733DA50010E9CD /* Build configuration list for PBXProject "NBCore" */ = {
			isa = XCConfigurationList;
			buildConfigurations = (
				1DEB91B208733DA50010E9CD /* Debug */,
				1DEB91B308733DA50010E9CD /* Release */,
			);
			defaultConfigurationIsVisible = 0;
			defaultConfigurationName = Release;
		};
/* End XCConfigurationList section */
	};
	rootObject = 0867D690FE84028FC02AAC07 /* Project object */;
}
