// !$*UTF8*$!
{
	archiveVersion = 1;
	classes = {
	};
	objectVersion = 45;
	objects = {

/* Begin PBXBuildFile section */
		355AAB7412DBB09D00A9FA54 /* BWToolkitFramework.framework in Frameworks */ = {isa = PBXBuildFile; fileRef = 355AAB7112DBB09D00A9FA54 /* BWToolkitFramework.framework */; };
		355AAB7512DBB09D00A9FA54 /* JSON.framework in Frameworks */ = {isa = PBXBuildFile; fileRef = 355AAB7212DBB09D00A9FA54 /* JSON.framework */; };
		355AAC0012DBB13F00A9FA54 /* NBCellAutoheightProtocol.h in Headers */ = {isa = PBXBuildFile; fileRef = 355AABD312DBB13F00A9FA54 /* NBCellAutoheightProtocol.h */; settings = {ATTRIBUTES = (Public, ); }; };
		355AAC0112DBB13F00A9FA54 /* NBCellView.h in Headers */ = {isa = PBXBuildFile; fileRef = 355AABD412DBB13F00A9FA54 /* NBCellView.h */; settings = {ATTRIBUTES = (Public, ); }; };
		355AAC0212DBB13F00A9FA54 /* NBCellView.m in Sources */ = {isa = PBXBuildFile; fileRef = 355AABD512DBB13F00A9FA54 /* NBCellView.m */; };
		355AAC0312DBB13F00A9FA54 /* NBCellViewDelegate.h in Headers */ = {isa = PBXBuildFile; fileRef = 355AABD612DBB13F00A9FA54 /* NBCellViewDelegate.h */; settings = {ATTRIBUTES = (Public, ); }; };
		355AAC0412DBB13F00A9FA54 /* NBCommentCellView.h in Headers */ = {isa = PBXBuildFile; fileRef = 355AABD812DBB13F00A9FA54 /* NBCommentCellView.h */; settings = {ATTRIBUTES = (Public, ); }; };
		355AAC0512DBB13F00A9FA54 /* NBCommentCellView.m in Sources */ = {isa = PBXBuildFile; fileRef = 355AABD912DBB13F00A9FA54 /* NBCommentCellView.m */; };
		355AAC0612DBB13F00A9FA54 /* NBSourceCellView.h in Headers */ = {isa = PBXBuildFile; fileRef = 355AABDB12DBB13F00A9FA54 /* NBSourceCellView.h */; settings = {ATTRIBUTES = (Public, ); }; };
		355AAC0712DBB13F00A9FA54 /* NBSourceCellView.m in Sources */ = {isa = PBXBuildFile; fileRef = 355AABDC12DBB13F00A9FA54 /* NBSourceCellView.m */; };
		355AAC0812DBB13F00A9FA54 /* NBSourceCellViewDelegate.h in Headers */ = {isa = PBXBuildFile; fileRef = 355AABDD12DBB13F00A9FA54 /* NBSourceCellViewDelegate.h */; settings = {ATTRIBUTES = (Public, ); }; };
		355AAC0912DBB13F00A9FA54 /* NBCreateNotebookView.h in Headers */ = {isa = PBXBuildFile; fileRef = 355AABDF12DBB13F00A9FA54 /* NBCreateNotebookView.h */; settings = {ATTRIBUTES = (Public, ); }; };
		355AAC0A12DBB13F00A9FA54 /* NBCreateNotebookView.m in Sources */ = {isa = PBXBuildFile; fileRef = 355AABE012DBB13F00A9FA54 /* NBCreateNotebookView.m */; };
		355AAC0B12DBB13F00A9FA54 /* NBCreateNotebookView.xib in Resources */ = {isa = PBXBuildFile; fileRef = 355AABE112DBB13F00A9FA54 /* NBCreateNotebookView.xib */; };
		355AAC0C12DBB13F00A9FA54 /* NBCreateNotebookViewDelegate.h in Headers */ = {isa = PBXBuildFile; fileRef = 355AABE212DBB13F00A9FA54 /* NBCreateNotebookViewDelegate.h */; settings = {ATTRIBUTES = (Public, ); }; };
		355AAC0D12DBB13F00A9FA54 /* NBPassthroughTextField.h in Headers */ = {isa = PBXBuildFile; fileRef = 355AABE312DBB13F00A9FA54 /* NBPassthroughTextField.h */; settings = {ATTRIBUTES = (Public, ); }; };
		355AAC0E12DBB13F00A9FA54 /* NBPassthroughTextField.m in Sources */ = {isa = PBXBuildFile; fileRef = 355AABE412DBB13F00A9FA54 /* NBPassthroughTextField.m */; };
		355AAC0F12DBB13F00A9FA54 /* NBBackgroundView.h in Headers */ = {isa = PBXBuildFile; fileRef = 355AABE612DBB13F00A9FA54 /* NBBackgroundView.h */; settings = {ATTRIBUTES = (Public, ); }; };
		355AAC1012DBB13F00A9FA54 /* NBBackgroundView.m in Sources */ = {isa = PBXBuildFile; fileRef = 355AABE712DBB13F00A9FA54 /* NBBackgroundView.m */; };
		355AAC1112DBB13F00A9FA54 /* NBNotebookView.h in Headers */ = {isa = PBXBuildFile; fileRef = 355AABE812DBB13F00A9FA54 /* NBNotebookView.h */; settings = {ATTRIBUTES = (Public, ); }; };
		355AAC1212DBB13F00A9FA54 /* NBNotebookView.m in Sources */ = {isa = PBXBuildFile; fileRef = 355AABE912DBB13F00A9FA54 /* NBNotebookView.m */; };
		355AAC1312DBB13F00A9FA54 /* NBHighlightSettings.h in Headers */ = {isa = PBXBuildFile; fileRef = 355AABEB12DBB13F00A9FA54 /* NBHighlightSettings.h */; settings = {ATTRIBUTES = (Public, ); }; };
		355AAC1412DBB13F00A9FA54 /* NBHighlightSettings.m in Sources */ = {isa = PBXBuildFile; fileRef = 355AABEC12DBB13F00A9FA54 /* NBHighlightSettings.m */; };
		355AAC1512DBB13F00A9FA54 /* NBSettings.h in Headers */ = {isa = PBXBuildFile; fileRef = 355AABED12DBB13F00A9FA54 /* NBSettings.h */; settings = {ATTRIBUTES = (Public, ); }; };
		355AAC1612DBB13F00A9FA54 /* NBSettings.m in Sources */ = {isa = PBXBuildFile; fileRef = 355AABEE12DBB13F00A9FA54 /* NBSettings.m */; };
		355AAC1712DBB13F00A9FA54 /* NBSettingsWindow.xib in Resources */ = {isa = PBXBuildFile; fileRef = 355AABEF12DBB13F00A9FA54 /* NBSettingsWindow.xib */; };
		355AAC1812DBB13F00A9FA54 /* NBSettingsWindowController.h in Headers */ = {isa = PBXBuildFile; fileRef = 355AABF012DBB13F00A9FA54 /* NBSettingsWindowController.h */; settings = {ATTRIBUTES = (Public, ); }; };
		355AAC1912DBB13F00A9FA54 /* NBSettingsWindowController.m in Sources */ = {isa = PBXBuildFile; fileRef = 355AABF112DBB13F00A9FA54 /* NBSettingsWindowController.m */; };
		355AAC1A12DBB13F00A9FA54 /* NBCommentView.h in Headers */ = {isa = PBXBuildFile; fileRef = 355AABF412DBB13F00A9FA54 /* NBCommentView.h */; settings = {ATTRIBUTES = (Public, ); }; };
		355AAC1B12DBB13F00A9FA54 /* NBCommentView.m in Sources */ = {isa = PBXBuildFile; fileRef = 355AABF512DBB13F00A9FA54 /* NBCommentView.m */; };
		355AAC1C12DBB13F00A9FA54 /* NBOutputView.h in Headers */ = {isa = PBXBuildFile; fileRef = 355AABF712DBB13F00A9FA54 /* NBOutputView.h */; settings = {ATTRIBUTES = (Public, ); }; };
		355AAC1D12DBB13F00A9FA54 /* NBOutputView.m in Sources */ = {isa = PBXBuildFile; fileRef = 355AABF812DBB13F00A9FA54 /* NBOutputView.m */; };
		355AAC1E12DBB13F00A9FA54 /* NBSourceView.h in Headers */ = {isa = PBXBuildFile; fileRef = 355AABFA12DBB13F00A9FA54 /* NBSourceView.h */; settings = {ATTRIBUTES = (Public, ); }; };
		355AAC1F12DBB13F00A9FA54 /* NBSourceView.m in Sources */ = {isa = PBXBuildFile; fileRef = 355AABFB12DBB13F00A9FA54 /* NBSourceView.m */; };
		355AAC2012DBB13F00A9FA54 /* NBSourceViewDelegate.h in Headers */ = {isa = PBXBuildFile; fileRef = 355AABFC12DBB13F00A9FA54 /* NBSourceViewDelegate.h */; settings = {ATTRIBUTES = (Public, ); }; };
		355AAC2112DBB13F00A9FA54 /* NBTextView.h in Headers */ = {isa = PBXBuildFile; fileRef = 355AABFD12DBB13F00A9FA54 /* NBTextView.h */; settings = {ATTRIBUTES = (Public, ); }; };
		355AAC2212DBB13F00A9FA54 /* NBTextView.m in Sources */ = {isa = PBXBuildFile; fileRef = 355AABFE12DBB13F00A9FA54 /* NBTextView.m */; };
		355AAC2C12DBB1AC00A9FA54 /* NBCore.framework in Frameworks */ = {isa = PBXBuildFile; fileRef = 355AAC2B12DBB1A700A9FA54 /* NBCore.framework */; };
		355AADA812DBB67000A9FA54 /* NBUI.h in Headers */ = {isa = PBXBuildFile; fileRef = 355AADA712DBB67000A9FA54 /* NBUI.h */; settings = {ATTRIBUTES = (Public, ); }; };
		355AAE3512DBC2C700A9FA54 /* RegexKit.framework in Frameworks */ = {isa = PBXBuildFile; fileRef = 355AAE3412DBC2C700A9FA54 /* RegexKit.framework */; };
/* End PBXBuildFile section */

/* Begin PBXContainerItemProxy section */
		355AAC2A12DBB1A700A9FA54 /* PBXContainerItemProxy */ = {
			isa = PBXContainerItemProxy;
			containerPortal = 355AAC2312DBB1A700A9FA54 /* NBCore.xcodeproj */;
			proxyType = 2;
			remoteGlobalIDString = 8DC2EF5B0486A6940098B216;
			remoteInfo = NBCore;
		};
		355AAC2D12DBB1B600A9FA54 /* PBXContainerItemProxy */ = {
			isa = PBXContainerItemProxy;
			containerPortal = 355AAC2312DBB1A700A9FA54 /* NBCore.xcodeproj */;
			proxyType = 1;
			remoteGlobalIDString = 8DC2EF4F0486A6940098B216;
			remoteInfo = NBCore;
		};
/* End PBXContainerItemProxy section */

/* Begin PBXFileReference section */
		1058C7A1FEA54F0111CA2CBB /* Cocoa.framework */ = {isa = PBXFileReference; lastKnownFileType = wrapper.framework; name = Cocoa.framework; path = /System/Library/Frameworks/Cocoa.framework; sourceTree = "<absolute>"; };
		13E42FB307B3F0F600E4EEF1 /* CoreData.framework */ = {isa = PBXFileReference; lastKnownFileType = wrapper.framework; name = CoreData.framework; path = /System/Library/Frameworks/CoreData.framework; sourceTree = "<absolute>"; };
		29B97324FDCFA39411CA2CEA /* AppKit.framework */ = {isa = PBXFileReference; lastKnownFileType = wrapper.framework; name = AppKit.framework; path = /System/Library/Frameworks/AppKit.framework; sourceTree = "<absolute>"; };
		29B97325FDCFA39411CA2CEA /* Foundation.framework */ = {isa = PBXFileReference; lastKnownFileType = wrapper.framework; name = Foundation.framework; path = /System/Library/Frameworks/Foundation.framework; sourceTree = "<absolute>"; };
		353E2B841295F2B8001A40B6 /* QuartzCore.framework */ = {isa = PBXFileReference; lastKnownFileType = wrapper.framework; name = QuartzCore.framework; path = System/Library/Frameworks/QuartzCore.framework; sourceTree = SDKROOT; };
		355AAB6C12DBB07D00A9FA54 /* NBUI.framework */ = {isa = PBXFileReference; explicitFileType = wrapper.framework; includeInIndex = 0; path = NBUI.framework; sourceTree = BUILT_PRODUCTS_DIR; };
		355AAB7112DBB09D00A9FA54 /* BWToolkitFramework.framework */ = {isa = PBXFileReference; lastKnownFileType = wrapper.framework; name = BWToolkitFramework.framework; path = ../External/BWToolkitFramework.framework; sourceTree = SOURCE_ROOT; };
		355AAB7212DBB09D00A9FA54 /* JSON.framework */ = {isa = PBXFileReference; lastKnownFileType = wrapper.framework; name = JSON.framework; path = ../External/JSON.framework; sourceTree = SOURCE_ROOT; };
		355AABC612DBB12D00A9FA54 /* Info.plist */ = {isa = PBXFileReference; fileEncoding = 4; lastKnownFileType = text.plist.xml; name = Info.plist; path = Interface/Info.plist; sourceTree = "<group>"; };
		355AABD312DBB13F00A9FA54 /* NBCellAutoheightProtocol.h */ = {isa = PBXFileReference; fileEncoding = 4; lastKnownFileType = sourcecode.c.h; path = NBCellAutoheightProtocol.h; sourceTree = "<group>"; };
		355AABD412DBB13F00A9FA54 /* NBCellView.h */ = {isa = PBXFileReference; fileEncoding = 4; lastKnownFileType = sourcecode.c.h; path = NBCellView.h; sourceTree = "<group>"; };
		355AABD512DBB13F00A9FA54 /* NBCellView.m */ = {isa = PBXFileReference; fileEncoding = 4; lastKnownFileType = sourcecode.c.objc; path = NBCellView.m; sourceTree = "<group>"; };
		355AABD612DBB13F00A9FA54 /* NBCellViewDelegate.h */ = {isa = PBXFileReference; fileEncoding = 4; lastKnownFileType = sourcecode.c.h; path = NBCellViewDelegate.h; sourceTree = "<group>"; };
		355AABD812DBB13F00A9FA54 /* NBCommentCellView.h */ = {isa = PBXFileReference; fileEncoding = 4; lastKnownFileType = sourcecode.c.h; path = NBCommentCellView.h; sourceTree = "<group>"; };
		355AABD912DBB13F00A9FA54 /* NBCommentCellView.m */ = {isa = PBXFileReference; fileEncoding = 4; lastKnownFileType = sourcecode.c.objc; path = NBCommentCellView.m; sourceTree = "<group>"; };
		355AABDB12DBB13F00A9FA54 /* NBSourceCellView.h */ = {isa = PBXFileReference; fileEncoding = 4; lastKnownFileType = sourcecode.c.h; path = NBSourceCellView.h; sourceTree = "<group>"; };
		355AABDC12DBB13F00A9FA54 /* NBSourceCellView.m */ = {isa = PBXFileReference; fileEncoding = 4; lastKnownFileType = sourcecode.c.objc; path = NBSourceCellView.m; sourceTree = "<group>"; };
		355AABDD12DBB13F00A9FA54 /* NBSourceCellViewDelegate.h */ = {isa = PBXFileReference; fileEncoding = 4; lastKnownFileType = sourcecode.c.h; path = NBSourceCellViewDelegate.h; sourceTree = "<group>"; };
		355AABDF12DBB13F00A9FA54 /* NBCreateNotebookView.h */ = {isa = PBXFileReference; fileEncoding = 4; lastKnownFileType = sourcecode.c.h; path = NBCreateNotebookView.h; sourceTree = "<group>"; };
		355AABE012DBB13F00A9FA54 /* NBCreateNotebookView.m */ = {isa = PBXFileReference; fileEncoding = 4; lastKnownFileType = sourcecode.c.objc; path = NBCreateNotebookView.m; sourceTree = "<group>"; };
		355AABE112DBB13F00A9FA54 /* NBCreateNotebookView.xib */ = {isa = PBXFileReference; lastKnownFileType = file.xib; path = NBCreateNotebookView.xib; sourceTree = "<group>"; };
		355AABE212DBB13F00A9FA54 /* NBCreateNotebookViewDelegate.h */ = {isa = PBXFileReference; fileEncoding = 4; lastKnownFileType = sourcecode.c.h; path = NBCreateNotebookViewDelegate.h; sourceTree = "<group>"; };
		355AABE312DBB13F00A9FA54 /* NBPassthroughTextField.h */ = {isa = PBXFileReference; fileEncoding = 4; lastKnownFileType = sourcecode.c.h; path = NBPassthroughTextField.h; sourceTree = "<group>"; };
		355AABE412DBB13F00A9FA54 /* NBPassthroughTextField.m */ = {isa = PBXFileReference; fileEncoding = 4; lastKnownFileType = sourcecode.c.objc; path = NBPassthroughTextField.m; sourceTree = "<group>"; };
		355AABE612DBB13F00A9FA54 /* NBBackgroundView.h */ = {isa = PBXFileReference; fileEncoding = 4; lastKnownFileType = sourcecode.c.h; path = NBBackgroundView.h; sourceTree = "<group>"; };
		355AABE712DBB13F00A9FA54 /* NBBackgroundView.m */ = {isa = PBXFileReference; fileEncoding = 4; lastKnownFileType = sourcecode.c.objc; path = NBBackgroundView.m; sourceTree = "<group>"; };
		355AABE812DBB13F00A9FA54 /* NBNotebookView.h */ = {isa = PBXFileReference; fileEncoding = 4; lastKnownFileType = sourcecode.c.h; path = NBNotebookView.h; sourceTree = "<group>"; };
		355AABE912DBB13F00A9FA54 /* NBNotebookView.m */ = {isa = PBXFileReference; fileEncoding = 4; lastKnownFileType = sourcecode.c.objc; path = NBNotebookView.m; sourceTree = "<group>"; };
		355AABEB12DBB13F00A9FA54 /* NBHighlightSettings.h */ = {isa = PBXFileReference; fileEncoding = 4; lastKnownFileType = sourcecode.c.h; path = NBHighlightSettings.h; sourceTree = "<group>"; };
		355AABEC12DBB13F00A9FA54 /* NBHighlightSettings.m */ = {isa = PBXFileReference; fileEncoding = 4; lastKnownFileType = sourcecode.c.objc; path = NBHighlightSettings.m; sourceTree = "<group>"; };
		355AABED12DBB13F00A9FA54 /* NBSettings.h */ = {isa = PBXFileReference; fileEncoding = 4; lastKnownFileType = sourcecode.c.h; path = NBSettings.h; sourceTree = "<group>"; };
		355AABEE12DBB13F00A9FA54 /* NBSettings.m */ = {isa = PBXFileReference; fileEncoding = 4; lastKnownFileType = sourcecode.c.objc; path = NBSettings.m; sourceTree = "<group>"; };
		355AABEF12DBB13F00A9FA54 /* NBSettingsWindow.xib */ = {isa = PBXFileReference; lastKnownFileType = file.xib; path = NBSettingsWindow.xib; sourceTree = "<group>"; };
		355AABF012DBB13F00A9FA54 /* NBSettingsWindowController.h */ = {isa = PBXFileReference; fileEncoding = 4; lastKnownFileType = sourcecode.c.h; path = NBSettingsWindowController.h; sourceTree = "<group>"; };
		355AABF112DBB13F00A9FA54 /* NBSettingsWindowController.m */ = {isa = PBXFileReference; fileEncoding = 4; lastKnownFileType = sourcecode.c.objc; path = NBSettingsWindowController.m; sourceTree = "<group>"; };
		355AABF412DBB13F00A9FA54 /* NBCommentView.h */ = {isa = PBXFileReference; fileEncoding = 4; lastKnownFileType = sourcecode.c.h; path = NBCommentView.h; sourceTree = "<group>"; };
		355AABF512DBB13F00A9FA54 /* NBCommentView.m */ = {isa = PBXFileReference; fileEncoding = 4; lastKnownFileType = sourcecode.c.objc; path = NBCommentView.m; sourceTree = "<group>"; };
		355AABF712DBB13F00A9FA54 /* NBOutputView.h */ = {isa = PBXFileReference; fileEncoding = 4; lastKnownFileType = sourcecode.c.h; path = NBOutputView.h; sourceTree = "<group>"; };
		355AABF812DBB13F00A9FA54 /* NBOutputView.m */ = {isa = PBXFileReference; fileEncoding = 4; lastKnownFileType = sourcecode.c.objc; path = NBOutputView.m; sourceTree = "<group>"; };
		355AABFA12DBB13F00A9FA54 /* NBSourceView.h */ = {isa = PBXFileReference; fileEncoding = 4; lastKnownFileType = sourcecode.c.h; path = NBSourceView.h; sourceTree = "<group>"; };
		355AABFB12DBB13F00A9FA54 /* NBSourceView.m */ = {isa = PBXFileReference; fileEncoding = 4; lastKnownFileType = sourcecode.c.objc; path = NBSourceView.m; sourceTree = "<group>"; };
		355AABFC12DBB13F00A9FA54 /* NBSourceViewDelegate.h */ = {isa = PBXFileReference; fileEncoding = 4; lastKnownFileType = sourcecode.c.h; path = NBSourceViewDelegate.h; sourceTree = "<group>"; };
		355AABFD12DBB13F00A9FA54 /* NBTextView.h */ = {isa = PBXFileReference; fileEncoding = 4; lastKnownFileType = sourcecode.c.h; path = NBTextView.h; sourceTree = "<group>"; };
		355AABFE12DBB13F00A9FA54 /* NBTextView.m */ = {isa = PBXFileReference; fileEncoding = 4; lastKnownFileType = sourcecode.c.objc; path = NBTextView.m; sourceTree = "<group>"; };
		355AAC2312DBB1A700A9FA54 /* NBCore.xcodeproj */ = {isa = PBXFileReference; lastKnownFileType = "wrapper.pb-project"; path = NBCore.xcodeproj; sourceTree = "<group>"; };
		355AADA712DBB67000A9FA54 /* NBUI.h */ = {isa = PBXFileReference; fileEncoding = 4; lastKnownFileType = sourcecode.c.h; name = NBUI.h; path = Interface/NBUI.h; sourceTree = "<group>"; };
		355AAE3412DBC2C700A9FA54 /* RegexKit.framework */ = {isa = PBXFileReference; lastKnownFileType = wrapper.framework; name = RegexKit.framework; path = ../External/RegexKit.framework; sourceTree = SOURCE_ROOT; };
		355FBB3312D591BA002CF0DC /* Python.framework */ = {isa = PBXFileReference; lastKnownFileType = wrapper.framework; name = Python.framework; path = System/Library/Frameworks/Python.framework; sourceTree = SDKROOT; };
		355FBB3612D591C1002CF0DC /* Ruby.framework */ = {isa = PBXFileReference; lastKnownFileType = wrapper.framework; name = Ruby.framework; path = System/Library/Frameworks/Ruby.framework; sourceTree = SDKROOT; };
		357FF7391297A7D200A661E5 /* Carbon.framework */ = {isa = PBXFileReference; lastKnownFileType = wrapper.framework; name = Carbon.framework; path = System/Library/Frameworks/Carbon.framework; sourceTree = SDKROOT; };
		4385972B12D57EBF003D2E8D /* Quartz.framework */ = {isa = PBXFileReference; lastKnownFileType = wrapper.framework; name = Quartz.framework; path = System/Library/Frameworks/Quartz.framework; sourceTree = SDKROOT; };
/* End PBXFileReference section */

/* Begin PBXFrameworksBuildPhase section */
		355AAB6A12DBB07D00A9FA54 /* Frameworks */ = {
			isa = PBXFrameworksBuildPhase;
			buildActionMask = 2147483647;
			files = (
				355AAC2C12DBB1AC00A9FA54 /* NBCore.framework in Frameworks */,
				355AAB7412DBB09D00A9FA54 /* BWToolkitFramework.framework in Frameworks */,
				355AAB7512DBB09D00A9FA54 /* JSON.framework in Frameworks */,
				355AAE3512DBC2C700A9FA54 /* RegexKit.framework in Frameworks */,
			);
			runOnlyForDeploymentPostprocessing = 0;
		};
/* End PBXFrameworksBuildPhase section */

/* Begin PBXGroup section */
		1058C7A0FEA54F0111CA2CBB /* Linked Frameworks */ = {
			isa = PBXGroup;
			children = (
				1058C7A1FEA54F0111CA2CBB /* Cocoa.framework */,
			);
			name = "Linked Frameworks";
			sourceTree = "<group>";
		};
		1058C7A2FEA54F0111CA2CBB /* Other Frameworks */ = {
			isa = PBXGroup;
			children = (
				355AAE3412DBC2C700A9FA54 /* RegexKit.framework */,
				355AAB7112DBB09D00A9FA54 /* BWToolkitFramework.framework */,
				355AAB7212DBB09D00A9FA54 /* JSON.framework */,
				357FF7391297A7D200A661E5 /* Carbon.framework */,
				29B97324FDCFA39411CA2CEA /* AppKit.framework */,
				13E42FB307B3F0F600E4EEF1 /* CoreData.framework */,
				29B97325FDCFA39411CA2CEA /* Foundation.framework */,
				353E2B841295F2B8001A40B6 /* QuartzCore.framework */,
				4385972B12D57EBF003D2E8D /* Quartz.framework */,
				355FBB3312D591BA002CF0DC /* Python.framework */,
				355FBB3612D591C1002CF0DC /* Ruby.framework */,
			);
			name = "Other Frameworks";
			sourceTree = "<group>";
		};
		19C28FACFE9D520D11CA2CBB /* Products */ = {
			isa = PBXGroup;
			children = (
				355AAB6C12DBB07D00A9FA54 /* NBUI.framework */,
			);
			name = Products;
			sourceTree = "<group>";
		};
		29B97314FDCFA39411CA2CEA /* Notebook */ = {
			isa = PBXGroup;
			children = (
				355AAC2312DBB1A700A9FA54 /* NBCore.xcodeproj */,
				355AADA712DBB67000A9FA54 /* NBUI.h */,
				355AABC912DBB13200A9FA54 /* Classes */,
				29B97317FDCFA39411CA2CEA /* Resources */,
				29B97323FDCFA39411CA2CEA /* Frameworks */,
				19C28FACFE9D520D11CA2CBB /* Products */,
			);
			name = Notebook;
			sourceTree = "<group>";
		};
		29B97317FDCFA39411CA2CEA /* Resources */ = {
			isa = PBXGroup;
			children = (
				355AABC612DBB12D00A9FA54 /* Info.plist */,
			);
			name = Resources;
			sourceTree = "<group>";
		};
		29B97323FDCFA39411CA2CEA /* Frameworks */ = {
			isa = PBXGroup;
			children = (
				1058C7A0FEA54F0111CA2CBB /* Linked Frameworks */,
				1058C7A2FEA54F0111CA2CBB /* Other Frameworks */,
			);
			name = Frameworks;
			sourceTree = "<group>";
		};
		355AABC912DBB13200A9FA54 /* Classes */ = {
			isa = PBXGroup;
			children = (
				355AABD212DBB13F00A9FA54 /* NBCell */,
				355AABDE12DBB13F00A9FA54 /* NBCreateNotebookView */,
				355AABE512DBB13F00A9FA54 /* NBNotebook */,
				355AABEA12DBB13F00A9FA54 /* NBSettings */,
				355AABF212DBB13F00A9FA54 /* NBTextView */,
			);
			name = Classes;
			sourceTree = "<group>";
		};
		355AABD212DBB13F00A9FA54 /* NBCell */ = {
			isa = PBXGroup;
			children = (
				355AABD312DBB13F00A9FA54 /* NBCellAutoheightProtocol.h */,
				355AABD412DBB13F00A9FA54 /* NBCellView.h */,
				355AABD512DBB13F00A9FA54 /* NBCellView.m */,
				355AABD612DBB13F00A9FA54 /* NBCellViewDelegate.h */,
				355AABD712DBB13F00A9FA54 /* NBCommentCellView */,
				355AABDA12DBB13F00A9FA54 /* NBSourceCellView */,
			);
			name = NBCell;
			path = Interface/NBCell;
			sourceTree = "<group>";
		};
		355AABD712DBB13F00A9FA54 /* NBCommentCellView */ = {
			isa = PBXGroup;
			children = (
				355AABD812DBB13F00A9FA54 /* NBCommentCellView.h */,
				355AABD912DBB13F00A9FA54 /* NBCommentCellView.m */,
			);
			path = NBCommentCellView;
			sourceTree = "<group>";
		};
		355AABDA12DBB13F00A9FA54 /* NBSourceCellView */ = {
			isa = PBXGroup;
			children = (
				355AABDB12DBB13F00A9FA54 /* NBSourceCellView.h */,
				355AABDC12DBB13F00A9FA54 /* NBSourceCellView.m */,
				355AABDD12DBB13F00A9FA54 /* NBSourceCellViewDelegate.h */,
			);
			path = NBSourceCellView;
			sourceTree = "<group>";
		};
		355AABDE12DBB13F00A9FA54 /* NBCreateNotebookView */ = {
			isa = PBXGroup;
			children = (
				355AABDF12DBB13F00A9FA54 /* NBCreateNotebookView.h */,
				355AABE012DBB13F00A9FA54 /* NBCreateNotebookView.m */,
				355AABE112DBB13F00A9FA54 /* NBCreateNotebookView.xib */,
				355AABE212DBB13F00A9FA54 /* NBCreateNotebookViewDelegate.h */,
				355AABE312DBB13F00A9FA54 /* NBPassthroughTextField.h */,
				355AABE412DBB13F00A9FA54 /* NBPassthroughTextField.m */,
			);
			name = NBCreateNotebookView;
			path = Interface/NBCreateNotebookView;
			sourceTree = "<group>";
		};
		355AABE512DBB13F00A9FA54 /* NBNotebook */ = {
			isa = PBXGroup;
			children = (
				355AABE612DBB13F00A9FA54 /* NBBackgroundView.h */,
				355AABE712DBB13F00A9FA54 /* NBBackgroundView.m */,
				355AABE812DBB13F00A9FA54 /* NBNotebookView.h */,
				355AABE912DBB13F00A9FA54 /* NBNotebookView.m */,
			);
			name = NBNotebook;
			path = Interface/NBNotebook;
			sourceTree = "<group>";
		};
		355AABEA12DBB13F00A9FA54 /* NBSettings */ = {
			isa = PBXGroup;
			children = (
				355AABEB12DBB13F00A9FA54 /* NBHighlightSettings.h */,
				355AABEC12DBB13F00A9FA54 /* NBHighlightSettings.m */,
				355AABED12DBB13F00A9FA54 /* NBSettings.h */,
				355AABEE12DBB13F00A9FA54 /* NBSettings.m */,
				355AABEF12DBB13F00A9FA54 /* NBSettingsWindow.xib */,
				355AABF012DBB13F00A9FA54 /* NBSettingsWindowController.h */,
				355AABF112DBB13F00A9FA54 /* NBSettingsWindowController.m */,
			);
			name = NBSettings;
			path = Interface/NBSettings;
			sourceTree = "<group>";
		};
		355AABF212DBB13F00A9FA54 /* NBTextView */ = {
			isa = PBXGroup;
			children = (
				355AABF312DBB13F00A9FA54 /* NBCommentView */,
				355AABF612DBB13F00A9FA54 /* NBOutputView */,
				355AABF912DBB13F00A9FA54 /* NBSourceView */,
				355AABFD12DBB13F00A9FA54 /* NBTextView.h */,
				355AABFE12DBB13F00A9FA54 /* NBTextView.m */,
			);
			name = NBTextView;
			path = Interface/NBTextView;
			sourceTree = "<group>";
		};
		355AABF312DBB13F00A9FA54 /* NBCommentView */ = {
			isa = PBXGroup;
			children = (
				355AABF412DBB13F00A9FA54 /* NBCommentView.h */,
				355AABF512DBB13F00A9FA54 /* NBCommentView.m */,
			);
			path = NBCommentView;
			sourceTree = "<group>";
		};
		355AABF612DBB13F00A9FA54 /* NBOutputView */ = {
			isa = PBXGroup;
			children = (
				355AABF712DBB13F00A9FA54 /* NBOutputView.h */,
				355AABF812DBB13F00A9FA54 /* NBOutputView.m */,
			);
			path = NBOutputView;
			sourceTree = "<group>";
		};
		355AABF912DBB13F00A9FA54 /* NBSourceView */ = {
			isa = PBXGroup;
			children = (
				355AABFA12DBB13F00A9FA54 /* NBSourceView.h */,
				355AABFB12DBB13F00A9FA54 /* NBSourceView.m */,
				355AABFC12DBB13F00A9FA54 /* NBSourceViewDelegate.h */,
			);
			path = NBSourceView;
			sourceTree = "<group>";
		};
		355AAC2412DBB1A700A9FA54 /* Products */ = {
			isa = PBXGroup;
			children = (
				355AAC2B12DBB1A700A9FA54 /* NBCore.framework */,
			);
			name = Products;
			sourceTree = "<group>";
		};
/* End PBXGroup section */

/* Begin PBXHeadersBuildPhase section */
		355AAB6712DBB07D00A9FA54 /* Headers */ = {
			isa = PBXHeadersBuildPhase;
			buildActionMask = 2147483647;
			files = (
				355AAC0012DBB13F00A9FA54 /* NBCellAutoheightProtocol.h in Headers */,
				355AAC0112DBB13F00A9FA54 /* NBCellView.h in Headers */,
				355AAC0312DBB13F00A9FA54 /* NBCellViewDelegate.h in Headers */,
				355AAC0412DBB13F00A9FA54 /* NBCommentCellView.h in Headers */,
				355AAC0612DBB13F00A9FA54 /* NBSourceCellView.h in Headers */,
				355AAC0812DBB13F00A9FA54 /* NBSourceCellViewDelegate.h in Headers */,
				355AAC0912DBB13F00A9FA54 /* NBCreateNotebookView.h in Headers */,
				355AAC0C12DBB13F00A9FA54 /* NBCreateNotebookViewDelegate.h in Headers */,
				355AAC0D12DBB13F00A9FA54 /* NBPassthroughTextField.h in Headers */,
				355AAC0F12DBB13F00A9FA54 /* NBBackgroundView.h in Headers */,
				355AAC1112DBB13F00A9FA54 /* NBNotebookView.h in Headers */,
				355AAC1312DBB13F00A9FA54 /* NBHighlightSettings.h in Headers */,
				355AAC1512DBB13F00A9FA54 /* NBSettings.h in Headers */,
				355AAC1812DBB13F00A9FA54 /* NBSettingsWindowController.h in Headers */,
				355AAC1A12DBB13F00A9FA54 /* NBCommentView.h in Headers */,
				355AAC1C12DBB13F00A9FA54 /* NBOutputView.h in Headers */,
				355AAC1E12DBB13F00A9FA54 /* NBSourceView.h in Headers */,
				355AAC2012DBB13F00A9FA54 /* NBSourceViewDelegate.h in Headers */,
				355AAC2112DBB13F00A9FA54 /* NBTextView.h in Headers */,
				355AADA812DBB67000A9FA54 /* NBUI.h in Headers */,
			);
			runOnlyForDeploymentPostprocessing = 0;
		};
/* End PBXHeadersBuildPhase section */

/* Begin PBXNativeTarget section */
		355AAB6B12DBB07D00A9FA54 /* NBUI */ = {
			isa = PBXNativeTarget;
			buildConfigurationList = 355AAB7012DBB07E00A9FA54 /* Build configuration list for PBXNativeTarget "NBUI" */;
			buildPhases = (
				355AAB6712DBB07D00A9FA54 /* Headers */,
				355AAB6812DBB07D00A9FA54 /* Resources */,
				355AAB6912DBB07D00A9FA54 /* Sources */,
				355AAB6A12DBB07D00A9FA54 /* Frameworks */,
			);
			buildRules = (
			);
			dependencies = (
				355AAC2E12DBB1B600A9FA54 /* PBXTargetDependency */,
			);
			name = NBUI;
			productName = NBUI;
			productReference = 355AAB6C12DBB07D00A9FA54 /* NBUI.framework */;
			productType = "com.apple.product-type.framework";
		};
/* End PBXNativeTarget section */

/* Begin PBXProject section */
		29B97313FDCFA39411CA2CEA /* Project object */ = {
			isa = PBXProject;
			buildConfigurationList = C01FCF4E08A954540054247B /* Build configuration list for PBXProject "NBUI" */;
			compatibilityVersion = "Xcode 3.1";
			developmentRegion = English;
			hasScannedForEncodings = 1;
			knownRegions = (
				English,
				Japanese,
				French,
				German,
			);
			mainGroup = 29B97314FDCFA39411CA2CEA /* Notebook */;
			projectDirPath = "";
			projectReferences = (
				{
					ProductGroup = 355AAC2412DBB1A700A9FA54 /* Products */;
					ProjectRef = 355AAC2312DBB1A700A9FA54 /* NBCore.xcodeproj */;
				},
			);
			projectRoot = "";
			targets = (
				355AAB6B12DBB07D00A9FA54 /* NBUI */,
			);
		};
/* End PBXProject section */

/* Begin PBXReferenceProxy section */
		355AAC2B12DBB1A700A9FA54 /* NBCore.framework */ = {
			isa = PBXReferenceProxy;
			fileType = wrapper.framework;
			path = NBCore.framework;
			remoteRef = 355AAC2A12DBB1A700A9FA54 /* PBXContainerItemProxy */;
			sourceTree = BUILT_PRODUCTS_DIR;
		};
/* End PBXReferenceProxy section */

/* Begin PBXResourcesBuildPhase section */
		355AAB6812DBB07D00A9FA54 /* Resources */ = {
			isa = PBXResourcesBuildPhase;
			buildActionMask = 2147483647;
			files = (
				355AAC0B12DBB13F00A9FA54 /* NBCreateNotebookView.xib in Resources */,
				355AAC1712DBB13F00A9FA54 /* NBSettingsWindow.xib in Resources */,
			);
			runOnlyForDeploymentPostprocessing = 0;
		};
/* End PBXResourcesBuildPhase section */

/* Begin PBXSourcesBuildPhase section */
		355AAB6912DBB07D00A9FA54 /* Sources */ = {
			isa = PBXSourcesBuildPhase;
			buildActionMask = 2147483647;
			files = (
				355AAC0212DBB13F00A9FA54 /* NBCellView.m in Sources */,
				355AAC0512DBB13F00A9FA54 /* NBCommentCellView.m in Sources */,
				355AAC0712DBB13F00A9FA54 /* NBSourceCellView.m in Sources */,
				355AAC0A12DBB13F00A9FA54 /* NBCreateNotebookView.m in Sources */,
				355AAC0E12DBB13F00A9FA54 /* NBPassthroughTextField.m in Sources */,
				355AAC1012DBB13F00A9FA54 /* NBBackgroundView.m in Sources */,
				355AAC1212DBB13F00A9FA54 /* NBNotebookView.m in Sources */,
				355AAC1412DBB13F00A9FA54 /* NBHighlightSettings.m in Sources */,
				355AAC1612DBB13F00A9FA54 /* NBSettings.m in Sources */,
				355AAC1912DBB13F00A9FA54 /* NBSettingsWindowController.m in Sources */,
				355AAC1B12DBB13F00A9FA54 /* NBCommentView.m in Sources */,
				355AAC1D12DBB13F00A9FA54 /* NBOutputView.m in Sources */,
				355AAC1F12DBB13F00A9FA54 /* NBSourceView.m in Sources */,
				355AAC2212DBB13F00A9FA54 /* NBTextView.m in Sources */,
			);
			runOnlyForDeploymentPostprocessing = 0;
		};
/* End PBXSourcesBuildPhase section */

/* Begin PBXTargetDependency section */
		355AAC2E12DBB1B600A9FA54 /* PBXTargetDependency */ = {
			isa = PBXTargetDependency;
			name = NBCore;
			targetProxy = 355AAC2D12DBB1B600A9FA54 /* PBXContainerItemProxy */;
		};
/* End PBXTargetDependency section */

/* Begin XCBuildConfiguration section */
		355AAB6E12DBB07E00A9FA54 /* Debug */ = {
			isa = XCBuildConfiguration;
			buildSettings = {
				ALWAYS_SEARCH_USER_PATHS = NO;
				COPY_PHASE_STRIP = NO;
				DYLIB_COMPATIBILITY_VERSION = 1;
				DYLIB_CURRENT_VERSION = 1;
				FRAMEWORK_SEARCH_PATHS = (
					"$(inherited)",
					"\"$(SRCROOT)/../External\"",
				);
				FRAMEWORK_VERSION = A;
				GCC_DYNAMIC_NO_PIC = NO;
				GCC_ENABLE_FIX_AND_CONTINUE = YES;
				GCC_MODEL_TUNING = G5;
				GCC_OPTIMIZATION_LEVEL = 0;
				GCC_PRECOMPILE_PREFIX_HEADER = YES;
				GCC_PREFIX_HEADER = "$(SYSTEM_LIBRARY_DIR)/Frameworks/AppKit.framework/Headers/AppKit.h";
				INFOPLIST_FILE = Interface/Info.plist;
				INSTALL_PATH = "@rpath";
				OTHER_LDFLAGS = (
					"-framework",
					Foundation,
					"-framework",
					AppKit,
				);
				PREBINDING = NO;
				PRODUCT_NAME = NBUI;
			};
			name = Debug;
		};
		355AAB6F12DBB07E00A9FA54 /* Release */ = {
			isa = XCBuildConfiguration;
			buildSettings = {
				ALWAYS_SEARCH_USER_PATHS = NO;
				COPY_PHASE_STRIP = YES;
				DEBUG_INFORMATION_FORMAT = "dwarf-with-dsym";
				DYLIB_COMPATIBILITY_VERSION = 1;
				DYLIB_CURRENT_VERSION = 1;
				FRAMEWORK_SEARCH_PATHS = (
					"$(inherited)",
					"\"$(SRCROOT)/../External\"",
				);
				FRAMEWORK_VERSION = A;
				GCC_ENABLE_FIX_AND_CONTINUE = NO;
				GCC_MODEL_TUNING = G5;
				GCC_PRECOMPILE_PREFIX_HEADER = YES;
				GCC_PREFIX_HEADER = "$(SYSTEM_LIBRARY_DIR)/Frameworks/AppKit.framework/Headers/AppKit.h";
				INFOPLIST_FILE = Interface/Info.plist;
				INSTALL_PATH = "@rpath";
				OTHER_LDFLAGS = (
					"-framework",
					Foundation,
					"-framework",
					AppKit,
				);
				PREBINDING = NO;
				PRODUCT_NAME = NBUI;
				ZERO_LINK = NO;
			};
			name = Release;
		};
		C01FCF4F08A954540054247B /* Debug */ = {
			isa = XCBuildConfiguration;
			buildSettings = {
				ARCHS = "$(ARCHS_STANDARD_32_64_BIT)";
				GCC_C_LANGUAGE_STANDARD = gnu99;
				GCC_ENABLE_OBJC_GC = required;
				GCC_OPTIMIZATION_LEVEL = 0;
				GCC_VERSION = "";
				GCC_WARN_ABOUT_RETURN_TYPE = YES;
				GCC_WARN_UNUSED_VARIABLE = YES;
				ONLY_ACTIVE_ARCH = YES;
				PREBINDING = NO;
				PRECOMPS_INCLUDE_HEADERS_FROM_BUILT_PRODUCTS_DIR = NO;
				RUN_CLANG_STATIC_ANALYZER = NO;
				SDKROOT = macosx10.6;
			};
			name = Debug;
		};
		C01FCF5008A954540054247B /* Release */ = {
			isa = XCBuildConfiguration;
			buildSettings = {
				ARCHS = "$(ARCHS_STANDARD_32_64_BIT)";
				GCC_C_LANGUAGE_STANDARD = gnu99;
				GCC_ENABLE_OBJC_GC = required;
				GCC_VERSION = "";
				GCC_WARN_ABOUT_RETURN_TYPE = YES;
				GCC_WARN_UNUSED_VARIABLE = YES;
				PREBINDING = NO;
				PRECOMPS_INCLUDE_HEADERS_FROM_BUILT_PRODUCTS_DIR = NO;
				RUN_CLANG_STATIC_ANALYZER = NO;
				SDKROOT = macosx10.6;
			};
			name = Release;
		};
/* End XCBuildConfiguration section */

/* Begin XCConfigurationList section */
		355AAB7012DBB07E00A9FA54 /* Build configuration list for PBXNativeTarget "NBUI" */ = {
			isa = XCConfigurationList;
			buildConfigurations = (
				355AAB6E12DBB07E00A9FA54 /* Debug */,
				355AAB6F12DBB07E00A9FA54 /* Release */,
			);
			defaultConfigurationIsVisible = 0;
			defaultConfigurationName = Release;
		};
		C01FCF4E08A954540054247B /* Build configuration list for PBXProject "NBUI" */ = {
			isa = XCConfigurationList;
			buildConfigurations = (
				C01FCF4F08A954540054247B /* Debug */,
				C01FCF5008A954540054247B /* Release */,
			);
			defaultConfigurationIsVisible = 0;
			defaultConfigurationName = Release;
		};
/* End XCConfigurationList section */
	};
	rootObject = 29B97313FDCFA39411CA2CEA /* Project object */;
}
