// !$*UTF8*$!
{
	archiveVersion = 1;
	classes = {
	};
	objectVersion = 45;
	objects = {

/* Begin PBXBuildFile section */
		353D8AB313494A54002AA7E2 /* LuaFramework.framework in Frameworks */ = {isa = PBXBuildFile; fileRef = 353D8AB213494A54002AA7E2 /* LuaFramework.framework */; };
		354087E512E3010A00C4D39E /* NBEngineLuaDocument.m in Sources */ = {isa = PBXBuildFile; fileRef = 354087E412E3010A00C4D39E /* NBEngineLuaDocument.m */; };
		356CBAD112DB238800E07E46 /* NBEngineLua.m in Sources */ = {isa = PBXBuildFile; fileRef = 356CBACA12DB238800E07E46 /* NBEngineLua.m */; };
		356CBAD212DB238800E07E46 /* NBEngineLuaBackend.m in Sources */ = {isa = PBXBuildFile; fileRef = 356CBACC12DB238800E07E46 /* NBEngineLuaBackend.m */; };
		356CBAD312DB238800E07E46 /* NBEngineLuaEncoder.m in Sources */ = {isa = PBXBuildFile; fileRef = 356CBACE12DB238800E07E46 /* NBEngineLuaEncoder.m */; };
		356CBAD412DB238800E07E46 /* NBEngineLuaHighlighter.m in Sources */ = {isa = PBXBuildFile; fileRef = 356CBAD012DB238800E07E46 /* NBEngineLuaHighlighter.m */; };
		356CBAD812DB239000E07E46 /* lua.png in Resources */ = {isa = PBXBuildFile; fileRef = 356CBAD612DB239000E07E46 /* lua.png */; };
		356CBB5712DB271000E07E46 /* RegexKit.framework in Frameworks */ = {isa = PBXBuildFile; fileRef = 356CBB5612DB271000E07E46 /* RegexKit.framework */; };
		35DD54FD134945EF00F248F6 /* NBApplication.framework in Frameworks */ = {isa = PBXBuildFile; fileRef = 35DD54FB134945EF00F248F6 /* NBApplication.framework */; };
		35DD54FE134945EF00F248F6 /* NBCore.framework in Frameworks */ = {isa = PBXBuildFile; fileRef = 35DD54FC134945EF00F248F6 /* NBCore.framework */; };
		8D5B49B4048680CD000E48DA /* Cocoa.framework in Frameworks */ = {isa = PBXBuildFile; fileRef = 1058C7ADFEA557BF11CA2CBB /* Cocoa.framework */; };
/* End PBXBuildFile section */

/* Begin PBXCopyFilesBuildPhase section */
		3522DF2D134949910091FF96 /* CopyFiles */ = {
			isa = PBXCopyFilesBuildPhase;
			buildActionMask = 2147483647;
			dstPath = "";
			dstSubfolderSpec = 10;
			files = (
			);
			runOnlyForDeploymentPostprocessing = 0;
		};
/* End PBXCopyFilesBuildPhase section */

/* Begin PBXFileReference section */
		089C1672FE841209C02AAC07 /* Foundation.framework */ = {isa = PBXFileReference; lastKnownFileType = wrapper.framework; name = Foundation.framework; path = /System/Library/Frameworks/Foundation.framework; sourceTree = "<absolute>"; };
		089C167FFE841241C02AAC07 /* AppKit.framework */ = {isa = PBXFileReference; lastKnownFileType = wrapper.framework; name = AppKit.framework; path = /System/Library/Frameworks/AppKit.framework; sourceTree = "<absolute>"; };
		1058C7ADFEA557BF11CA2CBB /* Cocoa.framework */ = {isa = PBXFileReference; lastKnownFileType = wrapper.framework; name = Cocoa.framework; path = /System/Library/Frameworks/Cocoa.framework; sourceTree = "<absolute>"; };
		353D8AB213494A54002AA7E2 /* LuaFramework.framework */ = {isa = PBXFileReference; explicitFileType = wrapper.framework; name = LuaFramework.framework; path = /Users/hortont/src/notebook/External/Lua/build/Default/LuaFramework.framework; sourceTree = "<absolute>"; };
		354087E312E3010A00C4D39E /* NBEngineLuaDocument.h */ = {isa = PBXFileReference; fileEncoding = 4; lastKnownFileType = sourcecode.c.h; name = NBEngineLuaDocument.h; path = Lua/NBEngineLuaDocument.h; sourceTree = "<group>"; };
		354087E412E3010A00C4D39E /* NBEngineLuaDocument.m */ = {isa = PBXFileReference; fileEncoding = 4; lastKnownFileType = sourcecode.c.objc; name = NBEngineLuaDocument.m; path = Lua/NBEngineLuaDocument.m; sourceTree = "<group>"; };
		356CBAC912DB238800E07E46 /* NBEngineLua.h */ = {isa = PBXFileReference; fileEncoding = 4; lastKnownFileType = sourcecode.c.h; name = NBEngineLua.h; path = Lua/NBEngineLua.h; sourceTree = "<group>"; };
		356CBACA12DB238800E07E46 /* NBEngineLua.m */ = {isa = PBXFileReference; fileEncoding = 4; lastKnownFileType = sourcecode.c.objc; name = NBEngineLua.m; path = Lua/NBEngineLua.m; sourceTree = "<group>"; };
		356CBACB12DB238800E07E46 /* NBEngineLuaBackend.h */ = {isa = PBXFileReference; fileEncoding = 4; lastKnownFileType = sourcecode.c.h; name = NBEngineLuaBackend.h; path = Lua/NBEngineLuaBackend.h; sourceTree = "<group>"; };
		356CBACC12DB238800E07E46 /* NBEngineLuaBackend.m */ = {isa = PBXFileReference; fileEncoding = 4; lastKnownFileType = sourcecode.c.objc; name = NBEngineLuaBackend.m; path = Lua/NBEngineLuaBackend.m; sourceTree = "<group>"; };
		356CBACD12DB238800E07E46 /* NBEngineLuaEncoder.h */ = {isa = PBXFileReference; fileEncoding = 4; lastKnownFileType = sourcecode.c.h; name = NBEngineLuaEncoder.h; path = Lua/NBEngineLuaEncoder.h; sourceTree = "<group>"; };
		356CBACE12DB238800E07E46 /* NBEngineLuaEncoder.m */ = {isa = PBXFileReference; fileEncoding = 4; lastKnownFileType = sourcecode.c.objc; name = NBEngineLuaEncoder.m; path = Lua/NBEngineLuaEncoder.m; sourceTree = "<group>"; };
		356CBACF12DB238800E07E46 /* NBEngineLuaHighlighter.h */ = {isa = PBXFileReference; fileEncoding = 4; lastKnownFileType = sourcecode.c.h; name = NBEngineLuaHighlighter.h; path = Lua/NBEngineLuaHighlighter.h; sourceTree = "<group>"; };
		356CBAD012DB238800E07E46 /* NBEngineLuaHighlighter.m */ = {isa = PBXFileReference; fileEncoding = 4; lastKnownFileType = sourcecode.c.objc; name = NBEngineLuaHighlighter.m; path = Lua/NBEngineLuaHighlighter.m; sourceTree = "<group>"; };
		356CBAD512DB239000E07E46 /* Info.plist */ = {isa = PBXFileReference; fileEncoding = 4; lastKnownFileType = text.plist.xml; name = Info.plist; path = Lua/Info.plist; sourceTree = "<group>"; };
		356CBAD612DB239000E07E46 /* lua.png */ = {isa = PBXFileReference; lastKnownFileType = image.png; name = lua.png; path = Lua/lua.png; sourceTree = "<group>"; };
		356CBB5612DB271000E07E46 /* RegexKit.framework */ = {isa = PBXFileReference; lastKnownFileType = wrapper.framework; name = RegexKit.framework; path = ../../External/RegexKit.framework; sourceTree = SOURCE_ROOT; };
		35DD54FB134945EF00F248F6 /* NBApplication.framework */ = {isa = PBXFileReference; explicitFileType = wrapper.framework; path = NBApplication.framework; sourceTree = SOURCE_ROOT; };
		35DD54FC134945EF00F248F6 /* NBCore.framework */ = {isa = PBXFileReference; explicitFileType = wrapper.framework; path = NBCore.framework; sourceTree = SOURCE_ROOT; };
		8D5B49B6048680CD000E48DA /* NBLua.bundle */ = {isa = PBXFileReference; explicitFileType = wrapper.cfbundle; includeInIndex = 0; path = NBLua.bundle; sourceTree = BUILT_PRODUCTS_DIR; };
		D2F7E65807B2D6F200F64583 /* CoreData.framework */ = {isa = PBXFileReference; lastKnownFileType = wrapper.framework; name = CoreData.framework; path = /System/Library/Frameworks/CoreData.framework; sourceTree = "<absolute>"; };
/* End PBXFileReference section */

/* Begin PBXFrameworksBuildPhase section */
		8D5B49B3048680CD000E48DA /* Frameworks */ = {
			isa = PBXFrameworksBuildPhase;
			buildActionMask = 2147483647;
			files = (
				353D8AB313494A54002AA7E2 /* LuaFramework.framework in Frameworks */,
				8D5B49B4048680CD000E48DA /* Cocoa.framework in Frameworks */,
				356CBB5712DB271000E07E46 /* RegexKit.framework in Frameworks */,
				35DD54FD134945EF00F248F6 /* NBApplication.framework in Frameworks */,
				35DD54FE134945EF00F248F6 /* NBCore.framework in Frameworks */,
			);
			runOnlyForDeploymentPostprocessing = 0;
		};
/* End PBXFrameworksBuildPhase section */

/* Begin PBXGroup section */
		089C166AFE841209C02AAC07 /* NBLua */ = {
			isa = PBXGroup;
			children = (
				08FB77AFFE84173DC02AAC07 /* Classes */,
				089C167CFE841241C02AAC07 /* Resources */,
				089C1671FE841209C02AAC07 /* Frameworks */,
				19C28FB8FE9D52D311CA2CBB /* Products */,
			);
			name = NBLua;
			sourceTree = "<group>";
		};
		089C1671FE841209C02AAC07 /* Frameworks */ = {
			isa = PBXGroup;
			children = (
				353D8AB213494A54002AA7E2 /* LuaFramework.framework */,
				35DD54FB134945EF00F248F6 /* NBApplication.framework */,
				35DD54FC134945EF00F248F6 /* NBCore.framework */,
				1058C7ACFEA557BF11CA2CBB /* Linked Frameworks */,
				1058C7AEFEA557BF11CA2CBB /* Other Frameworks */,
			);
			name = Frameworks;
			sourceTree = "<group>";
		};
		089C167CFE841241C02AAC07 /* Resources */ = {
			isa = PBXGroup;
			children = (
				356CBAD512DB239000E07E46 /* Info.plist */,
				356CBAD612DB239000E07E46 /* lua.png */,
			);
			name = Resources;
			sourceTree = "<group>";
		};
		08FB77AFFE84173DC02AAC07 /* Classes */ = {
			isa = PBXGroup;
			children = (
				356CBAC912DB238800E07E46 /* NBEngineLua.h */,
				356CBACA12DB238800E07E46 /* NBEngineLua.m */,
				356CBACB12DB238800E07E46 /* NBEngineLuaBackend.h */,
				356CBACC12DB238800E07E46 /* NBEngineLuaBackend.m */,
				356CBACD12DB238800E07E46 /* NBEngineLuaEncoder.h */,
				356CBACE12DB238800E07E46 /* NBEngineLuaEncoder.m */,
				356CBACF12DB238800E07E46 /* NBEngineLuaHighlighter.h */,
				356CBAD012DB238800E07E46 /* NBEngineLuaHighlighter.m */,
				354087E312E3010A00C4D39E /* NBEngineLuaDocument.h */,
				354087E412E3010A00C4D39E /* NBEngineLuaDocument.m */,
			);
			name = Classes;
			sourceTree = "<group>";
		};
		1058C7ACFEA557BF11CA2CBB /* Linked Frameworks */ = {
			isa = PBXGroup;
			children = (
				356CBB5612DB271000E07E46 /* RegexKit.framework */,
				1058C7ADFEA557BF11CA2CBB /* Cocoa.framework */,
			);
			name = "Linked Frameworks";
			sourceTree = "<group>";
		};
		1058C7AEFEA557BF11CA2CBB /* Other Frameworks */ = {
			isa = PBXGroup;
			children = (
				089C167FFE841241C02AAC07 /* AppKit.framework */,
				D2F7E65807B2D6F200F64583 /* CoreData.framework */,
				089C1672FE841209C02AAC07 /* Foundation.framework */,
			);
			name = "Other Frameworks";
			sourceTree = "<group>";
		};
		19C28FB8FE9D52D311CA2CBB /* Products */ = {
			isa = PBXGroup;
			children = (
				8D5B49B6048680CD000E48DA /* NBLua.bundle */,
			);
			name = Products;
			sourceTree = "<group>";
		};
/* End PBXGroup section */

/* Begin PBXNativeTarget section */
		8D5B49AC048680CD000E48DA /* NBLua */ = {
			isa = PBXNativeTarget;
			buildConfigurationList = 1DEB913A08733D840010E9CD /* Build configuration list for PBXNativeTarget "NBLua" */;
			buildPhases = (
				8D5B49AF048680CD000E48DA /* Resources */,
				8D5B49B1048680CD000E48DA /* Sources */,
				8D5B49B3048680CD000E48DA /* Frameworks */,
				3522DF2D134949910091FF96 /* CopyFiles */,
			);
			buildRules = (
			);
			dependencies = (
			);
			name = NBLua;
			productInstallPath = "$(HOME)/Library/Bundles";
			productName = NBLua;
			productReference = 8D5B49B6048680CD000E48DA /* NBLua.bundle */;
			productType = "com.apple.product-type.bundle";
		};
/* End PBXNativeTarget section */

/* Begin PBXProject section */
		089C1669FE841209C02AAC07 /* Project object */ = {
			isa = PBXProject;
			buildConfigurationList = 1DEB913E08733D840010E9CD /* Build configuration list for PBXProject "NBLua" */;
			compatibilityVersion = "Xcode 3.1";
			developmentRegion = English;
			hasScannedForEncodings = 1;
			knownRegions = (
				English,
				Japanese,
				French,
				German,
			);
			mainGroup = 089C166AFE841209C02AAC07 /* NBLua */;
			projectDirPath = "";
			projectRoot = "";
			targets = (
				8D5B49AC048680CD000E48DA /* NBLua */,
			);
		};
/* End PBXProject section */

/* Begin PBXResourcesBuildPhase section */
		8D5B49AF048680CD000E48DA /* Resources */ = {
			isa = PBXResourcesBuildPhase;
			buildActionMask = 2147483647;
			files = (
				356CBAD812DB239000E07E46 /* lua.png in Resources */,
			);
			runOnlyForDeploymentPostprocessing = 0;
		};
/* End PBXResourcesBuildPhase section */

/* Begin PBXSourcesBuildPhase section */
		8D5B49B1048680CD000E48DA /* Sources */ = {
			isa = PBXSourcesBuildPhase;
			buildActionMask = 2147483647;
			files = (
				356CBAD112DB238800E07E46 /* NBEngineLua.m in Sources */,
				356CBAD212DB238800E07E46 /* NBEngineLuaBackend.m in Sources */,
				356CBAD312DB238800E07E46 /* NBEngineLuaEncoder.m in Sources */,
				356CBAD412DB238800E07E46 /* NBEngineLuaHighlighter.m in Sources */,
				354087E512E3010A00C4D39E /* NBEngineLuaDocument.m in Sources */,
			);
			runOnlyForDeploymentPostprocessing = 0;
		};
/* End PBXSourcesBuildPhase section */

/* Begin XCBuildConfiguration section */
		1DEB913B08733D840010E9CD /* Debug */ = {
			isa = XCBuildConfiguration;
			buildSettings = {
				ALWAYS_SEARCH_USER_PATHS = NO;
				COPY_PHASE_STRIP = NO;
				FRAMEWORK_SEARCH_PATHS = (
					"$(inherited)",
					"\"$(SRCROOT)/../../External\"",
					"\"$(SRCROOT)\"",
					"\"$(SRCROOT)/../../External/Lua/build/Default\"",
				);
				GCC_DYNAMIC_NO_PIC = NO;
				GCC_ENABLE_FIX_AND_CONTINUE = YES;
				GCC_MODEL_TUNING = G5;
				GCC_OPTIMIZATION_LEVEL = 0;
				GCC_PRECOMPILE_PREFIX_HEADER = YES;
				GCC_PREFIX_HEADER = "";
				GCC_VERSION = com.apple.compilers.llvm.clang.1_0;
				INFOPLIST_FILE = Lua/Info.plist;
				INSTALL_PATH = "$(HOME)/Library/Bundles";
				LIBRARY_SEARCH_PATHS = "";
				PRODUCT_NAME = NBLua;
				SDKROOT = macosx;
				WRAPPER_EXTENSION = bundle;
			};
			name = Debug;
		};
		1DEB913C08733D840010E9CD /* Release */ = {
			isa = XCBuildConfiguration;
			buildSettings = {
				ALWAYS_SEARCH_USER_PATHS = NO;
				DEBUG_INFORMATION_FORMAT = "dwarf-with-dsym";
				FRAMEWORK_SEARCH_PATHS = (
					"$(inherited)",
					"\"$(SRCROOT)/../../External\"",
					"\"$(SRCROOT)\"",
					"\"$(SRCROOT)/../../External/Lua/build/Default\"",
				);
				GCC_MODEL_TUNING = G5;
				GCC_PRECOMPILE_PREFIX_HEADER = YES;
				GCC_PREFIX_HEADER = "";
				GCC_VERSION = com.apple.compilers.llvm.clang.1_0;
				HEADER_SEARCH_PATHS = "";
				INFOPLIST_FILE = Lua/Info.plist;
				INSTALL_PATH = "$(HOME)/Library/Bundles";
				LIBRARY_SEARCH_PATHS = "";
				PRODUCT_NAME = NBLua;
				SDKROOT = macosx;
				WRAPPER_EXTENSION = bundle;
			};
			name = Release;
		};
		1DEB913F08733D840010E9CD /* Debug */ = {
			isa = XCBuildConfiguration;
			buildSettings = {
				ARCHS = "$(ARCHS_STANDARD_32_64_BIT)";
				GCC_C_LANGUAGE_STANDARD = gnu99;
				GCC_ENABLE_OBJC_GC = required;
				GCC_OPTIMIZATION_LEVEL = 0;
				GCC_WARN_ABOUT_RETURN_TYPE = YES;
				GCC_WARN_UNUSED_VARIABLE = YES;
				ONLY_ACTIVE_ARCH = YES;
				PREBINDING = NO;
				SDKROOT = macosx10.6;
				SYMROOT = ../../Build;
			};
			name = Debug;
		};
		1DEB914008733D840010E9CD /* Release */ = {
			isa = XCBuildConfiguration;
			buildSettings = {
				ARCHS = "$(ARCHS_STANDARD_32_64_BIT)";
				GCC_C_LANGUAGE_STANDARD = gnu99;
				GCC_ENABLE_OBJC_GC = required;
				GCC_WARN_ABOUT_RETURN_TYPE = YES;
				GCC_WARN_UNUSED_VARIABLE = YES;
				HEADER_SEARCH_PATHS = /opt/local/include;
				LIBRARY_SEARCH_PATHS = /opt/local/lib;
				OTHER_LDFLAGS = "-llua";
				PREBINDING = NO;
				SDKROOT = macosx10.6;
				SYMROOT = ../../Build;
			};
			name = Release;
		};
/* End XCBuildConfiguration section */

/* Begin XCConfigurationList section */
		1DEB913A08733D840010E9CD /* Build configuration list for PBXNativeTarget "NBLua" */ = {
			isa = XCConfigurationList;
			buildConfigurations = (
				1DEB913B08733D840010E9CD /* Debug */,
				1DEB913C08733D840010E9CD /* Release */,
			);
			defaultConfigurationIsVisible = 0;
			defaultConfigurationName = Release;
		};
		1DEB913E08733D840010E9CD /* Build configuration list for PBXProject "NBLua" */ = {
			isa = XCConfigurationList;
			buildConfigurations = (
				1DEB913F08733D840010E9CD /* Debug */,
				1DEB914008733D840010E9CD /* Release */,
			);
			defaultConfigurationIsVisible = 0;
			defaultConfigurationName = Release;
		};
/* End XCConfigurationList section */
	};
	rootObject = 089C1669FE841209C02AAC07 /* Project object */;
}
