// !$*UTF8*$!
{
	archiveVersion = 1;
	classes = {
	};
	objectVersion = 45;
	objects = {

/* Begin PBXBuildFile section */
		3500A8E71343F287009944D4 /* NBPython.bundle in Copy Language PlugIns */ = {isa = PBXBuildFile; fileRef = 3500A8E51343F287009944D4 /* NBPython.bundle */; };
		3500A8E81343F287009944D4 /* NBRuby.bundle in Copy Language PlugIns */ = {isa = PBXBuildFile; fileRef = 3500A8E61343F287009944D4 /* NBRuby.bundle */; };
		3500A8EF1343F2C3009944D4 /* JSON.framework in Frameworks */ = {isa = PBXBuildFile; fileRef = 3500A8EA1343F2C3009944D4 /* JSON.framework */; };
		3500A8F01343F2C3009944D4 /* NBApplication.framework in Frameworks */ = {isa = PBXBuildFile; fileRef = 3500A8EB1343F2C3009944D4 /* NBApplication.framework */; };
		3500A8F11343F2C3009944D4 /* NBCore.framework in Frameworks */ = {isa = PBXBuildFile; fileRef = 3500A8EC1343F2C3009944D4 /* NBCore.framework */; };
		3500A8F21343F2C3009944D4 /* NBUI.framework in Frameworks */ = {isa = PBXBuildFile; fileRef = 3500A8ED1343F2C3009944D4 /* NBUI.framework */; };
		3500A8F51343F2DC009944D4 /* NotebookAppDelegate.m in Sources */ = {isa = PBXBuildFile; fileRef = 3500A8F41343F2DC009944D4 /* NotebookAppDelegate.m */; };
		3500A8F71343F2E2009944D4 /* main.m in Sources */ = {isa = PBXBuildFile; fileRef = 3500A8F61343F2E2009944D4 /* main.m */; };
		3500A8FB1343F2EA009944D4 /* MainMenu.xib in Resources */ = {isa = PBXBuildFile; fileRef = 3500A8F91343F2EA009944D4 /* MainMenu.xib */; };
		3500A9021343F300009944D4 /* Notebook.icns in Resources */ = {isa = PBXBuildFile; fileRef = 3500A9011343F300009944D4 /* Notebook.icns */; };
		3535B2CD1343F41E00E3AEEA /* morrowind.js in Copy Themes */ = {isa = PBXBuildFile; fileRef = 3500A8FD1343F2F4009944D4 /* morrowind.js */; };
		3535B2CE1343F42000E3AEEA /* tango.js in Copy Themes */ = {isa = PBXBuildFile; fileRef = 3500A8FE1343F2F4009944D4 /* tango.js */; };
		3535B2D01343F42700E3AEEA /* JSON.framework in Copy Frameworks */ = {isa = PBXBuildFile; fileRef = 3500A8EA1343F2C3009944D4 /* JSON.framework */; };
		3535B2D11343F42900E3AEEA /* NBApplication.framework in Copy Frameworks */ = {isa = PBXBuildFile; fileRef = 3500A8EB1343F2C3009944D4 /* NBApplication.framework */; };
		3535B2D21343F42B00E3AEEA /* NBCore.framework in Copy Frameworks */ = {isa = PBXBuildFile; fileRef = 3500A8EC1343F2C3009944D4 /* NBCore.framework */; };
		3535B2D31343F42E00E3AEEA /* NBUI.framework in Copy Frameworks */ = {isa = PBXBuildFile; fileRef = 3500A8ED1343F2C3009944D4 /* NBUI.framework */; };
		3535B2D51343F48800E3AEEA /* RegexKit.framework in Frameworks */ = {isa = PBXBuildFile; fileRef = 3535B2D41343F48800E3AEEA /* RegexKit.framework */; };
		3535B2D61343F49300E3AEEA /* RegexKit.framework in Copy Frameworks */ = {isa = PBXBuildFile; fileRef = 3535B2D41343F48800E3AEEA /* RegexKit.framework */; };
		355AADC512DBB75300A9FA54 /* QuartzCore.framework in Frameworks */ = {isa = PBXBuildFile; fileRef = 355AADC412DBB75300A9FA54 /* QuartzCore.framework */; };
		8D11072F0486CEB800E47090 /* Cocoa.framework in Frameworks */ = {isa = PBXBuildFile; fileRef = 1058C7A1FEA54F0111CA2CBB /* Cocoa.framework */; };
/* End PBXBuildFile section */

/* Begin PBXCopyFilesBuildPhase section */
		355AAD2F12DBB60300A9FA54 /* Copy Language PlugIns */ = {
			isa = PBXCopyFilesBuildPhase;
			buildActionMask = 2147483647;
			dstPath = "";
			dstSubfolderSpec = 13;
			files = (
				3500A8E71343F287009944D4 /* NBPython.bundle in Copy Language PlugIns */,
				3500A8E81343F287009944D4 /* NBRuby.bundle in Copy Language PlugIns */,
			);
			name = "Copy Language PlugIns";
			runOnlyForDeploymentPostprocessing = 0;
		};
		355AADE712DBB7BA00A9FA54 /* Copy Frameworks */ = {
			isa = PBXCopyFilesBuildPhase;
			buildActionMask = 2147483647;
			dstPath = "";
			dstSubfolderSpec = 10;
			files = (
				3535B2D01343F42700E3AEEA /* JSON.framework in Copy Frameworks */,
				3535B2D21343F42B00E3AEEA /* NBCore.framework in Copy Frameworks */,
				3535B2D61343F49300E3AEEA /* RegexKit.framework in Copy Frameworks */,
				3535B2D31343F42E00E3AEEA /* NBUI.framework in Copy Frameworks */,
				3535B2D11343F42900E3AEEA /* NBApplication.framework in Copy Frameworks */,
			);
			name = "Copy Frameworks";
			runOnlyForDeploymentPostprocessing = 0;
		};
		3576FE0A12DBC8C500C2ED92 /* Copy Themes */ = {
			isa = PBXCopyFilesBuildPhase;
			buildActionMask = 2147483647;
			dstPath = Themes;
			dstSubfolderSpec = 7;
			files = (
				3535B2CD1343F41E00E3AEEA /* morrowind.js in Copy Themes */,
				3535B2CE1343F42000E3AEEA /* tango.js in Copy Themes */,
			);
			name = "Copy Themes";
			runOnlyForDeploymentPostprocessing = 0;
		};
/* End PBXCopyFilesBuildPhase section */

/* Begin PBXFileReference section */
		1058C7A1FEA54F0111CA2CBB /* Cocoa.framework */ = {isa = PBXFileReference; lastKnownFileType = wrapper.framework; name = Cocoa.framework; path = /System/Library/Frameworks/Cocoa.framework; sourceTree = "<absolute>"; };
		13E42FB307B3F0F600E4EEF1 /* CoreData.framework */ = {isa = PBXFileReference; lastKnownFileType = wrapper.framework; name = CoreData.framework; path = /System/Library/Frameworks/CoreData.framework; sourceTree = "<absolute>"; };
		29B97324FDCFA39411CA2CEA /* AppKit.framework */ = {isa = PBXFileReference; lastKnownFileType = wrapper.framework; name = AppKit.framework; path = /System/Library/Frameworks/AppKit.framework; sourceTree = "<absolute>"; };
		29B97325FDCFA39411CA2CEA /* Foundation.framework */ = {isa = PBXFileReference; lastKnownFileType = wrapper.framework; name = Foundation.framework; path = /System/Library/Frameworks/Foundation.framework; sourceTree = "<absolute>"; };
		3500A8E51343F287009944D4 /* NBPython.bundle */ = {isa = PBXFileReference; explicitFileType = wrapper.cfbundle; name = NBPython.bundle; path = /Users/hortont/src/notebook/Build/Debug/NBPython.bundle; sourceTree = "<absolute>"; };
		3500A8E61343F287009944D4 /* NBRuby.bundle */ = {isa = PBXFileReference; explicitFileType = wrapper.cfbundle; name = NBRuby.bundle; path = /Users/hortont/src/notebook/Build/Debug/NBRuby.bundle; sourceTree = "<absolute>"; };
		3500A8E91343F2C3009944D4 /* BWToolkitFrameworkMAS.framework */ = {isa = PBXFileReference; explicitFileType = wrapper.framework; name = BWToolkitFrameworkMAS.framework; path = /Users/hortont/src/notebook/Build/Debug/BWToolkitFrameworkMAS.framework; sourceTree = "<absolute>"; };
		3500A8EA1343F2C3009944D4 /* JSON.framework */ = {isa = PBXFileReference; explicitFileType = wrapper.framework; name = JSON.framework; path = /Users/hortont/src/notebook/Build/Debug/JSON.framework; sourceTree = "<absolute>"; };
		3500A8EB1343F2C3009944D4 /* NBApplication.framework */ = {isa = PBXFileReference; explicitFileType = wrapper.framework; name = NBApplication.framework; path = /Users/hortont/src/notebook/Build/Debug/NBApplication.framework; sourceTree = "<absolute>"; };
		3500A8EC1343F2C3009944D4 /* NBCore.framework */ = {isa = PBXFileReference; explicitFileType = wrapper.framework; name = NBCore.framework; path = /Users/hortont/src/notebook/Build/Debug/NBCore.framework; sourceTree = "<absolute>"; };
		3500A8ED1343F2C3009944D4 /* NBUI.framework */ = {isa = PBXFileReference; explicitFileType = wrapper.framework; name = NBUI.framework; path = /Users/hortont/src/notebook/Build/Debug/NBUI.framework; sourceTree = "<absolute>"; };
		3500A8F31343F2DC009944D4 /* NotebookAppDelegate.h */ = {isa = PBXFileReference; fileEncoding = 4; lastKnownFileType = sourcecode.c.h; name = NotebookAppDelegate.h; path = Notebook/NotebookAppDelegate.h; sourceTree = "<group>"; };
		3500A8F41343F2DC009944D4 /* NotebookAppDelegate.m */ = {isa = PBXFileReference; fileEncoding = 4; lastKnownFileType = sourcecode.c.objc; name = NotebookAppDelegate.m; path = Notebook/NotebookAppDelegate.m; sourceTree = "<group>"; };
		3500A8F61343F2E2009944D4 /* main.m */ = {isa = PBXFileReference; fileEncoding = 4; lastKnownFileType = sourcecode.c.objc; name = main.m; path = Notebook/main.m; sourceTree = "<group>"; };
		3500A8F81343F2EA009944D4 /* Info.plist */ = {isa = PBXFileReference; fileEncoding = 4; lastKnownFileType = text.plist.xml; name = Info.plist; path = Notebook/Info.plist; sourceTree = "<group>"; };
		3500A8F91343F2EA009944D4 /* MainMenu.xib */ = {isa = PBXFileReference; fileEncoding = 4; lastKnownFileType = file.xib; name = MainMenu.xib; path = Notebook/MainMenu.xib; sourceTree = "<group>"; };
		3500A8FD1343F2F4009944D4 /* morrowind.js */ = {isa = PBXFileReference; fileEncoding = 4; lastKnownFileType = sourcecode.javascript; path = morrowind.js; sourceTree = "<group>"; };
		3500A8FE1343F2F4009944D4 /* tango.js */ = {isa = PBXFileReference; fileEncoding = 4; lastKnownFileType = sourcecode.javascript; path = tango.js; sourceTree = "<group>"; };
		3500A9011343F300009944D4 /* Notebook.icns */ = {isa = PBXFileReference; lastKnownFileType = image.icns; name = Notebook.icns; path = ../Artwork/Notebook.icns; sourceTree = "<group>"; };
		3535B2D41343F48800E3AEEA /* RegexKit.framework */ = {isa = PBXFileReference; lastKnownFileType = wrapper.framework; name = RegexKit.framework; path = ../External/RegexKit.framework; sourceTree = "<group>"; };
		355AADC412DBB75300A9FA54 /* QuartzCore.framework */ = {isa = PBXFileReference; lastKnownFileType = wrapper.framework; name = QuartzCore.framework; path = System/Library/Frameworks/QuartzCore.framework; sourceTree = SDKROOT; };
		8D1107320486CEB800E47090 /* Notebook.app */ = {isa = PBXFileReference; explicitFileType = wrapper.application; includeInIndex = 0; path = Notebook.app; sourceTree = BUILT_PRODUCTS_DIR; };
/* End PBXFileReference section */

/* Begin PBXFrameworksBuildPhase section */
		8D11072E0486CEB800E47090 /* Frameworks */ = {
			isa = PBXFrameworksBuildPhase;
			buildActionMask = 2147483647;
			files = (
				3500A8EF1343F2C3009944D4 /* JSON.framework in Frameworks */,
				3500A8F01343F2C3009944D4 /* NBApplication.framework in Frameworks */,
				3500A8F11343F2C3009944D4 /* NBCore.framework in Frameworks */,
				3500A8F21343F2C3009944D4 /* NBUI.framework in Frameworks */,
				8D11072F0486CEB800E47090 /* Cocoa.framework in Frameworks */,
				3535B2D51343F48800E3AEEA /* RegexKit.framework in Frameworks */,
				355AADC512DBB75300A9FA54 /* QuartzCore.framework in Frameworks */,
			);
			runOnlyForDeploymentPostprocessing = 0;
		};
/* End PBXFrameworksBuildPhase section */

/* Begin PBXGroup section */
		080E96DDFE201D6D7F000001 /* Classes */ = {
			isa = PBXGroup;
			children = (
				3500A8F31343F2DC009944D4 /* NotebookAppDelegate.h */,
				3500A8F41343F2DC009944D4 /* NotebookAppDelegate.m */,
			);
			name = Classes;
			sourceTree = "<group>";
		};
		19C28FACFE9D520D11CA2CBB /* Products */ = {
			isa = PBXGroup;
			children = (
				8D1107320486CEB800E47090 /* Notebook.app */,
			);
			name = Products;
			sourceTree = "<group>";
		};
		29B97314FDCFA39411CA2CEA /* Notebook */ = {
			isa = PBXGroup;
			children = (
				35BE1B3C1343F23A00F4DC95 /* Languages */,
				080E96DDFE201D6D7F000001 /* Classes */,
				29B97315FDCFA39411CA2CEA /* Other Sources */,
				29B97317FDCFA39411CA2CEA /* Resources */,
				29B97323FDCFA39411CA2CEA /* Frameworks */,
				19C28FACFE9D520D11CA2CBB /* Products */,
			);
			name = Notebook;
			sourceTree = "<group>";
		};
		29B97315FDCFA39411CA2CEA /* Other Sources */ = {
			isa = PBXGroup;
			children = (
				3500A8F61343F2E2009944D4 /* main.m */,
			);
			name = "Other Sources";
			sourceTree = "<group>";
		};
		29B97317FDCFA39411CA2CEA /* Resources */ = {
			isa = PBXGroup;
			children = (
				3500A8FC1343F2F4009944D4 /* Themes */,
				3500A8F81343F2EA009944D4 /* Info.plist */,
				3500A9011343F300009944D4 /* Notebook.icns */,
				3500A8F91343F2EA009944D4 /* MainMenu.xib */,
			);
			name = Resources;
			sourceTree = "<group>";
		};
		29B97323FDCFA39411CA2CEA /* Frameworks */ = {
			isa = PBXGroup;
			children = (
				3535B2D41343F48800E3AEEA /* RegexKit.framework */,
				3500A8E91343F2C3009944D4 /* BWToolkitFrameworkMAS.framework */,
				3500A8EA1343F2C3009944D4 /* JSON.framework */,
				3500A8EB1343F2C3009944D4 /* NBApplication.framework */,
				3500A8EC1343F2C3009944D4 /* NBCore.framework */,
				3500A8ED1343F2C3009944D4 /* NBUI.framework */,
				1058C7A1FEA54F0111CA2CBB /* Cocoa.framework */,
				355AADC412DBB75300A9FA54 /* QuartzCore.framework */,
				29B97324FDCFA39411CA2CEA /* AppKit.framework */,
				13E42FB307B3F0F600E4EEF1 /* CoreData.framework */,
				29B97325FDCFA39411CA2CEA /* Foundation.framework */,
			);
			name = Frameworks;
			sourceTree = "<group>";
		};
		3500A8FC1343F2F4009944D4 /* Themes */ = {
			isa = PBXGroup;
			children = (
				3500A8FD1343F2F4009944D4 /* morrowind.js */,
				3500A8FE1343F2F4009944D4 /* tango.js */,
			);
			name = Themes;
			path = ../Themes;
			sourceTree = "<group>";
		};
		35BE1B3C1343F23A00F4DC95 /* Languages */ = {
			isa = PBXGroup;
			children = (
				3500A8E51343F287009944D4 /* NBPython.bundle */,
				3500A8E61343F287009944D4 /* NBRuby.bundle */,
			);
			name = Languages;
			sourceTree = "<group>";
		};
/* End PBXGroup section */

/* Begin PBXNativeTarget section */
		8D1107260486CEB800E47090 /* Notebook */ = {
			isa = PBXNativeTarget;
			buildConfigurationList = C01FCF4A08A954540054247B /* Build configuration list for PBXNativeTarget "Notebook" */;
			buildPhases = (
				8D1107290486CEB800E47090 /* Resources */,
				8D11072C0486CEB800E47090 /* Sources */,
				8D11072E0486CEB800E47090 /* Frameworks */,
				355AAD2F12DBB60300A9FA54 /* Copy Language PlugIns */,
				355AADE712DBB7BA00A9FA54 /* Copy Frameworks */,
				3576FE0A12DBC8C500C2ED92 /* Copy Themes */,
			);
			buildRules = (
			);
			dependencies = (
			);
			name = Notebook;
			productInstallPath = "$(HOME)/Applications";
			productName = Notebook;
			productReference = 8D1107320486CEB800E47090 /* Notebook.app */;
			productType = "com.apple.product-type.application";
		};
/* End PBXNativeTarget section */

/* Begin PBXProject section */
		29B97313FDCFA39411CA2CEA /* Project object */ = {
			isa = PBXProject;
			buildConfigurationList = C01FCF4E08A954540054247B /* Build configuration list for PBXProject "Notebook" */;
			compatibilityVersion = "Xcode 3.1";
			developmentRegion = English;
			hasScannedForEncodings = 1;
			knownRegions = (
				English,
				Japanese,
				French,
				German,
			);
			mainGroup = 29B97314FDCFA39411CA2CEA /* Notebook */;
			projectDirPath = "";
			projectRoot = "";
			targets = (
				8D1107260486CEB800E47090 /* Notebook */,
			);
		};
/* End PBXProject section */

/* Begin PBXResourcesBuildPhase section */
		8D1107290486CEB800E47090 /* Resources */ = {
			isa = PBXResourcesBuildPhase;
			buildActionMask = 2147483647;
			files = (
				3500A8FB1343F2EA009944D4 /* MainMenu.xib in Resources */,
				3500A9021343F300009944D4 /* Notebook.icns in Resources */,
			);
			runOnlyForDeploymentPostprocessing = 0;
		};
/* End PBXResourcesBuildPhase section */

/* Begin PBXSourcesBuildPhase section */
		8D11072C0486CEB800E47090 /* Sources */ = {
			isa = PBXSourcesBuildPhase;
			buildActionMask = 2147483647;
			files = (
				3500A8F51343F2DC009944D4 /* NotebookAppDelegate.m in Sources */,
				3500A8F71343F2E2009944D4 /* main.m in Sources */,
			);
			runOnlyForDeploymentPostprocessing = 0;
		};
/* End PBXSourcesBuildPhase section */

/* Begin XCBuildConfiguration section */
		C01FCF4B08A954540054247B /* Debug */ = {
			isa = XCBuildConfiguration;
			buildSettings = {
				ALWAYS_SEARCH_USER_PATHS = NO;
				COPY_PHASE_STRIP = NO;
				FRAMEWORK_SEARCH_PATHS = (
					"$(inherited)",
					"\"$(SRCROOT)/../Build/Debug\"",
					"\"$(SRCROOT)/../External\"",
				);
				GCC_DYNAMIC_NO_PIC = NO;
				GCC_ENABLE_FIX_AND_CONTINUE = YES;
				GCC_MODEL_TUNING = G5;
				GCC_OPTIMIZATION_LEVEL = 0;
				GCC_PRECOMPILE_PREFIX_HEADER = YES;
				GCC_VERSION = com.apple.compilers.llvm.clang.1_0;
				INFOPLIST_FILE = Notebook/Info.plist;
				INSTALL_PATH = "$(HOME)/Applications";
				LD_RUNPATH_SEARCH_PATHS = "@executable_path/../Frameworks";
				MACOSX_DEPLOYMENT_TARGET = 10.6;
				PRODUCT_NAME = Notebook;
				SDKROOT = macosx;
			};
			name = Debug;
		};
		C01FCF4C08A954540054247B /* Release */ = {
			isa = XCBuildConfiguration;
			buildSettings = {
				ALWAYS_SEARCH_USER_PATHS = NO;
				DEBUG_INFORMATION_FORMAT = "dwarf-with-dsym";
				FRAMEWORK_SEARCH_PATHS = (
					"$(inherited)",
					"\"$(SRCROOT)/../Build/Debug\"",
					"\"$(SRCROOT)/../External\"",
				);
				GCC_MODEL_TUNING = G5;
				GCC_PRECOMPILE_PREFIX_HEADER = YES;
				GCC_VERSION = com.apple.compilers.llvm.clang.1_0;
				INFOPLIST_FILE = Notebook/Info.plist;
				INSTALL_PATH = "$(HOME)/Applications";
				LD_RUNPATH_SEARCH_PATHS = "@executable_path/../Frameworks";
				MACOSX_DEPLOYMENT_TARGET = 10.6;
				PRODUCT_NAME = Notebook;
				SDKROOT = macosx;
			};
			name = Release;
		};
		C01FCF4F08A954540054247B /* Debug */ = {
			isa = XCBuildConfiguration;
			buildSettings = {
				ARCHS = "$(ARCHS_STANDARD_32_64_BIT)";
				GCC_C_LANGUAGE_STANDARD = gnu99;
				GCC_ENABLE_OBJC_GC = required;
				GCC_OPTIMIZATION_LEVEL = 0;
				GCC_VERSION = com.apple.compilers.llvm.clang.1_0;
				GCC_WARN_ABOUT_RETURN_TYPE = YES;
				GCC_WARN_UNUSED_VARIABLE = YES;
				IBC_PLUGIN_SEARCH_PATHS = "$(BUILT_PRODUCTS_DIR)/**";
				ONLY_ACTIVE_ARCH = YES;
				PREBINDING = NO;
				SDKROOT = macosx10.6;
				SYMROOT = ../Build;
			};
			name = Debug;
		};
		C01FCF5008A954540054247B /* Release */ = {
			isa = XCBuildConfiguration;
			buildSettings = {
				ARCHS = "$(ARCHS_STANDARD_32_64_BIT)";
				GCC_C_LANGUAGE_STANDARD = gnu99;
				GCC_ENABLE_OBJC_GC = required;
				GCC_VERSION = com.apple.compilers.llvm.clang.1_0;
				GCC_WARN_ABOUT_RETURN_TYPE = YES;
				GCC_WARN_UNUSED_VARIABLE = YES;
				IBC_PLUGIN_SEARCH_PATHS = "$(BUILT_PRODUCTS_DIR)/**";
				PREBINDING = NO;
				SDKROOT = macosx10.6;
				SYMROOT = ../Build;
			};
			name = Release;
		};
/* End XCBuildConfiguration section */

/* Begin XCConfigurationList section */
		C01FCF4A08A954540054247B /* Build configuration list for PBXNativeTarget "Notebook" */ = {
			isa = XCConfigurationList;
			buildConfigurations = (
				C01FCF4B08A954540054247B /* Debug */,
				C01FCF4C08A954540054247B /* Release */,
			);
			defaultConfigurationIsVisible = 0;
			defaultConfigurationName = Release;
		};
		C01FCF4E08A954540054247B /* Build configuration list for PBXProject "Notebook" */ = {
			isa = XCConfigurationList;
			buildConfigurations = (
				C01FCF4F08A954540054247B /* Debug */,
				C01FCF5008A954540054247B /* Release */,
			);
			defaultConfigurationIsVisible = 0;
			defaultConfigurationName = Release;
		};
/* End XCConfigurationList section */
	};
	rootObject = 29B97313FDCFA39411CA2CEA /* Project object */;
}
