// !$*UTF8*$!
{
	archiveVersion = 1;
	classes = {
	};
	objectVersion = 45;
	objects = {

/* Begin PBXBuildFile section */
		1DDD58160DA1D0A300B32029 /* MainMenu.xib in Resources */ = {isa = PBXBuildFile; fileRef = 1DDD58140DA1D0A300B32029 /* MainMenu.xib */; };
		351106AC12BC942B00FCCF7A /* NBCommentCellView.m in Sources */ = {isa = PBXBuildFile; fileRef = 351106AB12BC942B00FCCF7A /* NBCommentCellView.m */; };
		351106FA12BC98E900FCCF7A /* NBCommentView.m in Sources */ = {isa = PBXBuildFile; fileRef = 351106F912BC98E900FCCF7A /* NBCommentView.m */; };
		3519D75812C4556D00E389FE /* NBEngineEncoder.h in Headers */ = {isa = PBXBuildFile; fileRef = 3519D75612C4556D00E389FE /* NBEngineEncoder.h */; };
		3519D75912C4556D00E389FE /* NBEngineEncoder.m in Sources */ = {isa = PBXBuildFile; fileRef = 3519D75712C4556D00E389FE /* NBEngineEncoder.m */; };
		35295A1E12BDBAB100BCAD1E /* NBHighlightSettings.m in Sources */ = {isa = PBXBuildFile; fileRef = 35295A1D12BDBAB100BCAD1E /* NBHighlightSettings.m */; };
		35295A8D12BDCF6600BCAD1E /* morrowind.js in Copy Themes */ = {isa = PBXBuildFile; fileRef = 35295A8512BDCF4C00BCAD1E /* morrowind.js */; };
		352F59B1129B5E5300C34824 /* main.m in Sources */ = {isa = PBXBuildFile; fileRef = 352F597A129B5E5300C34824 /* main.m */; };
		352F59B2129B5E5300C34824 /* NBCell.m in Sources */ = {isa = PBXBuildFile; fileRef = 352F597D129B5E5300C34824 /* NBCell.m */; };
		352F59B3129B5E5300C34824 /* NBCellView.m in Sources */ = {isa = PBXBuildFile; fileRef = 352F597F129B5E5300C34824 /* NBCellView.m */; };
		352F59B4129B5E5300C34824 /* NBSourceCellView.m in Sources */ = {isa = PBXBuildFile; fileRef = 352F5983129B5E5300C34824 /* NBSourceCellView.m */; };
		352F59BA129B5E5300C34824 /* NBNotebook.m in Sources */ = {isa = PBXBuildFile; fileRef = 352F5993129B5E5300C34824 /* NBNotebook.m */; };
		352F59BB129B5E5300C34824 /* NBNotebookView.m in Sources */ = {isa = PBXBuildFile; fileRef = 352F5995129B5E5300C34824 /* NBNotebookView.m */; };
		352F59BD129B5E5300C34824 /* NBSettings.m in Sources */ = {isa = PBXBuildFile; fileRef = 352F599B129B5E5300C34824 /* NBSettings.m */; };
		352F59BE129B5E5300C34824 /* NBOutputView.m in Sources */ = {isa = PBXBuildFile; fileRef = 352F599F129B5E5300C34824 /* NBOutputView.m */; };
		352F59C0129B5E5300C34824 /* NBSourceView.m in Sources */ = {isa = PBXBuildFile; fileRef = 352F59A5129B5E5300C34824 /* NBSourceView.m */; };
		352F59C2129B5E5300C34824 /* NBTextView.m in Sources */ = {isa = PBXBuildFile; fileRef = 352F59AA129B5E5300C34824 /* NBTextView.m */; };
		352F59C4129B5E5300C34824 /* NotebookAppDelegate.m in Sources */ = {isa = PBXBuildFile; fileRef = 352F59B0129B5E5300C34824 /* NotebookAppDelegate.m */; };
		353E2B851295F2B8001A40B6 /* QuartzCore.framework in Frameworks */ = {isa = PBXBuildFile; fileRef = 353E2B841295F2B8001A40B6 /* QuartzCore.framework */; };
		3547DEB912C1907700B6C5F7 /* BWToolkitFramework.framework in Frameworks */ = {isa = PBXBuildFile; fileRef = 3547DEB812C1907700B6C5F7 /* BWToolkitFramework.framework */; };
		3547DF0712C1917300B6C5F7 /* BWToolkitFramework.framework in Copy Frameworks */ = {isa = PBXBuildFile; fileRef = 3547DEB812C1907700B6C5F7 /* BWToolkitFramework.framework */; };
		3547E01812C1BEC700B6C5F7 /* NotebookDocument.m in Sources */ = {isa = PBXBuildFile; fileRef = 3547E01712C1BEC700B6C5F7 /* NotebookDocument.m */; };
		3555392C129B9AD600C4E048 /* Python.bundle in Copy Plugins */ = {isa = PBXBuildFile; fileRef = 359E3889129B9A5F00044B12 /* Python.bundle */; };
		3555D3681296153000FBC06F /* Python.framework in Frameworks */ = {isa = PBXBuildFile; fileRef = 3555D3671296153000FBC06F /* Python.framework */; };
		355753AB129BA35000F5A1CC /* python.png in Resources */ = {isa = PBXBuildFile; fileRef = 355753A9129BA34300F5A1CC /* python.png */; };
		355CE8B212C351F900EF19E7 /* NBEngine.framework in Copy Frameworks */ = {isa = PBXBuildFile; fileRef = 359E37B2129B8FF000044B12 /* NBEngine.framework */; };
		35761587129C2417000B442B /* Notebook.xib in Resources */ = {isa = PBXBuildFile; fileRef = 35761585129C2417000B442B /* Notebook.xib */; };
		357FF73A1297A7D200A661E5 /* Carbon.framework in Frameworks */ = {isa = PBXBuildFile; fileRef = 357FF7391297A7D200A661E5 /* Carbon.framework */; };
		35812B8D129B84030092AECD /* NBCreateNotebookView.m in Sources */ = {isa = PBXBuildFile; fileRef = 35812B8C129B84030092AECD /* NBCreateNotebookView.m */; };
		35812B8F129B84170092AECD /* NBCreateNotebookView.xib in Resources */ = {isa = PBXBuildFile; fileRef = 35812B8E129B84170092AECD /* NBCreateNotebookView.xib */; };
		358D27B012C40282000ACCB6 /* NotebookWindowController.m in Sources */ = {isa = PBXBuildFile; fileRef = 358D27AF12C40282000ACCB6 /* NotebookWindowController.m */; };
		358D61DB12C0195C006A7A06 /* LICENSE in Resources */ = {isa = PBXBuildFile; fileRef = 358D61D912C0195C006A7A06 /* LICENSE */; };
		358D61DC12C0195C006A7A06 /* README.md in Resources */ = {isa = PBXBuildFile; fileRef = 358D61DA12C0195C006A7A06 /* README.md */; };
		358DDA8912BD436400B9D70A /* NBPassthroughTextField.m in Sources */ = {isa = PBXBuildFile; fileRef = 358DDA8812BD436400B9D70A /* NBPassthroughTextField.m */; };
		358DDB0512BD4FFC00B9D70A /* JSON.framework in Frameworks */ = {isa = PBXBuildFile; fileRef = 358DDB0412BD4FFC00B9D70A /* JSON.framework */; };
		358DDB2A12BD503100B9D70A /* JSON.framework in Copy Frameworks */ = {isa = PBXBuildFile; fileRef = 358DDB0412BD4FFC00B9D70A /* JSON.framework */; };
		358DDB4112BD6A1800B9D70A /* tango.js in Copy Themes */ = {isa = PBXBuildFile; fileRef = 358DDB3A12BD6A1500B9D70A /* tango.js */; };
		359E37B7129B901300044B12 /* NBEngine.m in Sources */ = {isa = PBXBuildFile; fileRef = 359E378D129B8FC800044B12 /* NBEngine.m */; };
		359E37B8129B901300044B12 /* NBEngineBackend.m in Sources */ = {isa = PBXBuildFile; fileRef = 359E378F129B8FC800044B12 /* NBEngineBackend.m */; };
		359E37B9129B901300044B12 /* NBEngineHighlighter.m in Sources */ = {isa = PBXBuildFile; fileRef = 359E3791129B8FC800044B12 /* NBEngineHighlighter.m */; };
		359E37BA129B901300044B12 /* NBEngineLoader.m in Sources */ = {isa = PBXBuildFile; fileRef = 359E3793129B8FC800044B12 /* NBEngineLoader.m */; };
		359E37BB129B902400044B12 /* NBEngine.h in Headers */ = {isa = PBXBuildFile; fileRef = 359E378C129B8FC800044B12 /* NBEngine.h */; };
		359E37BC129B902400044B12 /* NBEngineBackend.h in Headers */ = {isa = PBXBuildFile; fileRef = 359E378E129B8FC800044B12 /* NBEngineBackend.h */; };
		359E37BD129B902400044B12 /* NBEngineHighlighter.h in Headers */ = {isa = PBXBuildFile; fileRef = 359E3790129B8FC800044B12 /* NBEngineHighlighter.h */; };
		359E37BE129B902400044B12 /* NBEngineLoader.h in Headers */ = {isa = PBXBuildFile; fileRef = 359E3792129B8FC800044B12 /* NBEngineLoader.h */; };
		359E37C0129B903400044B12 /* Cocoa.framework in Frameworks */ = {isa = PBXBuildFile; fileRef = 1058C7A1FEA54F0111CA2CBB /* Cocoa.framework */; };
		359E37CC129B905A00044B12 /* NBEngine.framework in Frameworks */ = {isa = PBXBuildFile; fileRef = 359E37B2129B8FF000044B12 /* NBEngine.framework */; };
		359E3803129B918400044B12 /* Python.framework in Frameworks */ = {isa = PBXBuildFile; fileRef = 3555D3671296153000FBC06F /* Python.framework */; };
		359E3804129B918800044B12 /* Cocoa.framework in Frameworks */ = {isa = PBXBuildFile; fileRef = 1058C7A1FEA54F0111CA2CBB /* Cocoa.framework */; };
		359E3806129B919400044B12 /* NBEnginePython.m in Sources */ = {isa = PBXBuildFile; fileRef = 359E3796129B8FC800044B12 /* NBEnginePython.m */; };
		359E3807129B919400044B12 /* NBEnginePythonBackend.m in Sources */ = {isa = PBXBuildFile; fileRef = 359E3798129B8FC800044B12 /* NBEnginePythonBackend.m */; };
		359E3808129B919400044B12 /* NBEnginePythonHighlighter.m in Sources */ = {isa = PBXBuildFile; fileRef = 359E379A129B8FC800044B12 /* NBEnginePythonHighlighter.m */; };
		359E3838129B92B900044B12 /* NBEngine.framework in Frameworks */ = {isa = PBXBuildFile; fileRef = 359E37B2129B8FF000044B12 /* NBEngine.framework */; };
		35BE441512CEFC0700357718 /* NBEnginePythonEncoder.m in Sources */ = {isa = PBXBuildFile; fileRef = 35BE441412CEFC0700357718 /* NBEnginePythonEncoder.m */; };
		35F5CF841298C1490032AB15 /* RegexKit.framework in Frameworks */ = {isa = PBXBuildFile; fileRef = 35F5CF831298C1490032AB15 /* RegexKit.framework */; };
		35F5CF871298C14C0032AB15 /* RegexKit.framework in Copy Frameworks */ = {isa = PBXBuildFile; fileRef = 35F5CF831298C1490032AB15 /* RegexKit.framework */; };
		8D11072B0486CEB800E47090 /* InfoPlist.strings in Resources */ = {isa = PBXBuildFile; fileRef = 089C165CFE840E0CC02AAC07 /* InfoPlist.strings */; };
		8D11072F0486CEB800E47090 /* Cocoa.framework in Frameworks */ = {isa = PBXBuildFile; fileRef = 1058C7A1FEA54F0111CA2CBB /* Cocoa.framework */; };
/* End PBXBuildFile section */

/* Begin PBXContainerItemProxy section */
		359E37CA129B905700044B12 /* PBXContainerItemProxy */ = {
			isa = PBXContainerItemProxy;
			containerPortal = 29B97313FDCFA39411CA2CEA /* Project object */;
			proxyType = 1;
			remoteGlobalIDString = 359E37B1129B8FF000044B12;
			remoteInfo = NBEngine;
		};
		359E382C129B927600044B12 /* PBXContainerItemProxy */ = {
			isa = PBXContainerItemProxy;
			containerPortal = 29B97313FDCFA39411CA2CEA /* Project object */;
			proxyType = 1;
			remoteGlobalIDString = 359E37FB129B917B00044B12;
			remoteInfo = Python;
		};
/* End PBXContainerItemProxy section */

/* Begin PBXCopyFilesBuildPhase section */
		358DDB3812BD6A0B00B9D70A /* Copy Themes */ = {
			isa = PBXCopyFilesBuildPhase;
			buildActionMask = 2147483647;
			dstPath = Themes;
			dstSubfolderSpec = 7;
			files = (
				35295A8D12BDCF6600BCAD1E /* morrowind.js in Copy Themes */,
				358DDB4112BD6A1800B9D70A /* tango.js in Copy Themes */,
			);
			name = "Copy Themes";
			runOnlyForDeploymentPostprocessing = 0;
		};
		359E383D129B92D800044B12 /* Copy Plugins */ = {
			isa = PBXCopyFilesBuildPhase;
			buildActionMask = 2147483647;
			dstPath = "";
			dstSubfolderSpec = 13;
			files = (
				3555392C129B9AD600C4E048 /* Python.bundle in Copy Plugins */,
			);
			name = "Copy Plugins";
			runOnlyForDeploymentPostprocessing = 0;
		};
		35F5CF541298BE3B0032AB15 /* Copy Frameworks */ = {
			isa = PBXCopyFilesBuildPhase;
			buildActionMask = 2147483647;
			dstPath = "";
			dstSubfolderSpec = 10;
			files = (
				355CE8B212C351F900EF19E7 /* NBEngine.framework in Copy Frameworks */,
				3547DF0712C1917300B6C5F7 /* BWToolkitFramework.framework in Copy Frameworks */,
				358DDB2A12BD503100B9D70A /* JSON.framework in Copy Frameworks */,
				35F5CF871298C14C0032AB15 /* RegexKit.framework in Copy Frameworks */,
			);
			name = "Copy Frameworks";
			runOnlyForDeploymentPostprocessing = 0;
		};
/* End PBXCopyFilesBuildPhase section */

/* Begin PBXFileReference section */
		089C165DFE840E0CC02AAC07 /* English */ = {isa = PBXFileReference; fileEncoding = 4; lastKnownFileType = text.plist.strings; name = English; path = English.lproj/InfoPlist.strings; sourceTree = "<group>"; };
		1058C7A1FEA54F0111CA2CBB /* Cocoa.framework */ = {isa = PBXFileReference; lastKnownFileType = wrapper.framework; name = Cocoa.framework; path = /System/Library/Frameworks/Cocoa.framework; sourceTree = "<absolute>"; };
		13E42FB307B3F0F600E4EEF1 /* CoreData.framework */ = {isa = PBXFileReference; lastKnownFileType = wrapper.framework; name = CoreData.framework; path = /System/Library/Frameworks/CoreData.framework; sourceTree = "<absolute>"; };
		1DDD58150DA1D0A300B32029 /* English */ = {isa = PBXFileReference; lastKnownFileType = file.xib; name = English; path = English.lproj/MainMenu.xib; sourceTree = "<group>"; };
		29B97324FDCFA39411CA2CEA /* AppKit.framework */ = {isa = PBXFileReference; lastKnownFileType = wrapper.framework; name = AppKit.framework; path = /System/Library/Frameworks/AppKit.framework; sourceTree = "<absolute>"; };
		29B97325FDCFA39411CA2CEA /* Foundation.framework */ = {isa = PBXFileReference; lastKnownFileType = wrapper.framework; name = Foundation.framework; path = /System/Library/Frameworks/Foundation.framework; sourceTree = "<absolute>"; };
		351106AA12BC942B00FCCF7A /* NBCommentCellView.h */ = {isa = PBXFileReference; fileEncoding = 4; lastKnownFileType = sourcecode.c.h; name = NBCommentCellView.h; path = NBCommentCellView/NBCommentCellView.h; sourceTree = "<group>"; };
		351106AB12BC942B00FCCF7A /* NBCommentCellView.m */ = {isa = PBXFileReference; fileEncoding = 4; lastKnownFileType = sourcecode.c.objc; name = NBCommentCellView.m; path = NBCommentCellView/NBCommentCellView.m; sourceTree = "<group>"; };
		351106F812BC98E900FCCF7A /* NBCommentView.h */ = {isa = PBXFileReference; fileEncoding = 4; lastKnownFileType = sourcecode.c.h; name = NBCommentView.h; path = NBCommentView/NBCommentView.h; sourceTree = "<group>"; };
		351106F912BC98E900FCCF7A /* NBCommentView.m */ = {isa = PBXFileReference; fileEncoding = 4; lastKnownFileType = sourcecode.c.objc; name = NBCommentView.m; path = NBCommentView/NBCommentView.m; sourceTree = "<group>"; };
		3519D75612C4556D00E389FE /* NBEngineEncoder.h */ = {isa = PBXFileReference; fileEncoding = 4; lastKnownFileType = sourcecode.c.h; path = NBEngineEncoder.h; sourceTree = "<group>"; };
		3519D75712C4556D00E389FE /* NBEngineEncoder.m */ = {isa = PBXFileReference; fileEncoding = 4; lastKnownFileType = sourcecode.c.objc; path = NBEngineEncoder.m; sourceTree = "<group>"; };
		35295A1C12BDBAB100BCAD1E /* NBHighlightSettings.h */ = {isa = PBXFileReference; fileEncoding = 4; lastKnownFileType = sourcecode.c.h; path = NBHighlightSettings.h; sourceTree = "<group>"; };
		35295A1D12BDBAB100BCAD1E /* NBHighlightSettings.m */ = {isa = PBXFileReference; fileEncoding = 4; lastKnownFileType = sourcecode.c.objc; path = NBHighlightSettings.m; sourceTree = "<group>"; };
		35295A8512BDCF4C00BCAD1E /* morrowind.js */ = {isa = PBXFileReference; fileEncoding = 4; lastKnownFileType = sourcecode.javascript; path = morrowind.js; sourceTree = "<group>"; };
		352F597A129B5E5300C34824 /* main.m */ = {isa = PBXFileReference; fileEncoding = 4; lastKnownFileType = sourcecode.c.objc; name = main.m; path = Source/main.m; sourceTree = SOURCE_ROOT; };
		352F597C129B5E5300C34824 /* NBCell.h */ = {isa = PBXFileReference; fileEncoding = 4; lastKnownFileType = sourcecode.c.h; name = NBCell.h; path = Source/NBCell/NBCell.h; sourceTree = SOURCE_ROOT; };
		352F597D129B5E5300C34824 /* NBCell.m */ = {isa = PBXFileReference; fileEncoding = 4; lastKnownFileType = sourcecode.c.objc; name = NBCell.m; path = Source/NBCell/NBCell.m; sourceTree = SOURCE_ROOT; };
		352F597E129B5E5300C34824 /* NBCellView.h */ = {isa = PBXFileReference; fileEncoding = 4; lastKnownFileType = sourcecode.c.h; name = NBCellView.h; path = Source/NBCell/NBCellView.h; sourceTree = SOURCE_ROOT; };
		352F597F129B5E5300C34824 /* NBCellView.m */ = {isa = PBXFileReference; fileEncoding = 4; lastKnownFileType = sourcecode.c.objc; name = NBCellView.m; path = Source/NBCell/NBCellView.m; sourceTree = SOURCE_ROOT; };
		352F5980129B5E5300C34824 /* NBCellViewDelegate.h */ = {isa = PBXFileReference; fileEncoding = 4; lastKnownFileType = sourcecode.c.h; name = NBCellViewDelegate.h; path = Source/NBCell/NBCellViewDelegate.h; sourceTree = SOURCE_ROOT; };
		352F5982129B5E5300C34824 /* NBSourceCellView.h */ = {isa = PBXFileReference; fileEncoding = 4; lastKnownFileType = sourcecode.c.h; name = NBSourceCellView.h; path = Source/NBCell/NBSourceCellView/NBSourceCellView.h; sourceTree = SOURCE_ROOT; };
		352F5983129B5E5300C34824 /* NBSourceCellView.m */ = {isa = PBXFileReference; fileEncoding = 4; lastKnownFileType = sourcecode.c.objc; name = NBSourceCellView.m; path = Source/NBCell/NBSourceCellView/NBSourceCellView.m; sourceTree = SOURCE_ROOT; };
		352F5984129B5E5300C34824 /* NBSourceCellViewDelegate.h */ = {isa = PBXFileReference; fileEncoding = 4; lastKnownFileType = sourcecode.c.h; name = NBSourceCellViewDelegate.h; path = Source/NBCell/NBSourceCellView/NBSourceCellViewDelegate.h; sourceTree = SOURCE_ROOT; };
		352F5992129B5E5300C34824 /* NBNotebook.h */ = {isa = PBXFileReference; fileEncoding = 4; lastKnownFileType = sourcecode.c.h; name = NBNotebook.h; path = Source/NBNotebook/NBNotebook.h; sourceTree = SOURCE_ROOT; };
		352F5993129B5E5300C34824 /* NBNotebook.m */ = {isa = PBXFileReference; fileEncoding = 4; lastKnownFileType = sourcecode.c.objc; name = NBNotebook.m; path = Source/NBNotebook/NBNotebook.m; sourceTree = SOURCE_ROOT; };
		352F5994129B5E5300C34824 /* NBNotebookView.h */ = {isa = PBXFileReference; fileEncoding = 4; lastKnownFileType = sourcecode.c.h; name = NBNotebookView.h; path = Source/NBNotebook/NBNotebookView.h; sourceTree = SOURCE_ROOT; };
		352F5995129B5E5300C34824 /* NBNotebookView.m */ = {isa = PBXFileReference; fileEncoding = 4; lastKnownFileType = sourcecode.c.objc; name = NBNotebookView.m; path = Source/NBNotebook/NBNotebookView.m; sourceTree = SOURCE_ROOT; };
		352F599A129B5E5300C34824 /* NBSettings.h */ = {isa = PBXFileReference; fileEncoding = 4; lastKnownFileType = sourcecode.c.h; name = NBSettings.h; path = Source/NBSettings/NBSettings.h; sourceTree = SOURCE_ROOT; };
		352F599B129B5E5300C34824 /* NBSettings.m */ = {isa = PBXFileReference; fileEncoding = 4; lastKnownFileType = sourcecode.c.objc; name = NBSettings.m; path = Source/NBSettings/NBSettings.m; sourceTree = SOURCE_ROOT; };
		352F599E129B5E5300C34824 /* NBOutputView.h */ = {isa = PBXFileReference; fileEncoding = 4; lastKnownFileType = sourcecode.c.h; name = NBOutputView.h; path = Source/NBTextView/NBOutputView/NBOutputView.h; sourceTree = SOURCE_ROOT; };
		352F599F129B5E5300C34824 /* NBOutputView.m */ = {isa = PBXFileReference; fileEncoding = 4; lastKnownFileType = sourcecode.c.objc; name = NBOutputView.m; path = Source/NBTextView/NBOutputView/NBOutputView.m; sourceTree = SOURCE_ROOT; };
		352F59A4129B5E5300C34824 /* NBSourceView.h */ = {isa = PBXFileReference; fileEncoding = 4; lastKnownFileType = sourcecode.c.h; name = NBSourceView.h; path = Source/NBTextView/NBSourceView/NBSourceView.h; sourceTree = SOURCE_ROOT; };
		352F59A5129B5E5300C34824 /* NBSourceView.m */ = {isa = PBXFileReference; fileEncoding = 4; lastKnownFileType = sourcecode.c.objc; name = NBSourceView.m; path = Source/NBTextView/NBSourceView/NBSourceView.m; sourceTree = SOURCE_ROOT; };
		352F59A8129B5E5300C34824 /* NBSourceViewDelegate.h */ = {isa = PBXFileReference; fileEncoding = 4; lastKnownFileType = sourcecode.c.h; name = NBSourceViewDelegate.h; path = Source/NBTextView/NBSourceView/NBSourceViewDelegate.h; sourceTree = SOURCE_ROOT; };
		352F59A9129B5E5300C34824 /* NBTextView.h */ = {isa = PBXFileReference; fileEncoding = 4; lastKnownFileType = sourcecode.c.h; name = NBTextView.h; path = Source/NBTextView/NBTextView.h; sourceTree = SOURCE_ROOT; };
		352F59AA129B5E5300C34824 /* NBTextView.m */ = {isa = PBXFileReference; fileEncoding = 4; lastKnownFileType = sourcecode.c.objc; name = NBTextView.m; path = Source/NBTextView/NBTextView.m; sourceTree = SOURCE_ROOT; };
		352F59AF129B5E5300C34824 /* NotebookAppDelegate.h */ = {isa = PBXFileReference; fileEncoding = 4; lastKnownFileType = sourcecode.c.h; path = NotebookAppDelegate.h; sourceTree = "<group>"; };
		352F59B0129B5E5300C34824 /* NotebookAppDelegate.m */ = {isa = PBXFileReference; fileEncoding = 4; lastKnownFileType = sourcecode.c.objc; path = NotebookAppDelegate.m; sourceTree = "<group>"; };
		353E2B841295F2B8001A40B6 /* QuartzCore.framework */ = {isa = PBXFileReference; lastKnownFileType = wrapper.framework; name = QuartzCore.framework; path = System/Library/Frameworks/QuartzCore.framework; sourceTree = SDKROOT; };
		3547DEB812C1907700B6C5F7 /* BWToolkitFramework.framework */ = {isa = PBXFileReference; lastKnownFileType = wrapper.framework; name = BWToolkitFramework.framework; path = External/BWToolkitFramework.framework; sourceTree = "<group>"; };
		3547E01612C1BEC700B6C5F7 /* NotebookDocument.h */ = {isa = PBXFileReference; fileEncoding = 4; lastKnownFileType = sourcecode.c.h; path = NotebookDocument.h; sourceTree = "<group>"; };
		3547E01712C1BEC700B6C5F7 /* NotebookDocument.m */ = {isa = PBXFileReference; fileEncoding = 4; lastKnownFileType = sourcecode.c.objc; path = NotebookDocument.m; sourceTree = "<group>"; };
		3555D3671296153000FBC06F /* Python.framework */ = {isa = PBXFileReference; lastKnownFileType = wrapper.framework; name = Python.framework; path = System/Library/Frameworks/Python.framework; sourceTree = SDKROOT; };
		355753A9129BA34300F5A1CC /* python.png */ = {isa = PBXFileReference; lastKnownFileType = image.png; path = python.png; sourceTree = "<group>"; };
		35575487129BB57E00F5A1CC /* NBCreateNotebookViewDelegate.h */ = {isa = PBXFileReference; fileEncoding = 4; lastKnownFileType = sourcecode.c.h; name = NBCreateNotebookViewDelegate.h; path = NBCreateNotebookView/NBCreateNotebookViewDelegate.h; sourceTree = "<group>"; };
		355CE6A312C33FD000EF19E7 /* spelling.py */ = {isa = PBXFileReference; fileEncoding = 4; lastKnownFileType = text.script.python; path = spelling.py; sourceTree = "<group>"; };
		35761586129C2417000B442B /* English */ = {isa = PBXFileReference; lastKnownFileType = file.xib; name = English; path = English.lproj/Notebook.xib; sourceTree = "<group>"; };
		357FF7391297A7D200A661E5 /* Carbon.framework */ = {isa = PBXFileReference; lastKnownFileType = wrapper.framework; name = Carbon.framework; path = System/Library/Frameworks/Carbon.framework; sourceTree = SDKROOT; };
		35812B8B129B84030092AECD /* NBCreateNotebookView.h */ = {isa = PBXFileReference; fileEncoding = 4; lastKnownFileType = sourcecode.c.h; name = NBCreateNotebookView.h; path = NBCreateNotebookView/NBCreateNotebookView.h; sourceTree = "<group>"; };
		35812B8C129B84030092AECD /* NBCreateNotebookView.m */ = {isa = PBXFileReference; fileEncoding = 4; lastKnownFileType = sourcecode.c.objc; name = NBCreateNotebookView.m; path = NBCreateNotebookView/NBCreateNotebookView.m; sourceTree = "<group>"; };
		35812B8E129B84170092AECD /* NBCreateNotebookView.xib */ = {isa = PBXFileReference; lastKnownFileType = file.xib; name = NBCreateNotebookView.xib; path = NBCreateNotebookView/NBCreateNotebookView.xib; sourceTree = "<group>"; };
		358D27AE12C40282000ACCB6 /* NotebookWindowController.h */ = {isa = PBXFileReference; fileEncoding = 4; lastKnownFileType = sourcecode.c.h; path = NotebookWindowController.h; sourceTree = "<group>"; };
		358D27AF12C40282000ACCB6 /* NotebookWindowController.m */ = {isa = PBXFileReference; fileEncoding = 4; lastKnownFileType = sourcecode.c.objc; path = NotebookWindowController.m; sourceTree = "<group>"; };
		358D61D912C0195C006A7A06 /* LICENSE */ = {isa = PBXFileReference; fileEncoding = 4; lastKnownFileType = text; path = LICENSE; sourceTree = "<group>"; };
		358D61DA12C0195C006A7A06 /* README.md */ = {isa = PBXFileReference; fileEncoding = 4; lastKnownFileType = text; path = README.md; sourceTree = "<group>"; };
		358DDA8712BD436400B9D70A /* NBPassthroughTextField.h */ = {isa = PBXFileReference; fileEncoding = 4; lastKnownFileType = sourcecode.c.h; name = NBPassthroughTextField.h; path = NBCreateNotebookView/NBPassthroughTextField.h; sourceTree = "<group>"; };
		358DDA8812BD436400B9D70A /* NBPassthroughTextField.m */ = {isa = PBXFileReference; fileEncoding = 4; lastKnownFileType = sourcecode.c.objc; name = NBPassthroughTextField.m; path = NBCreateNotebookView/NBPassthroughTextField.m; sourceTree = "<group>"; };
		358DDB0412BD4FFC00B9D70A /* JSON.framework */ = {isa = PBXFileReference; lastKnownFileType = wrapper.framework; name = JSON.framework; path = External/JSON.framework; sourceTree = "<group>"; };
		358DDB3A12BD6A1500B9D70A /* tango.js */ = {isa = PBXFileReference; fileEncoding = 4; lastKnownFileType = sourcecode.javascript; path = tango.js; sourceTree = "<group>"; };
		359E378C129B8FC800044B12 /* NBEngine.h */ = {isa = PBXFileReference; fileEncoding = 4; lastKnownFileType = sourcecode.c.h; path = NBEngine.h; sourceTree = "<group>"; };
		359E378D129B8FC800044B12 /* NBEngine.m */ = {isa = PBXFileReference; fileEncoding = 4; lastKnownFileType = sourcecode.c.objc; path = NBEngine.m; sourceTree = "<group>"; };
		359E378E129B8FC800044B12 /* NBEngineBackend.h */ = {isa = PBXFileReference; fileEncoding = 4; lastKnownFileType = sourcecode.c.h; path = NBEngineBackend.h; sourceTree = "<group>"; };
		359E378F129B8FC800044B12 /* NBEngineBackend.m */ = {isa = PBXFileReference; fileEncoding = 4; lastKnownFileType = sourcecode.c.objc; path = NBEngineBackend.m; sourceTree = "<group>"; };
		359E3790129B8FC800044B12 /* NBEngineHighlighter.h */ = {isa = PBXFileReference; fileEncoding = 4; lastKnownFileType = sourcecode.c.h; path = NBEngineHighlighter.h; sourceTree = "<group>"; };
		359E3791129B8FC800044B12 /* NBEngineHighlighter.m */ = {isa = PBXFileReference; fileEncoding = 4; lastKnownFileType = sourcecode.c.objc; path = NBEngineHighlighter.m; sourceTree = "<group>"; };
		359E3792129B8FC800044B12 /* NBEngineLoader.h */ = {isa = PBXFileReference; fileEncoding = 4; lastKnownFileType = sourcecode.c.h; path = NBEngineLoader.h; sourceTree = "<group>"; };
		359E3793129B8FC800044B12 /* NBEngineLoader.m */ = {isa = PBXFileReference; fileEncoding = 4; lastKnownFileType = sourcecode.c.objc; path = NBEngineLoader.m; sourceTree = "<group>"; };
		359E3795129B8FC800044B12 /* NBEnginePython.h */ = {isa = PBXFileReference; fileEncoding = 4; lastKnownFileType = sourcecode.c.h; path = NBEnginePython.h; sourceTree = "<group>"; };
		359E3796129B8FC800044B12 /* NBEnginePython.m */ = {isa = PBXFileReference; fileEncoding = 4; lastKnownFileType = sourcecode.c.objc; path = NBEnginePython.m; sourceTree = "<group>"; };
		359E3797129B8FC800044B12 /* NBEnginePythonBackend.h */ = {isa = PBXFileReference; fileEncoding = 4; lastKnownFileType = sourcecode.c.h; path = NBEnginePythonBackend.h; sourceTree = "<group>"; };
		359E3798129B8FC800044B12 /* NBEnginePythonBackend.m */ = {isa = PBXFileReference; fileEncoding = 4; lastKnownFileType = sourcecode.c.objc; path = NBEnginePythonBackend.m; sourceTree = "<group>"; };
		359E3799129B8FC800044B12 /* NBEnginePythonHighlighter.h */ = {isa = PBXFileReference; fileEncoding = 4; lastKnownFileType = sourcecode.c.h; path = NBEnginePythonHighlighter.h; sourceTree = "<group>"; };
		359E379A129B8FC800044B12 /* NBEnginePythonHighlighter.m */ = {isa = PBXFileReference; fileEncoding = 4; lastKnownFileType = sourcecode.c.objc; path = NBEnginePythonHighlighter.m; sourceTree = "<group>"; };
		359E37B2129B8FF000044B12 /* NBEngine.framework */ = {isa = PBXFileReference; explicitFileType = wrapper.framework; includeInIndex = 0; path = NBEngine.framework; sourceTree = BUILT_PRODUCTS_DIR; };
		359E37B3129B8FF000044B12 /* NBEngine-Info.plist */ = {isa = PBXFileReference; lastKnownFileType = text.plist.xml; path = "NBEngine-Info.plist"; sourceTree = "<group>"; };
		359E37FD129B917B00044B12 /* NBEnginePython-Info.plist */ = {isa = PBXFileReference; lastKnownFileType = text.plist.xml; path = "NBEnginePython-Info.plist"; sourceTree = "<group>"; };
		359E3889129B9A5F00044B12 /* Python.bundle */ = {isa = PBXFileReference; explicitFileType = wrapper.cfbundle; includeInIndex = 0; path = Python.bundle; sourceTree = BUILT_PRODUCTS_DIR; };
		35BE441312CEFC0700357718 /* NBEnginePythonEncoder.h */ = {isa = PBXFileReference; fileEncoding = 4; lastKnownFileType = sourcecode.c.h; path = NBEnginePythonEncoder.h; sourceTree = "<group>"; };
		35BE441412CEFC0700357718 /* NBEnginePythonEncoder.m */ = {isa = PBXFileReference; fileEncoding = 4; lastKnownFileType = sourcecode.c.objc; path = NBEnginePythonEncoder.m; sourceTree = "<group>"; };
		35C2092B12C087C4002B114A /* NBNotebookDelegate.h */ = {isa = PBXFileReference; fileEncoding = 4; lastKnownFileType = sourcecode.c.h; path = NBNotebookDelegate.h; sourceTree = "<group>"; };
		35F5CF831298C1490032AB15 /* RegexKit.framework */ = {isa = PBXFileReference; lastKnownFileType = wrapper.framework; name = RegexKit.framework; path = External/RegexKit.framework; sourceTree = "<group>"; };
		8D1107310486CEB800E47090 /* Notebook-Info.plist */ = {isa = PBXFileReference; fileEncoding = 4; lastKnownFileType = text.plist.xml; path = "Notebook-Info.plist"; sourceTree = "<group>"; };
		8D1107320486CEB800E47090 /* Notebook.app */ = {isa = PBXFileReference; explicitFileType = wrapper.application; includeInIndex = 0; path = Notebook.app; sourceTree = BUILT_PRODUCTS_DIR; };
/* End PBXFileReference section */

/* Begin PBXFrameworksBuildPhase section */
		359E37B0129B8FF000044B12 /* Frameworks */ = {
			isa = PBXFrameworksBuildPhase;
			buildActionMask = 2147483647;
			files = (
				359E37C0129B903400044B12 /* Cocoa.framework in Frameworks */,
			);
			runOnlyForDeploymentPostprocessing = 0;
		};
		359E37FA129B917B00044B12 /* Frameworks */ = {
			isa = PBXFrameworksBuildPhase;
			buildActionMask = 2147483647;
			files = (
				359E3804129B918800044B12 /* Cocoa.framework in Frameworks */,
				359E3803129B918400044B12 /* Python.framework in Frameworks */,
				359E3838129B92B900044B12 /* NBEngine.framework in Frameworks */,
			);
			runOnlyForDeploymentPostprocessing = 0;
		};
		8D11072E0486CEB800E47090 /* Frameworks */ = {
			isa = PBXFrameworksBuildPhase;
			buildActionMask = 2147483647;
			files = (
				35F5CF841298C1490032AB15 /* RegexKit.framework in Frameworks */,
				8D11072F0486CEB800E47090 /* Cocoa.framework in Frameworks */,
				353E2B851295F2B8001A40B6 /* QuartzCore.framework in Frameworks */,
				3555D3681296153000FBC06F /* Python.framework in Frameworks */,
				357FF73A1297A7D200A661E5 /* Carbon.framework in Frameworks */,
				359E37CC129B905A00044B12 /* NBEngine.framework in Frameworks */,
				358DDB0512BD4FFC00B9D70A /* JSON.framework in Frameworks */,
				3547DEB912C1907700B6C5F7 /* BWToolkitFramework.framework in Frameworks */,
			);
			runOnlyForDeploymentPostprocessing = 0;
		};
/* End PBXFrameworksBuildPhase section */

/* Begin PBXGroup section */
		1058C7A0FEA54F0111CA2CBB /* Linked Frameworks */ = {
			isa = PBXGroup;
			children = (
				1058C7A1FEA54F0111CA2CBB /* Cocoa.framework */,
			);
			name = "Linked Frameworks";
			sourceTree = "<group>";
		};
		1058C7A2FEA54F0111CA2CBB /* Other Frameworks */ = {
			isa = PBXGroup;
			children = (
				3547DEB812C1907700B6C5F7 /* BWToolkitFramework.framework */,
				358DDB0412BD4FFC00B9D70A /* JSON.framework */,
				357FF7391297A7D200A661E5 /* Carbon.framework */,
				3555D3671296153000FBC06F /* Python.framework */,
				29B97324FDCFA39411CA2CEA /* AppKit.framework */,
				13E42FB307B3F0F600E4EEF1 /* CoreData.framework */,
				29B97325FDCFA39411CA2CEA /* Foundation.framework */,
				353E2B841295F2B8001A40B6 /* QuartzCore.framework */,
				35F5CF831298C1490032AB15 /* RegexKit.framework */,
			);
			name = "Other Frameworks";
			sourceTree = "<group>";
		};
		19C28FACFE9D520D11CA2CBB /* Products */ = {
			isa = PBXGroup;
			children = (
				8D1107320486CEB800E47090 /* Notebook.app */,
				359E37B2129B8FF000044B12 /* NBEngine.framework */,
				359E3889129B9A5F00044B12 /* Python.bundle */,
			);
			name = Products;
			sourceTree = "<group>";
		};
		29B97314FDCFA39411CA2CEA /* Notebook */ = {
			isa = PBXGroup;
			children = (
				352F5979129B5E5300C34824 /* Source */,
				29B97317FDCFA39411CA2CEA /* Resources */,
				29B97323FDCFA39411CA2CEA /* Frameworks */,
				19C28FACFE9D520D11CA2CBB /* Products */,
			);
			name = Notebook;
			sourceTree = "<group>";
		};
		29B97317FDCFA39411CA2CEA /* Resources */ = {
			isa = PBXGroup;
			children = (
				355CE6A112C33FD000EF19E7 /* Samples */,
				358D61D912C0195C006A7A06 /* LICENSE */,
				358D61DA12C0195C006A7A06 /* README.md */,
				358DDB3912BD6A1500B9D70A /* Themes */,
				8D1107310486CEB800E47090 /* Notebook-Info.plist */,
				359E37B3129B8FF000044B12 /* NBEngine-Info.plist */,
				359E37FD129B917B00044B12 /* NBEnginePython-Info.plist */,
				089C165CFE840E0CC02AAC07 /* InfoPlist.strings */,
				1DDD58140DA1D0A300B32029 /* MainMenu.xib */,
				35761585129C2417000B442B /* Notebook.xib */,
			);
			name = Resources;
			sourceTree = "<group>";
		};
		29B97323FDCFA39411CA2CEA /* Frameworks */ = {
			isa = PBXGroup;
			children = (
				1058C7A0FEA54F0111CA2CBB /* Linked Frameworks */,
				1058C7A2FEA54F0111CA2CBB /* Other Frameworks */,
			);
			name = Frameworks;
			sourceTree = "<group>";
		};
		351106A912BC940500FCCF7A /* NBCommentCellView */ = {
			isa = PBXGroup;
			children = (
				351106AA12BC942B00FCCF7A /* NBCommentCellView.h */,
				351106AB12BC942B00FCCF7A /* NBCommentCellView.m */,
			);
			name = NBCommentCellView;
			sourceTree = "<group>";
		};
		351106F712BC98A500FCCF7A /* NBCommentView */ = {
			isa = PBXGroup;
			children = (
				351106F812BC98E900FCCF7A /* NBCommentView.h */,
				351106F912BC98E900FCCF7A /* NBCommentView.m */,
			);
			name = NBCommentView;
			sourceTree = "<group>";
		};
		352F5979129B5E5300C34824 /* Source */ = {
			isa = PBXGroup;
			children = (
				35812B89129B83BE0092AECD /* NBCreateNotebookView */,
				352F597A129B5E5300C34824 /* main.m */,
				352F597B129B5E5300C34824 /* NBCell */,
				359E378B129B8FC800044B12 /* NBEngine */,
				352F5991129B5E5300C34824 /* NBNotebook */,
				352F5999129B5E5300C34824 /* NBSettings */,
				352F599C129B5E5300C34824 /* NBTextView */,
				3547E01512C1BEAD00B6C5F7 /* Notebook */,
			);
			path = Source;
			sourceTree = SOURCE_ROOT;
		};
		352F597B129B5E5300C34824 /* NBCell */ = {
			isa = PBXGroup;
			children = (
				352F597C129B5E5300C34824 /* NBCell.h */,
				352F597D129B5E5300C34824 /* NBCell.m */,
				352F597E129B5E5300C34824 /* NBCellView.h */,
				352F597F129B5E5300C34824 /* NBCellView.m */,
				352F5980129B5E5300C34824 /* NBCellViewDelegate.h */,
				351106A912BC940500FCCF7A /* NBCommentCellView */,
				352F5981129B5E5300C34824 /* NBSourceCellView */,
			);
			name = NBCell;
			path = Source/NBCell;
			sourceTree = SOURCE_ROOT;
		};
		352F5981129B5E5300C34824 /* NBSourceCellView */ = {
			isa = PBXGroup;
			children = (
				352F5982129B5E5300C34824 /* NBSourceCellView.h */,
				352F5983129B5E5300C34824 /* NBSourceCellView.m */,
				352F5984129B5E5300C34824 /* NBSourceCellViewDelegate.h */,
			);
			name = NBSourceCellView;
			path = Source/NBCell/NBSourceCellView;
			sourceTree = SOURCE_ROOT;
		};
		352F5991129B5E5300C34824 /* NBNotebook */ = {
			isa = PBXGroup;
			children = (
				352F5992129B5E5300C34824 /* NBNotebook.h */,
				352F5993129B5E5300C34824 /* NBNotebook.m */,
				35C2092B12C087C4002B114A /* NBNotebookDelegate.h */,
				352F5994129B5E5300C34824 /* NBNotebookView.h */,
				352F5995129B5E5300C34824 /* NBNotebookView.m */,
			);
			name = NBNotebook;
			path = Source/NBNotebook;
			sourceTree = SOURCE_ROOT;
		};
		352F5999129B5E5300C34824 /* NBSettings */ = {
			isa = PBXGroup;
			children = (
				352F599A129B5E5300C34824 /* NBSettings.h */,
				352F599B129B5E5300C34824 /* NBSettings.m */,
				35295A1C12BDBAB100BCAD1E /* NBHighlightSettings.h */,
				35295A1D12BDBAB100BCAD1E /* NBHighlightSettings.m */,
			);
			name = NBSettings;
			path = Source/NBSettings;
			sourceTree = SOURCE_ROOT;
		};
		352F599C129B5E5300C34824 /* NBTextView */ = {
			isa = PBXGroup;
			children = (
				351106F712BC98A500FCCF7A /* NBCommentView */,
				352F599D129B5E5300C34824 /* NBOutputView */,
				352F59A3129B5E5300C34824 /* NBSourceView */,
				352F59A9129B5E5300C34824 /* NBTextView.h */,
				352F59AA129B5E5300C34824 /* NBTextView.m */,
			);
			name = NBTextView;
			path = Source/NBTextView;
			sourceTree = SOURCE_ROOT;
		};
		352F599D129B5E5300C34824 /* NBOutputView */ = {
			isa = PBXGroup;
			children = (
				352F599E129B5E5300C34824 /* NBOutputView.h */,
				352F599F129B5E5300C34824 /* NBOutputView.m */,
			);
			name = NBOutputView;
			path = Source/NBTextView/NBOutputView;
			sourceTree = SOURCE_ROOT;
		};
		352F59A3129B5E5300C34824 /* NBSourceView */ = {
			isa = PBXGroup;
			children = (
				352F59A4129B5E5300C34824 /* NBSourceView.h */,
				352F59A5129B5E5300C34824 /* NBSourceView.m */,
				352F59A8129B5E5300C34824 /* NBSourceViewDelegate.h */,
			);
			name = NBSourceView;
			path = Source/NBTextView/NBSourceView;
			sourceTree = SOURCE_ROOT;
		};
		3547E01512C1BEAD00B6C5F7 /* Notebook */ = {
			isa = PBXGroup;
			children = (
				352F59AF129B5E5300C34824 /* NotebookAppDelegate.h */,
				352F59B0129B5E5300C34824 /* NotebookAppDelegate.m */,
				3547E01612C1BEC700B6C5F7 /* NotebookDocument.h */,
				3547E01712C1BEC700B6C5F7 /* NotebookDocument.m */,
				358D27AE12C40282000ACCB6 /* NotebookWindowController.h */,
				358D27AF12C40282000ACCB6 /* NotebookWindowController.m */,
			);
			name = Notebook;
			sourceTree = "<group>";
		};
		355CE6A112C33FD000EF19E7 /* Samples */ = {
			isa = PBXGroup;
			children = (
				355CE6A212C33FD000EF19E7 /* Norvig */,
			);
			path = Samples;
			sourceTree = "<group>";
		};
		355CE6A212C33FD000EF19E7 /* Norvig */ = {
			isa = PBXGroup;
			children = (
				355CE6A312C33FD000EF19E7 /* spelling.py */,
			);
			name = Norvig;
			path = norvig;
			sourceTree = "<group>";
		};
		35812B89129B83BE0092AECD /* NBCreateNotebookView */ = {
			isa = PBXGroup;
			children = (
				35812B8B129B84030092AECD /* NBCreateNotebookView.h */,
				35812B8C129B84030092AECD /* NBCreateNotebookView.m */,
				35812B8E129B84170092AECD /* NBCreateNotebookView.xib */,
				35575487129BB57E00F5A1CC /* NBCreateNotebookViewDelegate.h */,
				358DDA8712BD436400B9D70A /* NBPassthroughTextField.h */,
				358DDA8812BD436400B9D70A /* NBPassthroughTextField.m */,
			);
			name = NBCreateNotebookView;
			sourceTree = "<group>";
		};
		358DDB3912BD6A1500B9D70A /* Themes */ = {
			isa = PBXGroup;
			children = (
				35295A8512BDCF4C00BCAD1E /* morrowind.js */,
				358DDB3A12BD6A1500B9D70A /* tango.js */,
			);
			path = Themes;
			sourceTree = "<group>";
		};
		359E378B129B8FC800044B12 /* NBEngine */ = {
			isa = PBXGroup;
			children = (
				359E378C129B8FC800044B12 /* NBEngine.h */,
				359E378D129B8FC800044B12 /* NBEngine.m */,
				359E378E129B8FC800044B12 /* NBEngineBackend.h */,
				359E378F129B8FC800044B12 /* NBEngineBackend.m */,
				3519D75612C4556D00E389FE /* NBEngineEncoder.h */,
				3519D75712C4556D00E389FE /* NBEngineEncoder.m */,
				359E3790129B8FC800044B12 /* NBEngineHighlighter.h */,
				359E3791129B8FC800044B12 /* NBEngineHighlighter.m */,
				359E3792129B8FC800044B12 /* NBEngineLoader.h */,
				359E3793129B8FC800044B12 /* NBEngineLoader.m */,
				359E3794129B8FC800044B12 /* Python */,
			);
			path = NBEngine;
			sourceTree = "<group>";
		};
		359E3794129B8FC800044B12 /* Python */ = {
			isa = PBXGroup;
			children = (
				355753A9129BA34300F5A1CC /* python.png */,
				359E3795129B8FC800044B12 /* NBEnginePython.h */,
				359E3796129B8FC800044B12 /* NBEnginePython.m */,
				359E3797129B8FC800044B12 /* NBEnginePythonBackend.h */,
				359E3798129B8FC800044B12 /* NBEnginePythonBackend.m */,
				359E3799129B8FC800044B12 /* NBEnginePythonHighlighter.h */,
				359E379A129B8FC800044B12 /* NBEnginePythonHighlighter.m */,
				35BE441312CEFC0700357718 /* NBEnginePythonEncoder.h */,
				35BE441412CEFC0700357718 /* NBEnginePythonEncoder.m */,
			);
			path = Python;
			sourceTree = "<group>";
		};
/* End PBXGroup section */

/* Begin PBXHeadersBuildPhase section */
		359E37AD129B8FF000044B12 /* Headers */ = {
			isa = PBXHeadersBuildPhase;
			buildActionMask = 2147483647;
			files = (
				359E37BB129B902400044B12 /* NBEngine.h in Headers */,
				359E37BC129B902400044B12 /* NBEngineBackend.h in Headers */,
				359E37BD129B902400044B12 /* NBEngineHighlighter.h in Headers */,
				359E37BE129B902400044B12 /* NBEngineLoader.h in Headers */,
				3519D75812C4556D00E389FE /* NBEngineEncoder.h in Headers */,
			);
			runOnlyForDeploymentPostprocessing = 0;
		};
/* End PBXHeadersBuildPhase section */

/* Begin PBXNativeTarget section */
		359E37B1129B8FF000044B12 /* NBEngine */ = {
			isa = PBXNativeTarget;
			buildConfigurationList = 359E37B6129B8FF000044B12 /* Build configuration list for PBXNativeTarget "NBEngine" */;
			buildPhases = (
				359E37AD129B8FF000044B12 /* Headers */,
				359E37AE129B8FF000044B12 /* Resources */,
				359E37AF129B8FF000044B12 /* Sources */,
				359E37B0129B8FF000044B12 /* Frameworks */,
			);
			buildRules = (
			);
			dependencies = (
			);
			name = NBEngine;
			productName = NBEngine;
			productReference = 359E37B2129B8FF000044B12 /* NBEngine.framework */;
			productType = "com.apple.product-type.framework";
		};
		359E37FB129B917B00044B12 /* Python */ = {
			isa = PBXNativeTarget;
			buildConfigurationList = 359E3801129B917B00044B12 /* Build configuration list for PBXNativeTarget "Python" */;
			buildPhases = (
				359E37F8129B917B00044B12 /* Resources */,
				359E37F9129B917B00044B12 /* Sources */,
				359E37FA129B917B00044B12 /* Frameworks */,
			);
			buildRules = (
			);
			dependencies = (
			);
			name = Python;
			productName = Python;
			productReference = 359E3889129B9A5F00044B12 /* Python.bundle */;
			productType = "com.apple.product-type.bundle";
		};
		8D1107260486CEB800E47090 /* Notebook */ = {
			isa = PBXNativeTarget;
			buildConfigurationList = C01FCF4A08A954540054247B /* Build configuration list for PBXNativeTarget "Notebook" */;
			buildPhases = (
				8D1107290486CEB800E47090 /* Resources */,
				8D11072C0486CEB800E47090 /* Sources */,
				8D11072E0486CEB800E47090 /* Frameworks */,
				35F5CF541298BE3B0032AB15 /* Copy Frameworks */,
				359E383D129B92D800044B12 /* Copy Plugins */,
				358DDB3812BD6A0B00B9D70A /* Copy Themes */,
			);
			buildRules = (
			);
			dependencies = (
				359E37CB129B905700044B12 /* PBXTargetDependency */,
				359E382D129B927600044B12 /* PBXTargetDependency */,
			);
			name = Notebook;
			productInstallPath = "$(HOME)/Applications";
			productName = Notebook;
			productReference = 8D1107320486CEB800E47090 /* Notebook.app */;
			productType = "com.apple.product-type.application";
		};
/* End PBXNativeTarget section */

/* Begin PBXProject section */
		29B97313FDCFA39411CA2CEA /* Project object */ = {
			isa = PBXProject;
			buildConfigurationList = C01FCF4E08A954540054247B /* Build configuration list for PBXProject "Notebook" */;
			compatibilityVersion = "Xcode 3.1";
			developmentRegion = English;
			hasScannedForEncodings = 1;
			knownRegions = (
				English,
				Japanese,
				French,
				German,
			);
			mainGroup = 29B97314FDCFA39411CA2CEA /* Notebook */;
			projectDirPath = "";
			projectRoot = "";
			targets = (
				8D1107260486CEB800E47090 /* Notebook */,
				359E37B1129B8FF000044B12 /* NBEngine */,
				359E37FB129B917B00044B12 /* Python */,
			);
		};
/* End PBXProject section */

/* Begin PBXResourcesBuildPhase section */
		359E37AE129B8FF000044B12 /* Resources */ = {
			isa = PBXResourcesBuildPhase;
			buildActionMask = 2147483647;
			files = (
			);
			runOnlyForDeploymentPostprocessing = 0;
		};
		359E37F8129B917B00044B12 /* Resources */ = {
			isa = PBXResourcesBuildPhase;
			buildActionMask = 2147483647;
			files = (
				355753AB129BA35000F5A1CC /* python.png in Resources */,
			);
			runOnlyForDeploymentPostprocessing = 0;
		};
		8D1107290486CEB800E47090 /* Resources */ = {
			isa = PBXResourcesBuildPhase;
			buildActionMask = 2147483647;
			files = (
				8D11072B0486CEB800E47090 /* InfoPlist.strings in Resources */,
				1DDD58160DA1D0A300B32029 /* MainMenu.xib in Resources */,
				35812B8F129B84170092AECD /* NBCreateNotebookView.xib in Resources */,
				35761587129C2417000B442B /* Notebook.xib in Resources */,
				358D61DB12C0195C006A7A06 /* LICENSE in Resources */,
				358D61DC12C0195C006A7A06 /* README.md in Resources */,
			);
			runOnlyForDeploymentPostprocessing = 0;
		};
/* End PBXResourcesBuildPhase section */

/* Begin PBXSourcesBuildPhase section */
		359E37AF129B8FF000044B12 /* Sources */ = {
			isa = PBXSourcesBuildPhase;
			buildActionMask = 2147483647;
			files = (
				359E37B7129B901300044B12 /* NBEngine.m in Sources */,
				359E37B8129B901300044B12 /* NBEngineBackend.m in Sources */,
				359E37B9129B901300044B12 /* NBEngineHighlighter.m in Sources */,
				359E37BA129B901300044B12 /* NBEngineLoader.m in Sources */,
				3519D75912C4556D00E389FE /* NBEngineEncoder.m in Sources */,
			);
			runOnlyForDeploymentPostprocessing = 0;
		};
		359E37F9129B917B00044B12 /* Sources */ = {
			isa = PBXSourcesBuildPhase;
			buildActionMask = 2147483647;
			files = (
				359E3806129B919400044B12 /* NBEnginePython.m in Sources */,
				359E3807129B919400044B12 /* NBEnginePythonBackend.m in Sources */,
				359E3808129B919400044B12 /* NBEnginePythonHighlighter.m in Sources */,
				35BE441512CEFC0700357718 /* NBEnginePythonEncoder.m in Sources */,
			);
			runOnlyForDeploymentPostprocessing = 0;
		};
		8D11072C0486CEB800E47090 /* Sources */ = {
			isa = PBXSourcesBuildPhase;
			buildActionMask = 2147483647;
			files = (
				352F59B1129B5E5300C34824 /* main.m in Sources */,
				352F59C4129B5E5300C34824 /* NotebookAppDelegate.m in Sources */,
				352F59B2129B5E5300C34824 /* NBCell.m in Sources */,
				352F59B3129B5E5300C34824 /* NBCellView.m in Sources */,
				352F59B4129B5E5300C34824 /* NBSourceCellView.m in Sources */,
				352F59BA129B5E5300C34824 /* NBNotebook.m in Sources */,
				352F59BB129B5E5300C34824 /* NBNotebookView.m in Sources */,
				352F59BD129B5E5300C34824 /* NBSettings.m in Sources */,
				352F59BE129B5E5300C34824 /* NBOutputView.m in Sources */,
				352F59C0129B5E5300C34824 /* NBSourceView.m in Sources */,
				352F59C2129B5E5300C34824 /* NBTextView.m in Sources */,
				35812B8D129B84030092AECD /* NBCreateNotebookView.m in Sources */,
				351106AC12BC942B00FCCF7A /* NBCommentCellView.m in Sources */,
				351106FA12BC98E900FCCF7A /* NBCommentView.m in Sources */,
				358DDA8912BD436400B9D70A /* NBPassthroughTextField.m in Sources */,
				35295A1E12BDBAB100BCAD1E /* NBHighlightSettings.m in Sources */,
				3547E01812C1BEC700B6C5F7 /* NotebookDocument.m in Sources */,
				358D27B012C40282000ACCB6 /* NotebookWindowController.m in Sources */,
			);
			runOnlyForDeploymentPostprocessing = 0;
		};
/* End PBXSourcesBuildPhase section */

/* Begin PBXTargetDependency section */
		359E37CB129B905700044B12 /* PBXTargetDependency */ = {
			isa = PBXTargetDependency;
			target = 359E37B1129B8FF000044B12 /* NBEngine */;
			targetProxy = 359E37CA129B905700044B12 /* PBXContainerItemProxy */;
		};
		359E382D129B927600044B12 /* PBXTargetDependency */ = {
			isa = PBXTargetDependency;
			target = 359E37FB129B917B00044B12 /* Python */;
			targetProxy = 359E382C129B927600044B12 /* PBXContainerItemProxy */;
		};
/* End PBXTargetDependency section */

/* Begin PBXVariantGroup section */
		089C165CFE840E0CC02AAC07 /* InfoPlist.strings */ = {
			isa = PBXVariantGroup;
			children = (
				089C165DFE840E0CC02AAC07 /* English */,
			);
			name = InfoPlist.strings;
			sourceTree = "<group>";
		};
		1DDD58140DA1D0A300B32029 /* MainMenu.xib */ = {
			isa = PBXVariantGroup;
			children = (
				1DDD58150DA1D0A300B32029 /* English */,
			);
			name = MainMenu.xib;
			sourceTree = "<group>";
		};
		35761585129C2417000B442B /* Notebook.xib */ = {
			isa = PBXVariantGroup;
			children = (
				35761586129C2417000B442B /* English */,
			);
			name = Notebook.xib;
			sourceTree = "<group>";
		};
/* End PBXVariantGroup section */

/* Begin XCBuildConfiguration section */
		359E37B4129B8FF000044B12 /* Debug */ = {
			isa = XCBuildConfiguration;
			buildSettings = {
				ALWAYS_SEARCH_USER_PATHS = NO;
				COPY_PHASE_STRIP = NO;
				DYLIB_COMPATIBILITY_VERSION = 1;
				DYLIB_CURRENT_VERSION = 1;
				FRAMEWORK_VERSION = A;
				GCC_DYNAMIC_NO_PIC = NO;
				GCC_ENABLE_FIX_AND_CONTINUE = YES;
				GCC_MODEL_TUNING = G5;
				GCC_OPTIMIZATION_LEVEL = 0;
				GCC_PRECOMPILE_PREFIX_HEADER = YES;
				GCC_PREFIX_HEADER = "$(SYSTEM_LIBRARY_DIR)/Frameworks/AppKit.framework/Headers/AppKit.h";
				INFOPLIST_FILE = "NBEngine-Info.plist";
				INSTALL_PATH = "@executable_path/../Frameworks";
				OTHER_LDFLAGS = (
					"-framework",
					Foundation,
					"-framework",
					AppKit,
				);
				PREBINDING = NO;
				PRODUCT_NAME = NBEngine;
			};
			name = Debug;
		};
		359E37B5129B8FF000044B12 /* Release */ = {
			isa = XCBuildConfiguration;
			buildSettings = {
				ALWAYS_SEARCH_USER_PATHS = NO;
				COPY_PHASE_STRIP = YES;
				DEBUG_INFORMATION_FORMAT = "dwarf-with-dsym";
				DYLIB_COMPATIBILITY_VERSION = 1;
				DYLIB_CURRENT_VERSION = 1;
				FRAMEWORK_VERSION = A;
				GCC_ENABLE_FIX_AND_CONTINUE = NO;
				GCC_MODEL_TUNING = G5;
				GCC_PRECOMPILE_PREFIX_HEADER = YES;
				GCC_PREFIX_HEADER = "$(SYSTEM_LIBRARY_DIR)/Frameworks/AppKit.framework/Headers/AppKit.h";
				INFOPLIST_FILE = "NBEngine-Info.plist";
				INSTALL_PATH = "@executable_path/../Frameworks";
				OTHER_LDFLAGS = (
					"-framework",
					Foundation,
					"-framework",
					AppKit,
				);
				PREBINDING = NO;
				PRODUCT_NAME = NBEngine;
				ZERO_LINK = NO;
			};
			name = Release;
		};
		359E37FF129B917B00044B12 /* Debug */ = {
			isa = XCBuildConfiguration;
			buildSettings = {
				ALWAYS_SEARCH_USER_PATHS = NO;
				COPY_PHASE_STRIP = NO;
				GCC_DYNAMIC_NO_PIC = NO;
				GCC_ENABLE_FIX_AND_CONTINUE = YES;
				GCC_MODEL_TUNING = G5;
				GCC_OPTIMIZATION_LEVEL = 0;
				GCC_PRECOMPILE_PREFIX_HEADER = YES;
				GCC_PREFIX_HEADER = "$(SYSTEM_LIBRARY_DIR)/Frameworks/AppKit.framework/Headers/AppKit.h";
				INFOPLIST_FILE = "NBEnginePython-Info.plist";
				INSTALL_PATH = "$(HOME)/Library/Bundles";
				OTHER_LDFLAGS = (
					"-framework",
					Foundation,
					"-framework",
					AppKit,
				);
				PREBINDING = NO;
				PRODUCT_NAME = Python;
				WRAPPER_EXTENSION = bundle;
			};
			name = Debug;
		};
		359E3800129B917B00044B12 /* Release */ = {
			isa = XCBuildConfiguration;
			buildSettings = {
				ALWAYS_SEARCH_USER_PATHS = NO;
				COPY_PHASE_STRIP = YES;
				DEBUG_INFORMATION_FORMAT = "dwarf-with-dsym";
				GCC_ENABLE_FIX_AND_CONTINUE = NO;
				GCC_MODEL_TUNING = G5;
				GCC_PRECOMPILE_PREFIX_HEADER = YES;
				GCC_PREFIX_HEADER = "$(SYSTEM_LIBRARY_DIR)/Frameworks/AppKit.framework/Headers/AppKit.h";
				INFOPLIST_FILE = "NBEnginePython-Info.plist";
				INSTALL_PATH = "$(HOME)/Library/Bundles";
				OTHER_LDFLAGS = (
					"-framework",
					Foundation,
					"-framework",
					AppKit,
				);
				PREBINDING = NO;
				PRODUCT_NAME = Python;
				WRAPPER_EXTENSION = bundle;
				ZERO_LINK = NO;
			};
			name = Release;
		};
		C01FCF4B08A954540054247B /* Debug */ = {
			isa = XCBuildConfiguration;
			buildSettings = {
				ALWAYS_SEARCH_USER_PATHS = NO;
				COPY_PHASE_STRIP = NO;
				FRAMEWORK_SEARCH_PATHS = (
					"$(inherited)",
					"\"$(DEVELOPER_DIR)/Local/Frameworks\"",
					"\"$(SRCROOT)/External\"",
				);
				GCC_DYNAMIC_NO_PIC = NO;
				GCC_ENABLE_FIX_AND_CONTINUE = YES;
				GCC_MODEL_TUNING = G5;
				GCC_OPTIMIZATION_LEVEL = 0;
				INFOPLIST_FILE = "Notebook-Info.plist";
				INSTALL_PATH = "$(HOME)/Applications";
				PRODUCT_NAME = Notebook;
			};
			name = Debug;
		};
		C01FCF4C08A954540054247B /* Release */ = {
			isa = XCBuildConfiguration;
			buildSettings = {
				ALWAYS_SEARCH_USER_PATHS = NO;
				DEBUG_INFORMATION_FORMAT = "dwarf-with-dsym";
				FRAMEWORK_SEARCH_PATHS = (
					"$(inherited)",
					"\"$(DEVELOPER_DIR)/Local/Frameworks\"",
					"\"$(SRCROOT)/External\"",
				);
				GCC_MODEL_TUNING = G5;
				INFOPLIST_FILE = "Notebook-Info.plist";
				INSTALL_PATH = "$(HOME)/Applications";
				PRODUCT_NAME = Notebook;
			};
			name = Release;
		};
		C01FCF4F08A954540054247B /* Debug */ = {
			isa = XCBuildConfiguration;
			buildSettings = {
				ARCHS = "$(ARCHS_STANDARD_32_64_BIT)";
				GCC_C_LANGUAGE_STANDARD = gnu99;
				GCC_ENABLE_OBJC_GC = required;
				GCC_OPTIMIZATION_LEVEL = 0;
				GCC_VERSION = "";
				GCC_WARN_ABOUT_RETURN_TYPE = YES;
				GCC_WARN_UNUSED_VARIABLE = YES;
				ONLY_ACTIVE_ARCH = YES;
				PREBINDING = NO;
				PRECOMPS_INCLUDE_HEADERS_FROM_BUILT_PRODUCTS_DIR = NO;
				RUN_CLANG_STATIC_ANALYZER = NO;
				SDKROOT = macosx10.6;
			};
			name = Debug;
		};
		C01FCF5008A954540054247B /* Release */ = {
			isa = XCBuildConfiguration;
			buildSettings = {
				ARCHS = "$(ARCHS_STANDARD_32_64_BIT)";
				GCC_C_LANGUAGE_STANDARD = gnu99;
				GCC_ENABLE_OBJC_GC = required;
				GCC_VERSION = "";
				GCC_WARN_ABOUT_RETURN_TYPE = YES;
				GCC_WARN_UNUSED_VARIABLE = YES;
				PREBINDING = NO;
				PRECOMPS_INCLUDE_HEADERS_FROM_BUILT_PRODUCTS_DIR = NO;
				RUN_CLANG_STATIC_ANALYZER = NO;
				SDKROOT = macosx10.6;
			};
			name = Release;
		};
/* End XCBuildConfiguration section */

/* Begin XCConfigurationList section */
		359E37B6129B8FF000044B12 /* Build configuration list for PBXNativeTarget "NBEngine" */ = {
			isa = XCConfigurationList;
			buildConfigurations = (
				359E37B4129B8FF000044B12 /* Debug */,
				359E37B5129B8FF000044B12 /* Release */,
			);
			defaultConfigurationIsVisible = 0;
			defaultConfigurationName = Release;
		};
		359E3801129B917B00044B12 /* Build configuration list for PBXNativeTarget "Python" */ = {
			isa = XCConfigurationList;
			buildConfigurations = (
				359E37FF129B917B00044B12 /* Debug */,
				359E3800129B917B00044B12 /* Release */,
			);
			defaultConfigurationIsVisible = 0;
			defaultConfigurationName = Release;
		};
		C01FCF4A08A954540054247B /* Build configuration list for PBXNativeTarget "Notebook" */ = {
			isa = XCConfigurationList;
			buildConfigurations = (
				C01FCF4B08A954540054247B /* Debug */,
				C01FCF4C08A954540054247B /* Release */,
			);
			defaultConfigurationIsVisible = 0;
			defaultConfigurationName = Release;
		};
		C01FCF4E08A954540054247B /* Build configuration list for PBXProject "Notebook" */ = {
			isa = XCConfigurationList;
			buildConfigurations = (
				C01FCF4F08A954540054247B /* Debug */,
				C01FCF5008A954540054247B /* Release */,
			);
			defaultConfigurationIsVisible = 0;
			defaultConfigurationName = Release;
		};
/* End XCConfigurationList section */
	};
	rootObject = 29B97313FDCFA39411CA2CEA /* Project object */;
}
