// !$*UTF8*$!
{
	archiveVersion = 1;
	classes = {
	};
	objectVersion = 45;
	objects = {

/* Begin PBXBuildFile section */
		350B77A612E3B67300BC8507 /* NBRuby.bundle in Copy Language PlugIns */ = {isa = PBXBuildFile; fileRef = 3576FE5412DBC9A600C2ED92 /* NBRuby.bundle */; };
		351BE5EC12DEDA050010FD5C /* JSON.framework in Frameworks */ = {isa = PBXBuildFile; fileRef = 351BE5E512DED9FA0010FD5C /* JSON.framework */; };
		351BE60412DEDA610010FD5C /* JSON.framework in Copy Frameworks */ = {isa = PBXBuildFile; fileRef = 351BE5E512DED9FA0010FD5C /* JSON.framework */; };
		352E875712E55B290012FBF1 /* morrowind.js in Copy Themes */ = {isa = PBXBuildFile; fileRef = 3576FDF512DBC89000C2ED92 /* morrowind.js */; };
		355AACDA12DBB4D500A9FA54 /* main.m in Sources */ = {isa = PBXBuildFile; fileRef = 355AACD912DBB4D500A9FA54 /* main.m */; };
		355AACE112DBB4DC00A9FA54 /* NotebookAppDelegate.m in Sources */ = {isa = PBXBuildFile; fileRef = 355AACDC12DBB4DC00A9FA54 /* NotebookAppDelegate.m */; };
		355AACE812DBB4E700A9FA54 /* MainMenu.xib in Resources */ = {isa = PBXBuildFile; fileRef = 355AACE512DBB4E700A9FA54 /* MainMenu.xib */; };
		355AAD2412DBB5A000A9FA54 /* NBCore.framework in Copy Frameworks */ = {isa = PBXBuildFile; fileRef = 355AACF512DBB4FB00A9FA54 /* NBCore.framework */; };
		355AAD2512DBB5A200A9FA54 /* NBUI.framework in Copy Frameworks */ = {isa = PBXBuildFile; fileRef = 355AACFC12DBB4FB00A9FA54 /* NBUI.framework */; };
		355AAD2A12DBB5CD00A9FA54 /* NBPython.bundle in Copy Language PlugIns */ = {isa = PBXBuildFile; fileRef = 355AAD0D12DBB50F00A9FA54 /* NBPython.bundle */; };
		355AAD3512DBB62100A9FA54 /* RegexKit.framework in Frameworks */ = {isa = PBXBuildFile; fileRef = 355AAD3212DBB62100A9FA54 /* RegexKit.framework */; };
		355AADC512DBB75300A9FA54 /* QuartzCore.framework in Frameworks */ = {isa = PBXBuildFile; fileRef = 355AADC412DBB75300A9FA54 /* QuartzCore.framework */; };
		355AADD812DBB78300A9FA54 /* RegexKit.framework in Copy Frameworks */ = {isa = PBXBuildFile; fileRef = 355AAD3212DBB62100A9FA54 /* RegexKit.framework */; };
		355AADD912DBB79C00A9FA54 /* NBCore.framework in Frameworks */ = {isa = PBXBuildFile; fileRef = 355AACF512DBB4FB00A9FA54 /* NBCore.framework */; };
		355AADDA12DBB7A200A9FA54 /* NBUI.framework in Frameworks */ = {isa = PBXBuildFile; fileRef = 355AACFC12DBB4FB00A9FA54 /* NBUI.framework */; };
		3576FDFC12DBC8C000C2ED92 /* tango.js in Copy Themes */ = {isa = PBXBuildFile; fileRef = 3576FDF612DBC89000C2ED92 /* tango.js */; };
		35A2C3B212E2FEE500C49D8C /* NBApplication.framework in Copy Frameworks */ = {isa = PBXBuildFile; fileRef = 3584CB1D12E2FE3F00A222CA /* NBApplication.framework */; };
		35A2C3B312E2FEE900C49D8C /* NBApplication.framework in Frameworks */ = {isa = PBXBuildFile; fileRef = 3584CB1D12E2FE3F00A222CA /* NBApplication.framework */; };
		35B4068412FA67EE0063E8AA /* Notebook.icns in Resources */ = {isa = PBXBuildFile; fileRef = 35B4068312FA67EE0063E8AA /* Notebook.icns */; };
		35C465FC12ECE19900D56326 /* BWToolkitFrameworkMAS.framework in Copy Frameworks */ = {isa = PBXBuildFile; fileRef = 35D31A5412DEA073001A5F50 /* BWToolkitFrameworkMAS.framework */; };
		35C465FD12ECE1A400D56326 /* BWToolkitFrameworkMAS.framework in Frameworks */ = {isa = PBXBuildFile; fileRef = 35D31A5412DEA073001A5F50 /* BWToolkitFrameworkMAS.framework */; };
		8D11072F0486CEB800E47090 /* Cocoa.framework in Frameworks */ = {isa = PBXBuildFile; fileRef = 1058C7A1FEA54F0111CA2CBB /* Cocoa.framework */; };
/* End PBXBuildFile section */

/* Begin PBXContainerItemProxy section */
		351BE5E412DED9FA0010FD5C /* PBXContainerItemProxy */ = {
			isa = PBXContainerItemProxy;
			containerPortal = 351BE5D912DED9FA0010FD5C /* JSON.xcodeproj */;
			proxyType = 2;
			remoteGlobalIDString = 53D229810C96121600276605;
			remoteInfo = JSON;
		};
		351BE5E612DED9FA0010FD5C /* PBXContainerItemProxy */ = {
			isa = PBXContainerItemProxy;
			containerPortal = 351BE5D912DED9FA0010FD5C /* JSON.xcodeproj */;
			proxyType = 2;
			remoteGlobalIDString = 53D2298D0C96122A00276605;
			remoteInfo = Tests;
		};
		351BE5E812DED9FA0010FD5C /* PBXContainerItemProxy */ = {
			isa = PBXContainerItemProxy;
			containerPortal = 351BE5D912DED9FA0010FD5C /* JSON.xcodeproj */;
			proxyType = 2;
			remoteGlobalIDString = FE2BBD800D8B0D3900184787;
			remoteInfo = libjson;
		};
		351BE5EA12DED9FA0010FD5C /* PBXContainerItemProxy */ = {
			isa = PBXContainerItemProxy;
			containerPortal = 351BE5D912DED9FA0010FD5C /* JSON.xcodeproj */;
			proxyType = 2;
			remoteGlobalIDString = FE2BBDAB0D8B0EE000184787;
			remoteInfo = libjsontests;
		};
		3541C4C912DEDFCA005136EF /* PBXContainerItemProxy */ = {
			isa = PBXContainerItemProxy;
			containerPortal = 351BE5D912DED9FA0010FD5C /* JSON.xcodeproj */;
			proxyType = 1;
			remoteGlobalIDString = 53D229800C96121600276605;
			remoteInfo = JSON;
		};
		355AACF412DBB4FB00A9FA54 /* PBXContainerItemProxy */ = {
			isa = PBXContainerItemProxy;
			containerPortal = 355AACEA12DBB4FB00A9FA54 /* NBCore.xcodeproj */;
			proxyType = 2;
			remoteGlobalIDString = 8DC2EF5B0486A6940098B216;
			remoteInfo = NBCore;
		};
		355AACFB12DBB4FB00A9FA54 /* PBXContainerItemProxy */ = {
			isa = PBXContainerItemProxy;
			containerPortal = 355AACED12DBB4FB00A9FA54 /* NBUI.xcodeproj */;
			proxyType = 2;
			remoteGlobalIDString = 355AAB6C12DBB07D00A9FA54;
			remoteInfo = NBUI;
		};
		355AAD0C12DBB50F00A9FA54 /* PBXContainerItemProxy */ = {
			isa = PBXContainerItemProxy;
			containerPortal = 355AAD0412DBB50F00A9FA54 /* NBPython.xcodeproj */;
			proxyType = 2;
			remoteGlobalIDString = 8D5B49B6048680CD000E48DA;
			remoteInfo = NBPython;
		};
		355AAD1E12DBB58E00A9FA54 /* PBXContainerItemProxy */ = {
			isa = PBXContainerItemProxy;
			containerPortal = 355AAD0412DBB50F00A9FA54 /* NBPython.xcodeproj */;
			proxyType = 1;
			remoteGlobalIDString = 8D5B49AC048680CD000E48DA;
			remoteInfo = NBPython;
		};
		355AAD2012DBB58E00A9FA54 /* PBXContainerItemProxy */ = {
			isa = PBXContainerItemProxy;
			containerPortal = 355AACEA12DBB4FB00A9FA54 /* NBCore.xcodeproj */;
			proxyType = 1;
			remoteGlobalIDString = 8DC2EF4F0486A6940098B216;
			remoteInfo = NBCore;
		};
		355AAD2212DBB58E00A9FA54 /* PBXContainerItemProxy */ = {
			isa = PBXContainerItemProxy;
			containerPortal = 355AACED12DBB4FB00A9FA54 /* NBUI.xcodeproj */;
			proxyType = 1;
			remoteGlobalIDString = 355AAB6B12DBB07D00A9FA54;
			remoteInfo = NBUI;
		};
		3576FE5312DBC9A600C2ED92 /* PBXContainerItemProxy */ = {
			isa = PBXContainerItemProxy;
			containerPortal = 3576FE4B12DBC9A600C2ED92 /* NBRuby.xcodeproj */;
			proxyType = 2;
			remoteGlobalIDString = 8D5B49B6048680CD000E48DA;
			remoteInfo = NBRuby;
		};
		3576FE6512DBC9BE00C2ED92 /* PBXContainerItemProxy */ = {
			isa = PBXContainerItemProxy;
			containerPortal = 3576FE4B12DBC9A600C2ED92 /* NBRuby.xcodeproj */;
			proxyType = 1;
			remoteGlobalIDString = 8D5B49AC048680CD000E48DA;
			remoteInfo = NBRuby;
		};
		3584CB1C12E2FE3F00A222CA /* PBXContainerItemProxy */ = {
			isa = PBXContainerItemProxy;
			containerPortal = 3584CB1112E2FE3F00A222CA /* NBApplication.xcodeproj */;
			proxyType = 2;
			remoteGlobalIDString = 355AAB6C12DBB07D00A9FA54;
			remoteInfo = NBApplication;
		};
		3584CB1E12E2FE4D00A222CA /* PBXContainerItemProxy */ = {
			isa = PBXContainerItemProxy;
			containerPortal = 3584CB1112E2FE3F00A222CA /* NBApplication.xcodeproj */;
			proxyType = 1;
			remoteGlobalIDString = 355AAB6B12DBB07D00A9FA54;
			remoteInfo = NBApplication;
		};
		35C465FA12ECE18200D56326 /* PBXContainerItemProxy */ = {
			isa = PBXContainerItemProxy;
			containerPortal = 35D31A4812DEA073001A5F50 /* BWToolkit.xcodeproj */;
			proxyType = 1;
			remoteGlobalIDString = 53DF6901067E5B8E0090B5B0;
			remoteInfo = All;
		};
		35D31A4F12DEA073001A5F50 /* PBXContainerItemProxy */ = {
			isa = PBXContainerItemProxy;
			containerPortal = 35D31A4812DEA073001A5F50 /* BWToolkit.xcodeproj */;
			proxyType = 2;
			remoteGlobalIDString = 8D1AC9740486D14A00FE50C9;
			remoteInfo = BWToolkit;
		};
		35D31A5112DEA073001A5F50 /* PBXContainerItemProxy */ = {
			isa = PBXContainerItemProxy;
			containerPortal = 35D31A4812DEA073001A5F50 /* BWToolkit.xcodeproj */;
			proxyType = 2;
			remoteGlobalIDString = 53DF68FD067E5B5A0090B5B0;
			remoteInfo = BWToolkitFramework;
		};
		35D31A5312DEA073001A5F50 /* PBXContainerItemProxy */ = {
			isa = PBXContainerItemProxy;
			containerPortal = 35D31A4812DEA073001A5F50 /* BWToolkit.xcodeproj */;
			proxyType = 2;
			remoteGlobalIDString = C7D4AD1612C939E8000FD3F9;
			remoteInfo = BWToolkitFrameworkMAS;
		};
/* End PBXContainerItemProxy section */

/* Begin PBXCopyFilesBuildPhase section */
		355AAD2F12DBB60300A9FA54 /* Copy Language PlugIns */ = {
			isa = PBXCopyFilesBuildPhase;
			buildActionMask = 2147483647;
			dstPath = "";
			dstSubfolderSpec = 13;
			files = (
				350B77A612E3B67300BC8507 /* NBRuby.bundle in Copy Language PlugIns */,
				355AAD2A12DBB5CD00A9FA54 /* NBPython.bundle in Copy Language PlugIns */,
			);
			name = "Copy Language PlugIns";
			runOnlyForDeploymentPostprocessing = 0;
		};
		355AADE712DBB7BA00A9FA54 /* Copy Frameworks */ = {
			isa = PBXCopyFilesBuildPhase;
			buildActionMask = 2147483647;
			dstPath = "";
			dstSubfolderSpec = 10;
			files = (
				35C465FC12ECE19900D56326 /* BWToolkitFrameworkMAS.framework in Copy Frameworks */,
				35A2C3B212E2FEE500C49D8C /* NBApplication.framework in Copy Frameworks */,
				351BE60412DEDA610010FD5C /* JSON.framework in Copy Frameworks */,
				355AAD2512DBB5A200A9FA54 /* NBUI.framework in Copy Frameworks */,
				355AAD2412DBB5A000A9FA54 /* NBCore.framework in Copy Frameworks */,
				355AADD812DBB78300A9FA54 /* RegexKit.framework in Copy Frameworks */,
			);
			name = "Copy Frameworks";
			runOnlyForDeploymentPostprocessing = 0;
		};
		3576FE0A12DBC8C500C2ED92 /* Copy Themes */ = {
			isa = PBXCopyFilesBuildPhase;
			buildActionMask = 2147483647;
			dstPath = Themes;
			dstSubfolderSpec = 7;
			files = (
				352E875712E55B290012FBF1 /* morrowind.js in Copy Themes */,
				3576FDFC12DBC8C000C2ED92 /* tango.js in Copy Themes */,
			);
			name = "Copy Themes";
			runOnlyForDeploymentPostprocessing = 0;
		};
/* End PBXCopyFilesBuildPhase section */

/* Begin PBXFileReference section */
		1058C7A1FEA54F0111CA2CBB /* Cocoa.framework */ = {isa = PBXFileReference; lastKnownFileType = wrapper.framework; name = Cocoa.framework; path = /System/Library/Frameworks/Cocoa.framework; sourceTree = "<absolute>"; };
		13E42FB307B3F0F600E4EEF1 /* CoreData.framework */ = {isa = PBXFileReference; lastKnownFileType = wrapper.framework; name = CoreData.framework; path = /System/Library/Frameworks/CoreData.framework; sourceTree = "<absolute>"; };
		29B97324FDCFA39411CA2CEA /* AppKit.framework */ = {isa = PBXFileReference; lastKnownFileType = wrapper.framework; name = AppKit.framework; path = /System/Library/Frameworks/AppKit.framework; sourceTree = "<absolute>"; };
		29B97325FDCFA39411CA2CEA /* Foundation.framework */ = {isa = PBXFileReference; lastKnownFileType = wrapper.framework; name = Foundation.framework; path = /System/Library/Frameworks/Foundation.framework; sourceTree = "<absolute>"; };
		351BE5D912DED9FA0010FD5C /* JSON.xcodeproj */ = {isa = PBXFileReference; lastKnownFileType = "wrapper.pb-project"; name = JSON.xcodeproj; path = External/JSON/JSON.xcodeproj; sourceTree = "<group>"; };
		355AACD912DBB4D500A9FA54 /* main.m */ = {isa = PBXFileReference; fileEncoding = 4; lastKnownFileType = sourcecode.c.objc; name = main.m; path = Source/Notebook/main.m; sourceTree = "<group>"; };
		355AACDB12DBB4DC00A9FA54 /* NotebookAppDelegate.h */ = {isa = PBXFileReference; fileEncoding = 4; lastKnownFileType = sourcecode.c.h; name = NotebookAppDelegate.h; path = Source/Notebook/NotebookAppDelegate.h; sourceTree = "<group>"; };
		355AACDC12DBB4DC00A9FA54 /* NotebookAppDelegate.m */ = {isa = PBXFileReference; fileEncoding = 4; lastKnownFileType = sourcecode.c.objc; name = NotebookAppDelegate.m; path = Source/Notebook/NotebookAppDelegate.m; sourceTree = "<group>"; };
		355AACE412DBB4E700A9FA54 /* Info.plist */ = {isa = PBXFileReference; fileEncoding = 4; lastKnownFileType = text.plist.xml; name = Info.plist; path = Source/Notebook/Info.plist; sourceTree = "<group>"; };
		355AACE512DBB4E700A9FA54 /* MainMenu.xib */ = {isa = PBXFileReference; lastKnownFileType = file.xib; name = MainMenu.xib; path = Source/Notebook/MainMenu.xib; sourceTree = "<group>"; };
		355AACEA12DBB4FB00A9FA54 /* NBCore.xcodeproj */ = {isa = PBXFileReference; lastKnownFileType = "wrapper.pb-project"; name = NBCore.xcodeproj; path = Source/NBCore.xcodeproj; sourceTree = "<group>"; };
		355AACED12DBB4FB00A9FA54 /* NBUI.xcodeproj */ = {isa = PBXFileReference; lastKnownFileType = "wrapper.pb-project"; name = NBUI.xcodeproj; path = Source/NBUI.xcodeproj; sourceTree = "<group>"; };
		355AAD0412DBB50F00A9FA54 /* NBPython.xcodeproj */ = {isa = PBXFileReference; lastKnownFileType = "wrapper.pb-project"; name = NBPython.xcodeproj; path = Source/Languages/NBPython.xcodeproj; sourceTree = "<group>"; };
		355AAD3212DBB62100A9FA54 /* RegexKit.framework */ = {isa = PBXFileReference; lastKnownFileType = wrapper.framework; name = RegexKit.framework; path = External/RegexKit.framework; sourceTree = "<group>"; };
		355AADC412DBB75300A9FA54 /* QuartzCore.framework */ = {isa = PBXFileReference; lastKnownFileType = wrapper.framework; name = QuartzCore.framework; path = System/Library/Frameworks/QuartzCore.framework; sourceTree = SDKROOT; };
		3576FDF512DBC89000C2ED92 /* morrowind.js */ = {isa = PBXFileReference; fileEncoding = 4; lastKnownFileType = sourcecode.javascript; path = morrowind.js; sourceTree = "<group>"; };
		3576FDF612DBC89000C2ED92 /* tango.js */ = {isa = PBXFileReference; fileEncoding = 4; lastKnownFileType = sourcecode.javascript; path = tango.js; sourceTree = "<group>"; };
		3576FE4B12DBC9A600C2ED92 /* NBRuby.xcodeproj */ = {isa = PBXFileReference; lastKnownFileType = "wrapper.pb-project"; name = NBRuby.xcodeproj; path = Source/Languages/NBRuby.xcodeproj; sourceTree = "<group>"; };
		3584CB1112E2FE3F00A222CA /* NBApplication.xcodeproj */ = {isa = PBXFileReference; lastKnownFileType = "wrapper.pb-project"; name = NBApplication.xcodeproj; path = Source/NBApplication.xcodeproj; sourceTree = "<group>"; };
		35B4068312FA67EE0063E8AA /* Notebook.icns */ = {isa = PBXFileReference; lastKnownFileType = image.icns; name = Notebook.icns; path = Artwork/Notebook.icns; sourceTree = "<group>"; };
		35D31A4812DEA073001A5F50 /* BWToolkit.xcodeproj */ = {isa = PBXFileReference; lastKnownFileType = "wrapper.pb-project"; name = BWToolkit.xcodeproj; path = External/BWToolkit/BWToolkit.xcodeproj; sourceTree = "<group>"; };
		8D1107320486CEB800E47090 /* Notebook.app */ = {isa = PBXFileReference; explicitFileType = wrapper.application; includeInIndex = 0; path = Notebook.app; sourceTree = BUILT_PRODUCTS_DIR; };
/* End PBXFileReference section */

/* Begin PBXFrameworksBuildPhase section */
		8D11072E0486CEB800E47090 /* Frameworks */ = {
			isa = PBXFrameworksBuildPhase;
			buildActionMask = 2147483647;
			files = (
				35C465FD12ECE1A400D56326 /* BWToolkitFrameworkMAS.framework in Frameworks */,
				35A2C3B312E2FEE900C49D8C /* NBApplication.framework in Frameworks */,
				351BE5EC12DEDA050010FD5C /* JSON.framework in Frameworks */,
				355AADDA12DBB7A200A9FA54 /* NBUI.framework in Frameworks */,
				355AADD912DBB79C00A9FA54 /* NBCore.framework in Frameworks */,
				8D11072F0486CEB800E47090 /* Cocoa.framework in Frameworks */,
				355AAD3512DBB62100A9FA54 /* RegexKit.framework in Frameworks */,
				355AADC512DBB75300A9FA54 /* QuartzCore.framework in Frameworks */,
			);
			runOnlyForDeploymentPostprocessing = 0;
		};
/* End PBXFrameworksBuildPhase section */

/* Begin PBXGroup section */
		080E96DDFE201D6D7F000001 /* Classes */ = {
			isa = PBXGroup;
			children = (
				355AACDB12DBB4DC00A9FA54 /* NotebookAppDelegate.h */,
				355AACDC12DBB4DC00A9FA54 /* NotebookAppDelegate.m */,
			);
			name = Classes;
			sourceTree = "<group>";
		};
		19C28FACFE9D520D11CA2CBB /* Products */ = {
			isa = PBXGroup;
			children = (
				8D1107320486CEB800E47090 /* Notebook.app */,
			);
			name = Products;
			sourceTree = "<group>";
		};
		29B97314FDCFA39411CA2CEA /* Notebook */ = {
			isa = PBXGroup;
			children = (
				3584CB1112E2FE3F00A222CA /* NBApplication.xcodeproj */,
				35D31A4812DEA073001A5F50 /* BWToolkit.xcodeproj */,
				351BE5D912DED9FA0010FD5C /* JSON.xcodeproj */,
				355AACEA12DBB4FB00A9FA54 /* NBCore.xcodeproj */,
				355AACED12DBB4FB00A9FA54 /* NBUI.xcodeproj */,
				355AACFE12DBB50300A9FA54 /* Languages */,
				080E96DDFE201D6D7F000001 /* Classes */,
				29B97315FDCFA39411CA2CEA /* Other Sources */,
				29B97317FDCFA39411CA2CEA /* Resources */,
				29B97323FDCFA39411CA2CEA /* Frameworks */,
				19C28FACFE9D520D11CA2CBB /* Products */,
			);
			name = Notebook;
			sourceTree = "<group>";
		};
		29B97315FDCFA39411CA2CEA /* Other Sources */ = {
			isa = PBXGroup;
			children = (
				355AACD912DBB4D500A9FA54 /* main.m */,
			);
			name = "Other Sources";
			sourceTree = "<group>";
		};
		29B97317FDCFA39411CA2CEA /* Resources */ = {
			isa = PBXGroup;
			children = (
				3576FDF412DBC89000C2ED92 /* Themes */,
				355AACE412DBB4E700A9FA54 /* Info.plist */,
				35B4068312FA67EE0063E8AA /* Notebook.icns */,
				355AACE512DBB4E700A9FA54 /* MainMenu.xib */,
			);
			name = Resources;
			sourceTree = "<group>";
		};
		29B97323FDCFA39411CA2CEA /* Frameworks */ = {
			isa = PBXGroup;
			children = (
				1058C7A1FEA54F0111CA2CBB /* Cocoa.framework */,
				355AADC412DBB75300A9FA54 /* QuartzCore.framework */,
				355AAD3212DBB62100A9FA54 /* RegexKit.framework */,
				29B97324FDCFA39411CA2CEA /* AppKit.framework */,
				13E42FB307B3F0F600E4EEF1 /* CoreData.framework */,
				29B97325FDCFA39411CA2CEA /* Foundation.framework */,
			);
			name = Frameworks;
			sourceTree = "<group>";
		};
		351BE5DA12DED9FA0010FD5C /* Products */ = {
			isa = PBXGroup;
			children = (
				351BE5E512DED9FA0010FD5C /* JSON.framework */,
				351BE5E712DED9FA0010FD5C /* Tests.octest */,
				351BE5E912DED9FA0010FD5C /* libjson.a */,
				351BE5EB12DED9FA0010FD5C /* libjsontests.octest */,
			);
			name = Products;
			sourceTree = "<group>";
		};
		355AACEB12DBB4FB00A9FA54 /* Products */ = {
			isa = PBXGroup;
			children = (
				355AACF512DBB4FB00A9FA54 /* NBCore.framework */,
			);
			name = Products;
			sourceTree = "<group>";
		};
		355AACEE12DBB4FB00A9FA54 /* Products */ = {
			isa = PBXGroup;
			children = (
				355AACFC12DBB4FB00A9FA54 /* NBUI.framework */,
			);
			name = Products;
			sourceTree = "<group>";
		};
		355AACFE12DBB50300A9FA54 /* Languages */ = {
			isa = PBXGroup;
			children = (
				3576FE4B12DBC9A600C2ED92 /* NBRuby.xcodeproj */,
				355AAD0412DBB50F00A9FA54 /* NBPython.xcodeproj */,
			);
			name = Languages;
			sourceTree = "<group>";
		};
		355AAD0512DBB50F00A9FA54 /* Products */ = {
			isa = PBXGroup;
			children = (
				355AAD0D12DBB50F00A9FA54 /* NBPython.bundle */,
			);
			name = Products;
			sourceTree = "<group>";
		};
		3576FDF412DBC89000C2ED92 /* Themes */ = {
			isa = PBXGroup;
			children = (
				3576FDF512DBC89000C2ED92 /* morrowind.js */,
				3576FDF612DBC89000C2ED92 /* tango.js */,
			);
			path = Themes;
			sourceTree = "<group>";
		};
		3576FE4C12DBC9A600C2ED92 /* Products */ = {
			isa = PBXGroup;
			children = (
				3576FE5412DBC9A600C2ED92 /* NBRuby.bundle */,
			);
			name = Products;
			sourceTree = "<group>";
		};
		3584CB1212E2FE3F00A222CA /* Products */ = {
			isa = PBXGroup;
			children = (
				3584CB1D12E2FE3F00A222CA /* NBApplication.framework */,
			);
			name = Products;
			sourceTree = "<group>";
		};
		35D31A4912DEA073001A5F50 /* Products */ = {
			isa = PBXGroup;
			children = (
				35D31A5012DEA073001A5F50 /* BWToolkit.ibplugin */,
				35D31A5212DEA073001A5F50 /* BWToolkitFramework.framework */,
				35D31A5412DEA073001A5F50 /* BWToolkitFrameworkMAS.framework */,
			);
			name = Products;
			sourceTree = "<group>";
		};
/* End PBXGroup section */

/* Begin PBXNativeTarget section */
		8D1107260486CEB800E47090 /* Notebook */ = {
			isa = PBXNativeTarget;
			buildConfigurationList = C01FCF4A08A954540054247B /* Build configuration list for PBXNativeTarget "Notebook" */;
			buildPhases = (
				8D1107290486CEB800E47090 /* Resources */,
				8D11072C0486CEB800E47090 /* Sources */,
				8D11072E0486CEB800E47090 /* Frameworks */,
				355AAD2F12DBB60300A9FA54 /* Copy Language PlugIns */,
				355AADE712DBB7BA00A9FA54 /* Copy Frameworks */,
				3576FE0A12DBC8C500C2ED92 /* Copy Themes */,
			);
			buildRules = (
			);
			dependencies = (
				355AAD2112DBB58E00A9FA54 /* PBXTargetDependency */,
				355AAD2312DBB58E00A9FA54 /* PBXTargetDependency */,
				355AAD1F12DBB58E00A9FA54 /* PBXTargetDependency */,
				3576FE6612DBC9BE00C2ED92 /* PBXTargetDependency */,
				3541C4CA12DEDFCA005136EF /* PBXTargetDependency */,
				3584CB1F12E2FE4D00A222CA /* PBXTargetDependency */,
				35C465FB12ECE18200D56326 /* PBXTargetDependency */,
			);
			name = Notebook;
			productInstallPath = "$(HOME)/Applications";
			productName = Notebook;
			productReference = 8D1107320486CEB800E47090 /* Notebook.app */;
			productType = "com.apple.product-type.application";
		};
/* End PBXNativeTarget section */

/* Begin PBXProject section */
		29B97313FDCFA39411CA2CEA /* Project object */ = {
			isa = PBXProject;
			buildConfigurationList = C01FCF4E08A954540054247B /* Build configuration list for PBXProject "Notebook" */;
			compatibilityVersion = "Xcode 3.1";
			developmentRegion = English;
			hasScannedForEncodings = 1;
			knownRegions = (
				English,
				Japanese,
				French,
				German,
			);
			mainGroup = 29B97314FDCFA39411CA2CEA /* Notebook */;
			projectDirPath = "";
			projectReferences = (
				{
					ProductGroup = 35D31A4912DEA073001A5F50 /* Products */;
					ProjectRef = 35D31A4812DEA073001A5F50 /* BWToolkit.xcodeproj */;
				},
				{
					ProductGroup = 351BE5DA12DED9FA0010FD5C /* Products */;
					ProjectRef = 351BE5D912DED9FA0010FD5C /* JSON.xcodeproj */;
				},
				{
					ProductGroup = 3584CB1212E2FE3F00A222CA /* Products */;
					ProjectRef = 3584CB1112E2FE3F00A222CA /* NBApplication.xcodeproj */;
				},
				{
					ProductGroup = 355AACEB12DBB4FB00A9FA54 /* Products */;
					ProjectRef = 355AACEA12DBB4FB00A9FA54 /* NBCore.xcodeproj */;
				},
				{
					ProductGroup = 355AAD0512DBB50F00A9FA54 /* Products */;
					ProjectRef = 355AAD0412DBB50F00A9FA54 /* NBPython.xcodeproj */;
				},
				{
					ProductGroup = 3576FE4C12DBC9A600C2ED92 /* Products */;
					ProjectRef = 3576FE4B12DBC9A600C2ED92 /* NBRuby.xcodeproj */;
				},
				{
					ProductGroup = 355AACEE12DBB4FB00A9FA54 /* Products */;
					ProjectRef = 355AACED12DBB4FB00A9FA54 /* NBUI.xcodeproj */;
				},
			);
			projectRoot = "";
			targets = (
				8D1107260486CEB800E47090 /* Notebook */,
			);
		};
/* End PBXProject section */

/* Begin PBXReferenceProxy section */
		351BE5E512DED9FA0010FD5C /* JSON.framework */ = {
			isa = PBXReferenceProxy;
			fileType = wrapper.framework;
			path = JSON.framework;
			remoteRef = 351BE5E412DED9FA0010FD5C /* PBXContainerItemProxy */;
			sourceTree = BUILT_PRODUCTS_DIR;
		};
		351BE5E712DED9FA0010FD5C /* Tests.octest */ = {
			isa = PBXReferenceProxy;
			fileType = wrapper.cfbundle;
			path = Tests.octest;
			remoteRef = 351BE5E612DED9FA0010FD5C /* PBXContainerItemProxy */;
			sourceTree = BUILT_PRODUCTS_DIR;
		};
		351BE5E912DED9FA0010FD5C /* libjson.a */ = {
			isa = PBXReferenceProxy;
			fileType = archive.ar;
			path = libjson.a;
			remoteRef = 351BE5E812DED9FA0010FD5C /* PBXContainerItemProxy */;
			sourceTree = BUILT_PRODUCTS_DIR;
		};
		351BE5EB12DED9FA0010FD5C /* libjsontests.octest */ = {
			isa = PBXReferenceProxy;
			fileType = wrapper.cfbundle;
			path = libjsontests.octest;
			remoteRef = 351BE5EA12DED9FA0010FD5C /* PBXContainerItemProxy */;
			sourceTree = BUILT_PRODUCTS_DIR;
		};
		355AACF512DBB4FB00A9FA54 /* NBCore.framework */ = {
			isa = PBXReferenceProxy;
			fileType = wrapper.framework;
			path = NBCore.framework;
			remoteRef = 355AACF412DBB4FB00A9FA54 /* PBXContainerItemProxy */;
			sourceTree = BUILT_PRODUCTS_DIR;
		};
		355AACFC12DBB4FB00A9FA54 /* NBUI.framework */ = {
			isa = PBXReferenceProxy;
			fileType = wrapper.framework;
			path = NBUI.framework;
			remoteRef = 355AACFB12DBB4FB00A9FA54 /* PBXContainerItemProxy */;
			sourceTree = BUILT_PRODUCTS_DIR;
		};
		355AAD0D12DBB50F00A9FA54 /* NBPython.bundle */ = {
			isa = PBXReferenceProxy;
			fileType = wrapper.cfbundle;
			path = NBPython.bundle;
			remoteRef = 355AAD0C12DBB50F00A9FA54 /* PBXContainerItemProxy */;
			sourceTree = BUILT_PRODUCTS_DIR;
		};
		3576FE5412DBC9A600C2ED92 /* NBRuby.bundle */ = {
			isa = PBXReferenceProxy;
			fileType = wrapper.cfbundle;
			path = NBRuby.bundle;
			remoteRef = 3576FE5312DBC9A600C2ED92 /* PBXContainerItemProxy */;
			sourceTree = BUILT_PRODUCTS_DIR;
		};
		3584CB1D12E2FE3F00A222CA /* NBApplication.framework */ = {
			isa = PBXReferenceProxy;
			fileType = wrapper.framework;
			path = NBApplication.framework;
			remoteRef = 3584CB1C12E2FE3F00A222CA /* PBXContainerItemProxy */;
			sourceTree = BUILT_PRODUCTS_DIR;
		};
		35D31A5012DEA073001A5F50 /* BWToolkit.ibplugin */ = {
			isa = PBXReferenceProxy;
			fileType = wrapper.cfbundle;
			path = BWToolkit.ibplugin;
			remoteRef = 35D31A4F12DEA073001A5F50 /* PBXContainerItemProxy */;
			sourceTree = BUILT_PRODUCTS_DIR;
		};
		35D31A5212DEA073001A5F50 /* BWToolkitFramework.framework */ = {
			isa = PBXReferenceProxy;
			fileType = wrapper.framework;
			path = BWToolkitFramework.framework;
			remoteRef = 35D31A5112DEA073001A5F50 /* PBXContainerItemProxy */;
			sourceTree = BUILT_PRODUCTS_DIR;
		};
		35D31A5412DEA073001A5F50 /* BWToolkitFrameworkMAS.framework */ = {
			isa = PBXReferenceProxy;
			fileType = wrapper.framework;
			path = BWToolkitFrameworkMAS.framework;
			remoteRef = 35D31A5312DEA073001A5F50 /* PBXContainerItemProxy */;
			sourceTree = BUILT_PRODUCTS_DIR;
		};
/* End PBXReferenceProxy section */

/* Begin PBXResourcesBuildPhase section */
		8D1107290486CEB800E47090 /* Resources */ = {
			isa = PBXResourcesBuildPhase;
			buildActionMask = 2147483647;
			files = (
				355AACE812DBB4E700A9FA54 /* MainMenu.xib in Resources */,
				35B4068412FA67EE0063E8AA /* Notebook.icns in Resources */,
			);
			runOnlyForDeploymentPostprocessing = 0;
		};
/* End PBXResourcesBuildPhase section */

/* Begin PBXSourcesBuildPhase section */
		8D11072C0486CEB800E47090 /* Sources */ = {
			isa = PBXSourcesBuildPhase;
			buildActionMask = 2147483647;
			files = (
				355AACDA12DBB4D500A9FA54 /* main.m in Sources */,
				355AACE112DBB4DC00A9FA54 /* NotebookAppDelegate.m in Sources */,
			);
			runOnlyForDeploymentPostprocessing = 0;
		};
/* End PBXSourcesBuildPhase section */

/* Begin PBXTargetDependency section */
		3541C4CA12DEDFCA005136EF /* PBXTargetDependency */ = {
			isa = PBXTargetDependency;
			name = JSON;
			targetProxy = 3541C4C912DEDFCA005136EF /* PBXContainerItemProxy */;
		};
		355AAD1F12DBB58E00A9FA54 /* PBXTargetDependency */ = {
			isa = PBXTargetDependency;
			name = NBPython;
			targetProxy = 355AAD1E12DBB58E00A9FA54 /* PBXContainerItemProxy */;
		};
		355AAD2112DBB58E00A9FA54 /* PBXTargetDependency */ = {
			isa = PBXTargetDependency;
			name = NBCore;
			targetProxy = 355AAD2012DBB58E00A9FA54 /* PBXContainerItemProxy */;
		};
		355AAD2312DBB58E00A9FA54 /* PBXTargetDependency */ = {
			isa = PBXTargetDependency;
			name = NBUI;
			targetProxy = 355AAD2212DBB58E00A9FA54 /* PBXContainerItemProxy */;
		};
		3576FE6612DBC9BE00C2ED92 /* PBXTargetDependency */ = {
			isa = PBXTargetDependency;
			name = NBRuby;
			targetProxy = 3576FE6512DBC9BE00C2ED92 /* PBXContainerItemProxy */;
		};
		3584CB1F12E2FE4D00A222CA /* PBXTargetDependency */ = {
			isa = PBXTargetDependency;
			name = NBApplication;
			targetProxy = 3584CB1E12E2FE4D00A222CA /* PBXContainerItemProxy */;
		};
		35C465FB12ECE18200D56326 /* PBXTargetDependency */ = {
			isa = PBXTargetDependency;
			name = All;
			targetProxy = 35C465FA12ECE18200D56326 /* PBXContainerItemProxy */;
		};
/* End PBXTargetDependency section */

/* Begin XCBuildConfiguration section */
		C01FCF4B08A954540054247B /* Debug */ = {
			isa = XCBuildConfiguration;
			buildSettings = {
				ALWAYS_SEARCH_USER_PATHS = NO;
				COPY_PHASE_STRIP = NO;
				FRAMEWORK_SEARCH_PATHS = (
					"$(inherited)",
					"\"$(SRCROOT)/External\"",
				);
				GCC_DYNAMIC_NO_PIC = NO;
				GCC_ENABLE_FIX_AND_CONTINUE = YES;
				GCC_MODEL_TUNING = G5;
				GCC_OPTIMIZATION_LEVEL = 0;
				GCC_PRECOMPILE_PREFIX_HEADER = YES;
				INFOPLIST_FILE = Source/Notebook/Info.plist;
				INSTALL_PATH = "$(HOME)/Applications";
				LD_RUNPATH_SEARCH_PATHS = "@executable_path/../Frameworks";
				MACOSX_DEPLOYMENT_TARGET = 10.6;
				PRODUCT_NAME = Notebook;
			};
			name = Debug;
		};
		C01FCF4C08A954540054247B /* Release */ = {
			isa = XCBuildConfiguration;
			buildSettings = {
				ALWAYS_SEARCH_USER_PATHS = NO;
				DEBUG_INFORMATION_FORMAT = "dwarf-with-dsym";
				FRAMEWORK_SEARCH_PATHS = (
					"$(inherited)",
					"\"$(SRCROOT)/External\"",
				);
				GCC_MODEL_TUNING = G5;
				GCC_PRECOMPILE_PREFIX_HEADER = YES;
				INFOPLIST_FILE = Source/Notebook/Info.plist;
				INSTALL_PATH = "$(HOME)/Applications";
				LD_RUNPATH_SEARCH_PATHS = "@executable_path/../Frameworks";
				MACOSX_DEPLOYMENT_TARGET = 10.6;
				PRODUCT_NAME = Notebook;
			};
			name = Release;
		};
		C01FCF4F08A954540054247B /* Debug */ = {
			isa = XCBuildConfiguration;
			buildSettings = {
				ARCHS = "$(ARCHS_STANDARD_32_64_BIT)";
				GCC_C_LANGUAGE_STANDARD = gnu99;
				GCC_ENABLE_OBJC_GC = required;
				GCC_OPTIMIZATION_LEVEL = 0;
				GCC_WARN_ABOUT_RETURN_TYPE = YES;
				GCC_WARN_UNUSED_VARIABLE = YES;
				IBC_PLUGIN_SEARCH_PATHS = "$(BUILT_PRODUCTS_DIR)/**";
				ONLY_ACTIVE_ARCH = YES;
				PREBINDING = NO;
				SDKROOT = macosx10.6;
				SYMROOT = Build;
			};
			name = Debug;
		};
		C01FCF5008A954540054247B /* Release */ = {
			isa = XCBuildConfiguration;
			buildSettings = {
				ARCHS = "$(ARCHS_STANDARD_32_64_BIT)";
				GCC_C_LANGUAGE_STANDARD = gnu99;
				GCC_ENABLE_OBJC_GC = required;
				GCC_WARN_ABOUT_RETURN_TYPE = YES;
				GCC_WARN_UNUSED_VARIABLE = YES;
				IBC_PLUGIN_SEARCH_PATHS = "$(BUILT_PRODUCTS_DIR)/**";
				PREBINDING = NO;
				SDKROOT = macosx10.6;
				SYMROOT = Build;
			};
			name = Release;
		};
/* End XCBuildConfiguration section */

/* Begin XCConfigurationList section */
		C01FCF4A08A954540054247B /* Build configuration list for PBXNativeTarget "Notebook" */ = {
			isa = XCConfigurationList;
			buildConfigurations = (
				C01FCF4B08A954540054247B /* Debug */,
				C01FCF4C08A954540054247B /* Release */,
			);
			defaultConfigurationIsVisible = 0;
			defaultConfigurationName = Release;
		};
		C01FCF4E08A954540054247B /* Build configuration list for PBXProject "Notebook" */ = {
			isa = XCConfigurationList;
			buildConfigurations = (
				C01FCF4F08A954540054247B /* Debug */,
				C01FCF5008A954540054247B /* Release */,
			);
			defaultConfigurationIsVisible = 0;
			defaultConfigurationName = Release;
		};
/* End XCConfigurationList section */
	};
	rootObject = 29B97313FDCFA39411CA2CEA /* Project object */;
}
