// !$*UTF8*$!
{
	archiveVersion = 1;
	classes = {
	};
	objectVersion = 45;
	objects = {

/* Begin PBXBuildFile section */
		1DDD58160DA1D0A300B32029 /* MainMenu.xib in Resources */ = {isa = PBXBuildFile; fileRef = 1DDD58140DA1D0A300B32029 /* MainMenu.xib */; };
		256AC3DA0F4B6AC300CF3369 /* NotebookAppDelegate.m in Sources */ = {isa = PBXBuildFile; fileRef = 256AC3D90F4B6AC300CF3369 /* NotebookAppDelegate.m */; };
		353E2AE91295C6E3001A40B6 /* NBSourceView.m in Sources */ = {isa = PBXBuildFile; fileRef = 353E2AE81295C6E3001A40B6 /* NBSourceView.m */; };
		353E2B851295F2B8001A40B6 /* QuartzCore.framework in Frameworks */ = {isa = PBXBuildFile; fileRef = 353E2B841295F2B8001A40B6 /* QuartzCore.framework */; };
		3555D3301296132300FBC06F /* NBPythonEngine.m in Sources */ = {isa = PBXBuildFile; fileRef = 3555D32F1296132300FBC06F /* NBPythonEngine.m */; };
		3555D3681296153000FBC06F /* Python.framework in Frameworks */ = {isa = PBXBuildFile; fileRef = 3555D3671296153000FBC06F /* Python.framework */; };
		3555D4B01296440B00FBC06F /* NBEngine.m in Sources */ = {isa = PBXBuildFile; fileRef = 3555D4AF1296440B00FBC06F /* NBEngine.m */; };
		358E2B381294BAC4009A2D95 /* NBCellView.m in Sources */ = {isa = PBXBuildFile; fileRef = 358E2B371294BAC4009A2D95 /* NBCellView.m */; };
		358E2B5F1294BF58009A2D95 /* NBNotebookView.m in Sources */ = {isa = PBXBuildFile; fileRef = 358E2B5E1294BF58009A2D95 /* NBNotebookView.m */; };
		358E2B621294BF63009A2D95 /* NBNotebook.m in Sources */ = {isa = PBXBuildFile; fileRef = 358E2B611294BF63009A2D95 /* NBNotebook.m */; };
		358E2B651294BF6C009A2D95 /* NBNotebookViewController.m in Sources */ = {isa = PBXBuildFile; fileRef = 358E2B641294BF6C009A2D95 /* NBNotebookViewController.m */; };
		358E2B6A1294CB8E009A2D95 /* NBCell.m in Sources */ = {isa = PBXBuildFile; fileRef = 358E2B691294CB8E009A2D95 /* NBCell.m */; };
		8D11072B0486CEB800E47090 /* InfoPlist.strings in Resources */ = {isa = PBXBuildFile; fileRef = 089C165CFE840E0CC02AAC07 /* InfoPlist.strings */; };
		8D11072D0486CEB800E47090 /* main.m in Sources */ = {isa = PBXBuildFile; fileRef = 29B97316FDCFA39411CA2CEA /* main.m */; settings = {ATTRIBUTES = (); }; };
		8D11072F0486CEB800E47090 /* Cocoa.framework in Frameworks */ = {isa = PBXBuildFile; fileRef = 1058C7A1FEA54F0111CA2CBB /* Cocoa.framework */; };
/* End PBXBuildFile section */

/* Begin PBXFileReference section */
		089C165DFE840E0CC02AAC07 /* English */ = {isa = PBXFileReference; fileEncoding = 4; lastKnownFileType = text.plist.strings; name = English; path = English.lproj/InfoPlist.strings; sourceTree = "<group>"; };
		1058C7A1FEA54F0111CA2CBB /* Cocoa.framework */ = {isa = PBXFileReference; lastKnownFileType = wrapper.framework; name = Cocoa.framework; path = /System/Library/Frameworks/Cocoa.framework; sourceTree = "<absolute>"; };
		13E42FB307B3F0F600E4EEF1 /* CoreData.framework */ = {isa = PBXFileReference; lastKnownFileType = wrapper.framework; name = CoreData.framework; path = /System/Library/Frameworks/CoreData.framework; sourceTree = "<absolute>"; };
		1DDD58150DA1D0A300B32029 /* English */ = {isa = PBXFileReference; lastKnownFileType = file.xib; name = English; path = English.lproj/MainMenu.xib; sourceTree = "<group>"; };
		256AC3D80F4B6AC300CF3369 /* NotebookAppDelegate.h */ = {isa = PBXFileReference; fileEncoding = 4; lastKnownFileType = sourcecode.c.h; path = NotebookAppDelegate.h; sourceTree = "<group>"; };
		256AC3D90F4B6AC300CF3369 /* NotebookAppDelegate.m */ = {isa = PBXFileReference; fileEncoding = 4; lastKnownFileType = sourcecode.c.objc; path = NotebookAppDelegate.m; sourceTree = "<group>"; };
		256AC3F00F4B6AF500CF3369 /* Notebook_Prefix.pch */ = {isa = PBXFileReference; fileEncoding = 4; lastKnownFileType = sourcecode.c.h; path = Notebook_Prefix.pch; sourceTree = "<group>"; };
		29B97316FDCFA39411CA2CEA /* main.m */ = {isa = PBXFileReference; fileEncoding = 4; lastKnownFileType = sourcecode.c.objc; path = main.m; sourceTree = "<group>"; };
		29B97324FDCFA39411CA2CEA /* AppKit.framework */ = {isa = PBXFileReference; lastKnownFileType = wrapper.framework; name = AppKit.framework; path = /System/Library/Frameworks/AppKit.framework; sourceTree = "<absolute>"; };
		29B97325FDCFA39411CA2CEA /* Foundation.framework */ = {isa = PBXFileReference; lastKnownFileType = wrapper.framework; name = Foundation.framework; path = /System/Library/Frameworks/Foundation.framework; sourceTree = "<absolute>"; };
		353E2AE71295C6E3001A40B6 /* NBSourceView.h */ = {isa = PBXFileReference; fileEncoding = 4; lastKnownFileType = sourcecode.c.h; path = NBSourceView.h; sourceTree = "<group>"; };
		353E2AE81295C6E3001A40B6 /* NBSourceView.m */ = {isa = PBXFileReference; fileEncoding = 4; lastKnownFileType = sourcecode.c.objc; path = NBSourceView.m; sourceTree = "<group>"; };
		353E2B841295F2B8001A40B6 /* QuartzCore.framework */ = {isa = PBXFileReference; lastKnownFileType = wrapper.framework; name = QuartzCore.framework; path = System/Library/Frameworks/QuartzCore.framework; sourceTree = SDKROOT; };
		3555D32E1296132300FBC06F /* NBPythonEngine.h */ = {isa = PBXFileReference; fileEncoding = 4; lastKnownFileType = sourcecode.c.h; path = NBPythonEngine.h; sourceTree = "<group>"; };
		3555D32F1296132300FBC06F /* NBPythonEngine.m */ = {isa = PBXFileReference; fileEncoding = 4; lastKnownFileType = sourcecode.c.objc; path = NBPythonEngine.m; sourceTree = "<group>"; };
		3555D337129613D400FBC06F /* NBEngine.h */ = {isa = PBXFileReference; fileEncoding = 4; lastKnownFileType = sourcecode.c.h; path = NBEngine.h; sourceTree = "<group>"; };
		3555D3671296153000FBC06F /* Python.framework */ = {isa = PBXFileReference; lastKnownFileType = wrapper.framework; name = Python.framework; path = System/Library/Frameworks/Python.framework; sourceTree = SDKROOT; };
		3555D4AF1296440B00FBC06F /* NBEngine.m */ = {isa = PBXFileReference; fileEncoding = 4; lastKnownFileType = sourcecode.c.objc; path = NBEngine.m; sourceTree = "<group>"; };
		3555D5CB12964DA900FBC06F /* NBSourceViewDelegate.h */ = {isa = PBXFileReference; fileEncoding = 4; lastKnownFileType = sourcecode.c.h; path = NBSourceViewDelegate.h; sourceTree = "<group>"; };
		3555D5F61296520000FBC06F /* NBCellViewDelegate.h */ = {isa = PBXFileReference; fileEncoding = 4; lastKnownFileType = sourcecode.c.h; path = NBCellViewDelegate.h; sourceTree = "<group>"; };
		3555D61F129654EB00FBC06F /* NBNotebookViewDelegate.h */ = {isa = PBXFileReference; fileEncoding = 4; lastKnownFileType = sourcecode.c.h; path = NBNotebookViewDelegate.h; sourceTree = "<group>"; };
		358E2B361294BAC4009A2D95 /* NBCellView.h */ = {isa = PBXFileReference; fileEncoding = 4; lastKnownFileType = sourcecode.c.h; path = NBCellView.h; sourceTree = "<group>"; };
		358E2B371294BAC4009A2D95 /* NBCellView.m */ = {isa = PBXFileReference; fileEncoding = 4; lastKnownFileType = sourcecode.c.objc; path = NBCellView.m; sourceTree = "<group>"; };
		358E2B5D1294BF58009A2D95 /* NBNotebookView.h */ = {isa = PBXFileReference; fileEncoding = 4; lastKnownFileType = sourcecode.c.h; path = NBNotebookView.h; sourceTree = "<group>"; };
		358E2B5E1294BF58009A2D95 /* NBNotebookView.m */ = {isa = PBXFileReference; fileEncoding = 4; lastKnownFileType = sourcecode.c.objc; path = NBNotebookView.m; sourceTree = "<group>"; };
		358E2B601294BF63009A2D95 /* NBNotebook.h */ = {isa = PBXFileReference; fileEncoding = 4; lastKnownFileType = sourcecode.c.h; path = NBNotebook.h; sourceTree = "<group>"; };
		358E2B611294BF63009A2D95 /* NBNotebook.m */ = {isa = PBXFileReference; fileEncoding = 4; lastKnownFileType = sourcecode.c.objc; path = NBNotebook.m; sourceTree = "<group>"; };
		358E2B631294BF6C009A2D95 /* NBNotebookViewController.h */ = {isa = PBXFileReference; fileEncoding = 4; lastKnownFileType = sourcecode.c.h; path = NBNotebookViewController.h; sourceTree = "<group>"; };
		358E2B641294BF6C009A2D95 /* NBNotebookViewController.m */ = {isa = PBXFileReference; fileEncoding = 4; lastKnownFileType = sourcecode.c.objc; path = NBNotebookViewController.m; sourceTree = "<group>"; };
		358E2B681294CB8E009A2D95 /* NBCell.h */ = {isa = PBXFileReference; fileEncoding = 4; lastKnownFileType = sourcecode.c.h; path = NBCell.h; sourceTree = "<group>"; };
		358E2B691294CB8E009A2D95 /* NBCell.m */ = {isa = PBXFileReference; fileEncoding = 4; lastKnownFileType = sourcecode.c.objc; path = NBCell.m; sourceTree = "<group>"; };
		8D1107310486CEB800E47090 /* Notebook-Info.plist */ = {isa = PBXFileReference; fileEncoding = 4; lastKnownFileType = text.plist.xml; path = "Notebook-Info.plist"; sourceTree = "<group>"; };
		8D1107320486CEB800E47090 /* Notebook.app */ = {isa = PBXFileReference; explicitFileType = wrapper.application; includeInIndex = 0; path = Notebook.app; sourceTree = BUILT_PRODUCTS_DIR; };
/* End PBXFileReference section */

/* Begin PBXFrameworksBuildPhase section */
		8D11072E0486CEB800E47090 /* Frameworks */ = {
			isa = PBXFrameworksBuildPhase;
			buildActionMask = 2147483647;
			files = (
				8D11072F0486CEB800E47090 /* Cocoa.framework in Frameworks */,
				353E2B851295F2B8001A40B6 /* QuartzCore.framework in Frameworks */,
				3555D3681296153000FBC06F /* Python.framework in Frameworks */,
			);
			runOnlyForDeploymentPostprocessing = 0;
		};
/* End PBXFrameworksBuildPhase section */

/* Begin PBXGroup section */
		080E96DDFE201D6D7F000001 /* Classes */ = {
			isa = PBXGroup;
			children = (
				3555D3351296139B00FBC06F /* Source View */,
				3555D3341296138A00FBC06F /* Engines */,
				3555D3331296137E00FBC06F /* Notebook */,
				3555D3321296137200FBC06F /* Notebook Cell */,
				256AC3D80F4B6AC300CF3369 /* NotebookAppDelegate.h */,
				256AC3D90F4B6AC300CF3369 /* NotebookAppDelegate.m */,
			);
			name = Classes;
			sourceTree = "<group>";
		};
		1058C7A0FEA54F0111CA2CBB /* Linked Frameworks */ = {
			isa = PBXGroup;
			children = (
				1058C7A1FEA54F0111CA2CBB /* Cocoa.framework */,
			);
			name = "Linked Frameworks";
			sourceTree = "<group>";
		};
		1058C7A2FEA54F0111CA2CBB /* Other Frameworks */ = {
			isa = PBXGroup;
			children = (
				3555D3671296153000FBC06F /* Python.framework */,
				29B97324FDCFA39411CA2CEA /* AppKit.framework */,
				13E42FB307B3F0F600E4EEF1 /* CoreData.framework */,
				29B97325FDCFA39411CA2CEA /* Foundation.framework */,
				353E2B841295F2B8001A40B6 /* QuartzCore.framework */,
			);
			name = "Other Frameworks";
			sourceTree = "<group>";
		};
		19C28FACFE9D520D11CA2CBB /* Products */ = {
			isa = PBXGroup;
			children = (
				8D1107320486CEB800E47090 /* Notebook.app */,
			);
			name = Products;
			sourceTree = "<group>";
		};
		29B97314FDCFA39411CA2CEA /* Notebook */ = {
			isa = PBXGroup;
			children = (
				080E96DDFE201D6D7F000001 /* Classes */,
				29B97315FDCFA39411CA2CEA /* Other Sources */,
				29B97317FDCFA39411CA2CEA /* Resources */,
				29B97323FDCFA39411CA2CEA /* Frameworks */,
				19C28FACFE9D520D11CA2CBB /* Products */,
			);
			name = Notebook;
			sourceTree = "<group>";
		};
		29B97315FDCFA39411CA2CEA /* Other Sources */ = {
			isa = PBXGroup;
			children = (
				256AC3F00F4B6AF500CF3369 /* Notebook_Prefix.pch */,
				29B97316FDCFA39411CA2CEA /* main.m */,
			);
			name = "Other Sources";
			sourceTree = "<group>";
		};
		29B97317FDCFA39411CA2CEA /* Resources */ = {
			isa = PBXGroup;
			children = (
				8D1107310486CEB800E47090 /* Notebook-Info.plist */,
				089C165CFE840E0CC02AAC07 /* InfoPlist.strings */,
				1DDD58140DA1D0A300B32029 /* MainMenu.xib */,
			);
			name = Resources;
			sourceTree = "<group>";
		};
		29B97323FDCFA39411CA2CEA /* Frameworks */ = {
			isa = PBXGroup;
			children = (
				1058C7A0FEA54F0111CA2CBB /* Linked Frameworks */,
				1058C7A2FEA54F0111CA2CBB /* Other Frameworks */,
			);
			name = Frameworks;
			sourceTree = "<group>";
		};
		3555D3321296137200FBC06F /* Notebook Cell */ = {
			isa = PBXGroup;
			children = (
				358E2B681294CB8E009A2D95 /* NBCell.h */,
				358E2B691294CB8E009A2D95 /* NBCell.m */,
				358E2B361294BAC4009A2D95 /* NBCellView.h */,
				358E2B371294BAC4009A2D95 /* NBCellView.m */,
				3555D5F61296520000FBC06F /* NBCellViewDelegate.h */,
			);
			name = "Notebook Cell";
			sourceTree = "<group>";
		};
		3555D3331296137E00FBC06F /* Notebook */ = {
			isa = PBXGroup;
			children = (
				3555D61F129654EB00FBC06F /* NBNotebookViewDelegate.h */,
				358E2B5D1294BF58009A2D95 /* NBNotebookView.h */,
				358E2B5E1294BF58009A2D95 /* NBNotebookView.m */,
				358E2B601294BF63009A2D95 /* NBNotebook.h */,
				358E2B611294BF63009A2D95 /* NBNotebook.m */,
				358E2B631294BF6C009A2D95 /* NBNotebookViewController.h */,
				358E2B641294BF6C009A2D95 /* NBNotebookViewController.m */,
			);
			name = Notebook;
			sourceTree = "<group>";
		};
		3555D3341296138A00FBC06F /* Engines */ = {
			isa = PBXGroup;
			children = (
				3555D336129613B900FBC06F /* Python */,
				3555D337129613D400FBC06F /* NBEngine.h */,
				3555D4AF1296440B00FBC06F /* NBEngine.m */,
			);
			name = Engines;
			sourceTree = "<group>";
		};
		3555D3351296139B00FBC06F /* Source View */ = {
			isa = PBXGroup;
			children = (
				3555D5CB12964DA900FBC06F /* NBSourceViewDelegate.h */,
				353E2AE71295C6E3001A40B6 /* NBSourceView.h */,
				353E2AE81295C6E3001A40B6 /* NBSourceView.m */,
			);
			name = "Source View";
			sourceTree = "<group>";
		};
		3555D336129613B900FBC06F /* Python */ = {
			isa = PBXGroup;
			children = (
				3555D32E1296132300FBC06F /* NBPythonEngine.h */,
				3555D32F1296132300FBC06F /* NBPythonEngine.m */,
			);
			name = Python;
			sourceTree = "<group>";
		};
/* End PBXGroup section */

/* Begin PBXNativeTarget section */
		8D1107260486CEB800E47090 /* Notebook */ = {
			isa = PBXNativeTarget;
			buildConfigurationList = C01FCF4A08A954540054247B /* Build configuration list for PBXNativeTarget "Notebook" */;
			buildPhases = (
				8D1107290486CEB800E47090 /* Resources */,
				8D11072C0486CEB800E47090 /* Sources */,
				8D11072E0486CEB800E47090 /* Frameworks */,
			);
			buildRules = (
			);
			dependencies = (
			);
			name = Notebook;
			productInstallPath = "$(HOME)/Applications";
			productName = Notebook;
			productReference = 8D1107320486CEB800E47090 /* Notebook.app */;
			productType = "com.apple.product-type.application";
		};
/* End PBXNativeTarget section */

/* Begin PBXProject section */
		29B97313FDCFA39411CA2CEA /* Project object */ = {
			isa = PBXProject;
			buildConfigurationList = C01FCF4E08A954540054247B /* Build configuration list for PBXProject "Notebook" */;
			compatibilityVersion = "Xcode 3.1";
			developmentRegion = English;
			hasScannedForEncodings = 1;
			knownRegions = (
				English,
				Japanese,
				French,
				German,
			);
			mainGroup = 29B97314FDCFA39411CA2CEA /* Notebook */;
			projectDirPath = "";
			projectRoot = "";
			targets = (
				8D1107260486CEB800E47090 /* Notebook */,
			);
		};
/* End PBXProject section */

/* Begin PBXResourcesBuildPhase section */
		8D1107290486CEB800E47090 /* Resources */ = {
			isa = PBXResourcesBuildPhase;
			buildActionMask = 2147483647;
			files = (
				8D11072B0486CEB800E47090 /* InfoPlist.strings in Resources */,
				1DDD58160DA1D0A300B32029 /* MainMenu.xib in Resources */,
			);
			runOnlyForDeploymentPostprocessing = 0;
		};
/* End PBXResourcesBuildPhase section */

/* Begin PBXSourcesBuildPhase section */
		8D11072C0486CEB800E47090 /* Sources */ = {
			isa = PBXSourcesBuildPhase;
			buildActionMask = 2147483647;
			files = (
				8D11072D0486CEB800E47090 /* main.m in Sources */,
				256AC3DA0F4B6AC300CF3369 /* NotebookAppDelegate.m in Sources */,
				358E2B381294BAC4009A2D95 /* NBCellView.m in Sources */,
				358E2B5F1294BF58009A2D95 /* NBNotebookView.m in Sources */,
				358E2B621294BF63009A2D95 /* NBNotebook.m in Sources */,
				358E2B651294BF6C009A2D95 /* NBNotebookViewController.m in Sources */,
				358E2B6A1294CB8E009A2D95 /* NBCell.m in Sources */,
				353E2AE91295C6E3001A40B6 /* NBSourceView.m in Sources */,
				3555D3301296132300FBC06F /* NBPythonEngine.m in Sources */,
				3555D4B01296440B00FBC06F /* NBEngine.m in Sources */,
			);
			runOnlyForDeploymentPostprocessing = 0;
		};
/* End PBXSourcesBuildPhase section */

/* Begin PBXVariantGroup section */
		089C165CFE840E0CC02AAC07 /* InfoPlist.strings */ = {
			isa = PBXVariantGroup;
			children = (
				089C165DFE840E0CC02AAC07 /* English */,
			);
			name = InfoPlist.strings;
			sourceTree = "<group>";
		};
		1DDD58140DA1D0A300B32029 /* MainMenu.xib */ = {
			isa = PBXVariantGroup;
			children = (
				1DDD58150DA1D0A300B32029 /* English */,
			);
			name = MainMenu.xib;
			sourceTree = "<group>";
		};
/* End PBXVariantGroup section */

/* Begin XCBuildConfiguration section */
		C01FCF4B08A954540054247B /* Debug */ = {
			isa = XCBuildConfiguration;
			buildSettings = {
				ALWAYS_SEARCH_USER_PATHS = NO;
				COPY_PHASE_STRIP = NO;
				GCC_DYNAMIC_NO_PIC = NO;
				GCC_ENABLE_FIX_AND_CONTINUE = YES;
				GCC_MODEL_TUNING = G5;
				GCC_OPTIMIZATION_LEVEL = 0;
				GCC_PRECOMPILE_PREFIX_HEADER = YES;
				GCC_PREFIX_HEADER = Notebook_Prefix.pch;
				INFOPLIST_FILE = "Notebook-Info.plist";
				INSTALL_PATH = "$(HOME)/Applications";
				PRODUCT_NAME = Notebook;
			};
			name = Debug;
		};
		C01FCF4C08A954540054247B /* Release */ = {
			isa = XCBuildConfiguration;
			buildSettings = {
				ALWAYS_SEARCH_USER_PATHS = NO;
				DEBUG_INFORMATION_FORMAT = "dwarf-with-dsym";
				GCC_MODEL_TUNING = G5;
				GCC_PRECOMPILE_PREFIX_HEADER = YES;
				GCC_PREFIX_HEADER = Notebook_Prefix.pch;
				INFOPLIST_FILE = "Notebook-Info.plist";
				INSTALL_PATH = "$(HOME)/Applications";
				PRODUCT_NAME = Notebook;
			};
			name = Release;
		};
		C01FCF4F08A954540054247B /* Debug */ = {
			isa = XCBuildConfiguration;
			buildSettings = {
				ARCHS = "$(ARCHS_STANDARD_32_64_BIT)";
				GCC_C_LANGUAGE_STANDARD = gnu99;
				GCC_ENABLE_OBJC_GC = required;
				GCC_OPTIMIZATION_LEVEL = 0;
				GCC_WARN_ABOUT_RETURN_TYPE = YES;
				GCC_WARN_UNUSED_VARIABLE = YES;
				ONLY_ACTIVE_ARCH = YES;
				PREBINDING = NO;
				SDKROOT = macosx10.6;
			};
			name = Debug;
		};
		C01FCF5008A954540054247B /* Release */ = {
			isa = XCBuildConfiguration;
			buildSettings = {
				ARCHS = "$(ARCHS_STANDARD_32_64_BIT)";
				GCC_C_LANGUAGE_STANDARD = gnu99;
				GCC_WARN_ABOUT_RETURN_TYPE = YES;
				GCC_WARN_UNUSED_VARIABLE = YES;
				PREBINDING = NO;
				SDKROOT = macosx10.6;
			};
			name = Release;
		};
/* End XCBuildConfiguration section */

/* Begin XCConfigurationList section */
		C01FCF4A08A954540054247B /* Build configuration list for PBXNativeTarget "Notebook" */ = {
			isa = XCConfigurationList;
			buildConfigurations = (
				C01FCF4B08A954540054247B /* Debug */,
				C01FCF4C08A954540054247B /* Release */,
			);
			defaultConfigurationIsVisible = 0;
			defaultConfigurationName = Release;
		};
		C01FCF4E08A954540054247B /* Build configuration list for PBXProject "Notebook" */ = {
			isa = XCConfigurationList;
			buildConfigurations = (
				C01FCF4F08A954540054247B /* Debug */,
				C01FCF5008A954540054247B /* Release */,
			);
			defaultConfigurationIsVisible = 0;
			defaultConfigurationName = Release;
		};
/* End XCConfigurationList section */
	};
	rootObject = 29B97313FDCFA39411CA2CEA /* Project object */;
}
