// !$*UTF8*$!
{
	archiveVersion = 1;
	classes = {
	};
	objectVersion = 45;
	objects = {

/* Begin PBXBuildFile section */
		354087E512E3010A00C4D39E /* NBEnginePythonDocument.m in Sources */ = {isa = PBXBuildFile; fileRef = 354087E412E3010A00C4D39E /* NBEnginePythonDocument.m */; };
		356CBAD112DB238800E07E46 /* NBEnginePython.m in Sources */ = {isa = PBXBuildFile; fileRef = 356CBACA12DB238800E07E46 /* NBEnginePython.m */; };
		356CBAD212DB238800E07E46 /* NBEnginePythonBackend.m in Sources */ = {isa = PBXBuildFile; fileRef = 356CBACC12DB238800E07E46 /* NBEnginePythonBackend.m */; };
		356CBAD312DB238800E07E46 /* NBEnginePythonEncoder.m in Sources */ = {isa = PBXBuildFile; fileRef = 356CBACE12DB238800E07E46 /* NBEnginePythonEncoder.m */; };
		356CBAD412DB238800E07E46 /* NBEnginePythonHighlighter.m in Sources */ = {isa = PBXBuildFile; fileRef = 356CBAD012DB238800E07E46 /* NBEnginePythonHighlighter.m */; };
		356CBAD812DB239000E07E46 /* python.png in Resources */ = {isa = PBXBuildFile; fileRef = 356CBAD612DB239000E07E46 /* python.png */; };
		356CBAE112DB23C300E07E46 /* Python.framework in Frameworks */ = {isa = PBXBuildFile; fileRef = 356CBAE012DB23C300E07E46 /* Python.framework */; };
		356CBB5712DB271000E07E46 /* RegexKit.framework in Frameworks */ = {isa = PBXBuildFile; fileRef = 356CBB5612DB271000E07E46 /* RegexKit.framework */; };
		3571109312FA13CA00D87931 /* NBEnginePythonTypes.m in Sources */ = {isa = PBXBuildFile; fileRef = 3571109212FA13CA00D87931 /* NBEnginePythonTypes.m */; };
		35BE1B201343EFA300F4DC95 /* NBCore.framework in Frameworks */ = {isa = PBXBuildFile; fileRef = 35BE1B1F1343EFA300F4DC95 /* NBCore.framework */; };
		35BE1B261343EFF400F4DC95 /* NBApplication.framework in Frameworks */ = {isa = PBXBuildFile; fileRef = 35BE1B251343EFF400F4DC95 /* NBApplication.framework */; };
		8D5B49B4048680CD000E48DA /* Cocoa.framework in Frameworks */ = {isa = PBXBuildFile; fileRef = 1058C7ADFEA557BF11CA2CBB /* Cocoa.framework */; };
/* End PBXBuildFile section */

/* Begin PBXFileReference section */
		089C1672FE841209C02AAC07 /* Foundation.framework */ = {isa = PBXFileReference; lastKnownFileType = wrapper.framework; name = Foundation.framework; path = /System/Library/Frameworks/Foundation.framework; sourceTree = "<absolute>"; };
		089C167FFE841241C02AAC07 /* AppKit.framework */ = {isa = PBXFileReference; lastKnownFileType = wrapper.framework; name = AppKit.framework; path = /System/Library/Frameworks/AppKit.framework; sourceTree = "<absolute>"; };
		1058C7ADFEA557BF11CA2CBB /* Cocoa.framework */ = {isa = PBXFileReference; lastKnownFileType = wrapper.framework; name = Cocoa.framework; path = /System/Library/Frameworks/Cocoa.framework; sourceTree = "<absolute>"; };
		354087E312E3010A00C4D39E /* NBEnginePythonDocument.h */ = {isa = PBXFileReference; fileEncoding = 4; lastKnownFileType = sourcecode.c.h; name = NBEnginePythonDocument.h; path = Python/NBEnginePythonDocument.h; sourceTree = "<group>"; };
		354087E412E3010A00C4D39E /* NBEnginePythonDocument.m */ = {isa = PBXFileReference; fileEncoding = 4; lastKnownFileType = sourcecode.c.objc; name = NBEnginePythonDocument.m; path = Python/NBEnginePythonDocument.m; sourceTree = "<group>"; };
		356CBAC912DB238800E07E46 /* NBEnginePython.h */ = {isa = PBXFileReference; fileEncoding = 4; lastKnownFileType = sourcecode.c.h; name = NBEnginePython.h; path = Python/NBEnginePython.h; sourceTree = "<group>"; };
		356CBACA12DB238800E07E46 /* NBEnginePython.m */ = {isa = PBXFileReference; fileEncoding = 4; lastKnownFileType = sourcecode.c.objc; name = NBEnginePython.m; path = Python/NBEnginePython.m; sourceTree = "<group>"; };
		356CBACB12DB238800E07E46 /* NBEnginePythonBackend.h */ = {isa = PBXFileReference; fileEncoding = 4; lastKnownFileType = sourcecode.c.h; name = NBEnginePythonBackend.h; path = Python/NBEnginePythonBackend.h; sourceTree = "<group>"; };
		356CBACC12DB238800E07E46 /* NBEnginePythonBackend.m */ = {isa = PBXFileReference; fileEncoding = 4; lastKnownFileType = sourcecode.c.objc; name = NBEnginePythonBackend.m; path = Python/NBEnginePythonBackend.m; sourceTree = "<group>"; };
		356CBACD12DB238800E07E46 /* NBEnginePythonEncoder.h */ = {isa = PBXFileReference; fileEncoding = 4; lastKnownFileType = sourcecode.c.h; name = NBEnginePythonEncoder.h; path = Python/NBEnginePythonEncoder.h; sourceTree = "<group>"; };
		356CBACE12DB238800E07E46 /* NBEnginePythonEncoder.m */ = {isa = PBXFileReference; fileEncoding = 4; lastKnownFileType = sourcecode.c.objc; name = NBEnginePythonEncoder.m; path = Python/NBEnginePythonEncoder.m; sourceTree = "<group>"; };
		356CBACF12DB238800E07E46 /* NBEnginePythonHighlighter.h */ = {isa = PBXFileReference; fileEncoding = 4; lastKnownFileType = sourcecode.c.h; name = NBEnginePythonHighlighter.h; path = Python/NBEnginePythonHighlighter.h; sourceTree = "<group>"; };
		356CBAD012DB238800E07E46 /* NBEnginePythonHighlighter.m */ = {isa = PBXFileReference; fileEncoding = 4; lastKnownFileType = sourcecode.c.objc; name = NBEnginePythonHighlighter.m; path = Python/NBEnginePythonHighlighter.m; sourceTree = "<group>"; };
		356CBAD512DB239000E07E46 /* Info.plist */ = {isa = PBXFileReference; fileEncoding = 4; lastKnownFileType = text.plist.xml; name = Info.plist; path = Python/Info.plist; sourceTree = "<group>"; };
		356CBAD612DB239000E07E46 /* python.png */ = {isa = PBXFileReference; lastKnownFileType = image.png; name = python.png; path = Python/python.png; sourceTree = "<group>"; };
		356CBAE012DB23C300E07E46 /* Python.framework */ = {isa = PBXFileReference; lastKnownFileType = wrapper.framework; name = Python.framework; path = System/Library/Frameworks/Python.framework; sourceTree = SDKROOT; };
		356CBB5612DB271000E07E46 /* RegexKit.framework */ = {isa = PBXFileReference; lastKnownFileType = wrapper.framework; name = RegexKit.framework; path = ../../External/RegexKit.framework; sourceTree = SOURCE_ROOT; };
		3571109112FA13CA00D87931 /* NBEnginePythonTypes.h */ = {isa = PBXFileReference; fileEncoding = 4; lastKnownFileType = sourcecode.c.h; name = NBEnginePythonTypes.h; path = Python/NBEnginePythonTypes.h; sourceTree = "<group>"; };
		3571109212FA13CA00D87931 /* NBEnginePythonTypes.m */ = {isa = PBXFileReference; fileEncoding = 4; lastKnownFileType = sourcecode.c.objc; name = NBEnginePythonTypes.m; path = Python/NBEnginePythonTypes.m; sourceTree = "<group>"; };
		35BE1B1F1343EFA300F4DC95 /* NBCore.framework */ = {isa = PBXFileReference; explicitFileType = wrapper.framework; path = NBCore.framework; sourceTree = BUILT_PRODUCTS_DIR; };
		35BE1B251343EFF400F4DC95 /* NBApplication.framework */ = {isa = PBXFileReference; explicitFileType = wrapper.framework; path = NBApplication.framework; sourceTree = BUILT_PRODUCTS_DIR; };
		8D5B49B6048680CD000E48DA /* NBPython.bundle */ = {isa = PBXFileReference; explicitFileType = wrapper.cfbundle; includeInIndex = 0; path = NBPython.bundle; sourceTree = BUILT_PRODUCTS_DIR; };
		D2F7E65807B2D6F200F64583 /* CoreData.framework */ = {isa = PBXFileReference; lastKnownFileType = wrapper.framework; name = CoreData.framework; path = /System/Library/Frameworks/CoreData.framework; sourceTree = "<absolute>"; };
/* End PBXFileReference section */

/* Begin PBXFrameworksBuildPhase section */
		8D5B49B3048680CD000E48DA /* Frameworks */ = {
			isa = PBXFrameworksBuildPhase;
			buildActionMask = 2147483647;
			files = (
				35BE1B261343EFF400F4DC95 /* NBApplication.framework in Frameworks */,
				35BE1B201343EFA300F4DC95 /* NBCore.framework in Frameworks */,
				8D5B49B4048680CD000E48DA /* Cocoa.framework in Frameworks */,
				356CBAE112DB23C300E07E46 /* Python.framework in Frameworks */,
				356CBB5712DB271000E07E46 /* RegexKit.framework in Frameworks */,
			);
			runOnlyForDeploymentPostprocessing = 0;
		};
/* End PBXFrameworksBuildPhase section */

/* Begin PBXGroup section */
		089C166AFE841209C02AAC07 /* NBPython */ = {
			isa = PBXGroup;
			children = (
				08FB77AFFE84173DC02AAC07 /* Classes */,
				089C167CFE841241C02AAC07 /* Resources */,
				089C1671FE841209C02AAC07 /* Frameworks */,
				19C28FB8FE9D52D311CA2CBB /* Products */,
			);
			name = NBPython;
			sourceTree = "<group>";
		};
		089C1671FE841209C02AAC07 /* Frameworks */ = {
			isa = PBXGroup;
			children = (
				35BE1B251343EFF400F4DC95 /* NBApplication.framework */,
				35BE1B1F1343EFA300F4DC95 /* NBCore.framework */,
				1058C7ACFEA557BF11CA2CBB /* Linked Frameworks */,
				1058C7AEFEA557BF11CA2CBB /* Other Frameworks */,
			);
			name = Frameworks;
			sourceTree = "<group>";
		};
		089C167CFE841241C02AAC07 /* Resources */ = {
			isa = PBXGroup;
			children = (
				356CBAD512DB239000E07E46 /* Info.plist */,
				356CBAD612DB239000E07E46 /* python.png */,
			);
			name = Resources;
			sourceTree = "<group>";
		};
		08FB77AFFE84173DC02AAC07 /* Classes */ = {
			isa = PBXGroup;
			children = (
				356CBAC912DB238800E07E46 /* NBEnginePython.h */,
				356CBACA12DB238800E07E46 /* NBEnginePython.m */,
				356CBACB12DB238800E07E46 /* NBEnginePythonBackend.h */,
				356CBACC12DB238800E07E46 /* NBEnginePythonBackend.m */,
				354087E312E3010A00C4D39E /* NBEnginePythonDocument.h */,
				354087E412E3010A00C4D39E /* NBEnginePythonDocument.m */,
				356CBACD12DB238800E07E46 /* NBEnginePythonEncoder.h */,
				356CBACE12DB238800E07E46 /* NBEnginePythonEncoder.m */,
				356CBACF12DB238800E07E46 /* NBEnginePythonHighlighter.h */,
				356CBAD012DB238800E07E46 /* NBEnginePythonHighlighter.m */,
				3571109112FA13CA00D87931 /* NBEnginePythonTypes.h */,
				3571109212FA13CA00D87931 /* NBEnginePythonTypes.m */,
			);
			name = Classes;
			sourceTree = "<group>";
		};
		1058C7ACFEA557BF11CA2CBB /* Linked Frameworks */ = {
			isa = PBXGroup;
			children = (
				356CBB5612DB271000E07E46 /* RegexKit.framework */,
				1058C7ADFEA557BF11CA2CBB /* Cocoa.framework */,
				356CBAE012DB23C300E07E46 /* Python.framework */,
			);
			name = "Linked Frameworks";
			sourceTree = "<group>";
		};
		1058C7AEFEA557BF11CA2CBB /* Other Frameworks */ = {
			isa = PBXGroup;
			children = (
				089C167FFE841241C02AAC07 /* AppKit.framework */,
				D2F7E65807B2D6F200F64583 /* CoreData.framework */,
				089C1672FE841209C02AAC07 /* Foundation.framework */,
			);
			name = "Other Frameworks";
			sourceTree = "<group>";
		};
		19C28FB8FE9D52D311CA2CBB /* Products */ = {
			isa = PBXGroup;
			children = (
				8D5B49B6048680CD000E48DA /* NBPython.bundle */,
			);
			name = Products;
			sourceTree = "<group>";
		};
/* End PBXGroup section */

/* Begin PBXNativeTarget section */
		8D5B49AC048680CD000E48DA /* NBPython */ = {
			isa = PBXNativeTarget;
			buildConfigurationList = 1DEB913A08733D840010E9CD /* Build configuration list for PBXNativeTarget "NBPython" */;
			buildPhases = (
				8D5B49AF048680CD000E48DA /* Resources */,
				8D5B49B1048680CD000E48DA /* Sources */,
				8D5B49B3048680CD000E48DA /* Frameworks */,
			);
			buildRules = (
			);
			dependencies = (
			);
			name = NBPython;
			productInstallPath = "$(HOME)/Library/Bundles";
			productName = NBPython;
			productReference = 8D5B49B6048680CD000E48DA /* NBPython.bundle */;
			productType = "com.apple.product-type.bundle";
		};
/* End PBXNativeTarget section */

/* Begin PBXProject section */
		089C1669FE841209C02AAC07 /* Project object */ = {
			isa = PBXProject;
			buildConfigurationList = 1DEB913E08733D840010E9CD /* Build configuration list for PBXProject "NBPython" */;
			compatibilityVersion = "Xcode 3.1";
			developmentRegion = English;
			hasScannedForEncodings = 1;
			knownRegions = (
				English,
				Japanese,
				French,
				German,
			);
			mainGroup = 089C166AFE841209C02AAC07 /* NBPython */;
			projectDirPath = "";
			projectRoot = "";
			targets = (
				8D5B49AC048680CD000E48DA /* NBPython */,
			);
		};
/* End PBXProject section */

/* Begin PBXResourcesBuildPhase section */
		8D5B49AF048680CD000E48DA /* Resources */ = {
			isa = PBXResourcesBuildPhase;
			buildActionMask = 2147483647;
			files = (
				356CBAD812DB239000E07E46 /* python.png in Resources */,
			);
			runOnlyForDeploymentPostprocessing = 0;
		};
/* End PBXResourcesBuildPhase section */

/* Begin PBXSourcesBuildPhase section */
		8D5B49B1048680CD000E48DA /* Sources */ = {
			isa = PBXSourcesBuildPhase;
			buildActionMask = 2147483647;
			files = (
				356CBAD112DB238800E07E46 /* NBEnginePython.m in Sources */,
				356CBAD212DB238800E07E46 /* NBEnginePythonBackend.m in Sources */,
				356CBAD312DB238800E07E46 /* NBEnginePythonEncoder.m in Sources */,
				356CBAD412DB238800E07E46 /* NBEnginePythonHighlighter.m in Sources */,
				354087E512E3010A00C4D39E /* NBEnginePythonDocument.m in Sources */,
				3571109312FA13CA00D87931 /* NBEnginePythonTypes.m in Sources */,
			);
			runOnlyForDeploymentPostprocessing = 0;
		};
/* End PBXSourcesBuildPhase section */

/* Begin XCBuildConfiguration section */
		1DEB913B08733D840010E9CD /* Debug */ = {
			isa = XCBuildConfiguration;
			buildSettings = {
				ALWAYS_SEARCH_USER_PATHS = NO;
				COPY_PHASE_STRIP = NO;
				FRAMEWORK_SEARCH_PATHS = (
					"$(inherited)",
					"\"$(SRCROOT)/../../External\"",
				);
				GCC_DYNAMIC_NO_PIC = NO;
				GCC_ENABLE_FIX_AND_CONTINUE = YES;
				GCC_MODEL_TUNING = G5;
				GCC_OPTIMIZATION_LEVEL = 0;
				GCC_PRECOMPILE_PREFIX_HEADER = YES;
				GCC_PREFIX_HEADER = "";
				GCC_VERSION = com.apple.compilers.llvm.clang.1_0;
				INFOPLIST_FILE = Python/Info.plist;
				INSTALL_PATH = "$(HOME)/Library/Bundles";
				PRODUCT_NAME = NBPython;
				SDKROOT = macosx;
				WRAPPER_EXTENSION = bundle;
			};
			name = Debug;
		};
		1DEB913C08733D840010E9CD /* Release */ = {
			isa = XCBuildConfiguration;
			buildSettings = {
				ALWAYS_SEARCH_USER_PATHS = NO;
				DEBUG_INFORMATION_FORMAT = "dwarf-with-dsym";
				FRAMEWORK_SEARCH_PATHS = (
					"$(inherited)",
					"\"$(SRCROOT)/../../External\"",
				);
				GCC_MODEL_TUNING = G5;
				GCC_PRECOMPILE_PREFIX_HEADER = YES;
				GCC_PREFIX_HEADER = "";
				GCC_VERSION = com.apple.compilers.llvm.clang.1_0;
				INFOPLIST_FILE = Python/Info.plist;
				INSTALL_PATH = "$(HOME)/Library/Bundles";
				PRODUCT_NAME = NBPython;
				SDKROOT = macosx;
				WRAPPER_EXTENSION = bundle;
			};
			name = Release;
		};
		1DEB913F08733D840010E9CD /* Debug */ = {
			isa = XCBuildConfiguration;
			buildSettings = {
				ARCHS = "$(ARCHS_STANDARD_32_64_BIT)";
				GCC_C_LANGUAGE_STANDARD = gnu99;
				GCC_ENABLE_OBJC_GC = required;
				GCC_OPTIMIZATION_LEVEL = 0;
				GCC_VERSION = com.apple.compilers.llvm.clang.1_0;
				GCC_WARN_ABOUT_RETURN_TYPE = YES;
				GCC_WARN_UNUSED_VARIABLE = YES;
				ONLY_ACTIVE_ARCH = YES;
				PREBINDING = NO;
				SDKROOT = macosx10.6;
				SYMROOT = ../../Build;
			};
			name = Debug;
		};
		1DEB914008733D840010E9CD /* Release */ = {
			isa = XCBuildConfiguration;
			buildSettings = {
				ARCHS = "$(ARCHS_STANDARD_32_64_BIT)";
				GCC_C_LANGUAGE_STANDARD = gnu99;
				GCC_ENABLE_OBJC_GC = required;
				GCC_VERSION = com.apple.compilers.llvm.clang.1_0;
				GCC_WARN_ABOUT_RETURN_TYPE = YES;
				GCC_WARN_UNUSED_VARIABLE = YES;
				PREBINDING = NO;
				SDKROOT = macosx10.6;
				SYMROOT = ../../Build;
			};
			name = Release;
		};
/* End XCBuildConfiguration section */

/* Begin XCConfigurationList section */
		1DEB913A08733D840010E9CD /* Build configuration list for PBXNativeTarget "NBPython" */ = {
			isa = XCConfigurationList;
			buildConfigurations = (
				1DEB913B08733D840010E9CD /* Debug */,
				1DEB913C08733D840010E9CD /* Release */,
			);
			defaultConfigurationIsVisible = 0;
			defaultConfigurationName = Release;
		};
		1DEB913E08733D840010E9CD /* Build configuration list for PBXProject "NBPython" */ = {
			isa = XCConfigurationList;
			buildConfigurations = (
				1DEB913F08733D840010E9CD /* Debug */,
				1DEB914008733D840010E9CD /* Release */,
			);
			defaultConfigurationIsVisible = 0;
			defaultConfigurationName = Release;
		};
/* End XCConfigurationList section */
	};
	rootObject = 089C1669FE841209C02AAC07 /* Project object */;
}
